
Microsoft Visual Studio Solution File, Format Version 11.00
# Visual Studio 2010
Project("{2150E333-8FDC-42A3-9474-1A3956D46DE8}") = "Documentation", "Documentation", "{0A43ECC4-03F4-4216-9FE0-1BFAF8E0393A}"
	ProjectSection(SolutionItems) = preProject
		Chunker.pdf = Chunker.pdf
	EndProjectSection
EndProject
Project("{FAE04EC0-301F-11D3-BF4B-00C04F79EFBC}") = "Chunker", "Chunker.csproj", "{25AB131F-765E-44FC-BAAE-9318D24B27F2}"
EndProject
Global
	GlobalSection(SolutionConfigurationPlatforms) = preSolution
		Debug|Any CPU = Debug|Any CPU
		Release|Any CPU = Release|Any CPU
	EndGlobalSection
	GlobalSection(ProjectConfigurationPlatforms) = postSolution
		{25AB131F-765E-44FC-BAAE-9318D24B27F2}.Debug|Any CPU.ActiveCfg = Debug|Any CPU
		{25AB131F-765E-44FC-BAAE-9318D24B27F2}.Debug|Any CPU.Build.0 = Debug|Any CPU
		{25AB131F-765E-44FC-BAAE-9318D24B27F2}.Release|Any CPU.ActiveCfg = Release|Any CPU
		{25AB131F-765E-44FC-BAAE-9318D24B27F2}.Release|Any CPU.Build.0 = Release|Any CPU
	EndGlobalSection
	GlobalSection(SolutionProperties) = preSolution
		HideSolutionNode = FALSE
	EndGlobalSection
EndGlobal
