
Microsoft Visual Studio Solution File, Format Version 11.00
# Visual Studio 2010
Project("{2150E333-8FDC-42A3-9474-1A3956D46DE8}") = "Documentation", "Documentation", "{F320AE5E-8F07-4925-8647-D7B8E604FE0E}"
	ProjectSection(SolutionItems) = preProject
		InterfaceContracts.pdf = InterfaceContracts.pdf
	EndProjectSection
EndProject
Project("{FAE04EC0-301F-11D3-BF4B-00C04F79EFBC}") = "InterfaceContracts", "InterfaceContracts.csproj", "{567BB20D-8132-42DC-B445-696AB3104965}"
EndProject
Global
	GlobalSection(SolutionConfigurationPlatforms) = preSolution
		Debug|Any CPU = Debug|Any CPU
		Release|Any CPU = Release|Any CPU
	EndGlobalSection
	GlobalSection(ProjectConfigurationPlatforms) = postSolution
		{567BB20D-8132-42DC-B445-696AB3104965}.Debug|Any CPU.ActiveCfg = Debug|Any CPU
		{567BB20D-8132-42DC-B445-696AB3104965}.Debug|Any CPU.Build.0 = Debug|Any CPU
		{567BB20D-8132-42DC-B445-696AB3104965}.Release|Any CPU.ActiveCfg = Release|Any CPU
		{567BB20D-8132-42DC-B445-696AB3104965}.Release|Any CPU.Build.0 = Release|Any CPU
	EndGlobalSection
	GlobalSection(SolutionProperties) = preSolution
		HideSolutionNode = FALSE
	EndGlobalSection
EndGlobal
