
Microsoft Visual Studio Solution File, Format Version 12.00
# Visual Studio 2012
Project("{FAE04EC0-301F-11D3-BF4B-00C04F79EFBC}") = "CCingest", "Microsoft.Research\ContractReference\CCIngest\CCingest.csproj", "{C34FBE1E-3A83-4AB9-A15A-1AEF90B2C360}"
EndProject
Project("{FAE04EC0-301F-11D3-BF4B-00C04F79EFBC}") = "CRA.Storage", "Microsoft.Research\ContractReference\CRA.Storage\CRA.Storage.csproj", "{ABF533E6-0737-4BA2-8EB9-D7E049DF9E1F}"
EndProject
Project("{FAE04EC0-301F-11D3-BF4B-00C04F79EFBC}") = "CRA.Storage.Local", "Microsoft.Research\ContractReference\CRA.Storage.Local\CRA.Storage.Local.csproj", "{A262DBAC-40CF-4907-B133-5FCEBC59D899}"
EndProject
Project("{FAE04EC0-301F-11D3-BF4B-00C04F79EFBC}") = "DataStructures10", "Microsoft.Research\DataStructures\DataStructures10.csproj", "{35D2EF6D-DDB0-481B-A21D-9BD2634F503A}"
EndProject
Project("{FAE04EC0-301F-11D3-BF4B-00C04F79EFBC}") = "CRA.CCIHelper", "Microsoft.Research\ContractReference\CCR.CCIHelper\CRA.CCIHelper.csproj", "{11968454-EA63-40A9-A9CF-BE8322384FF0}"
EndProject
Project("{FAE04EC0-301F-11D3-BF4B-00C04F79EFBC}") = "MvcWikiSpecs", "Microsoft.Research\ContractReference\MvcWikiSpecs\MvcWikiSpecs.csproj", "{D95A6B1A-E402-47FB-A091-24349E96BC83}"
EndProject
Project("{FAE04EC0-301F-11D3-BF4B-00C04F79EFBC}") = "Microsoft.Revisions", "Microsoft.Research\Microsoft.Revisions\Microsoft.Revisions.csproj", "{6ADC27DB-36D9-41DD-9B49-0311FB8A9B3E}"
EndProject
Project("{FAE04EC0-301F-11D3-BF4B-00C04F79EFBC}") = "ContractCompiler", "Microsoft.Research\ContractReference\ContractCompiler\ContractCompiler.csproj", "{C0FF1139-D9E2-4B35-A23F-ACA59F3E0B9F}"
EndProject
Global
	GlobalSection(SolutionConfigurationPlatforms) = preSolution
		Academic9|Any CPU = Academic9|Any CPU
		Academic9|Mixed Platforms = Academic9|Mixed Platforms
		Academic9|x86 = Academic9|x86
		Debug|Any CPU = Debug|Any CPU
		Debug|Mixed Platforms = Debug|Mixed Platforms
		Debug|x86 = Debug|x86
		Debug64|Any CPU = Debug64|Any CPU
		Debug64|Mixed Platforms = Debug64|Mixed Platforms
		Debug64|x86 = Debug64|x86
		Devlab64|Any CPU = Devlab64|Any CPU
		Devlab64|Mixed Platforms = Devlab64|Mixed Platforms
		Devlab64|x86 = Devlab64|x86
		Devlab9|Any CPU = Devlab9|Any CPU
		Devlab9|Mixed Platforms = Devlab9|Mixed Platforms
		Devlab9|x86 = Devlab9|x86
		Devlab9ro|Any CPU = Devlab9ro|Any CPU
		Devlab9ro|Mixed Platforms = Devlab9ro|Mixed Platforms
		Devlab9ro|x86 = Devlab9ro|x86
		Internal64|Any CPU = Internal64|Any CPU
		Internal64|Mixed Platforms = Internal64|Mixed Platforms
		Internal64|x86 = Internal64|x86
		Internal9|Any CPU = Internal9|Any CPU
		Internal9|Mixed Platforms = Internal9|Mixed Platforms
		Internal9|x86 = Internal9|x86
		Release|Any CPU = Release|Any CPU
		Release|Mixed Platforms = Release|Mixed Platforms
		Release|x86 = Release|x86
	EndGlobalSection
	GlobalSection(ProjectConfigurationPlatforms) = postSolution
		{C34FBE1E-3A83-4AB9-A15A-1AEF90B2C360}.Academic9|Any CPU.ActiveCfg = Release|Any CPU
		{C34FBE1E-3A83-4AB9-A15A-1AEF90B2C360}.Academic9|Any CPU.Build.0 = Release|Any CPU
		{C34FBE1E-3A83-4AB9-A15A-1AEF90B2C360}.Academic9|Mixed Platforms.ActiveCfg = Debug|Any CPU
		{C34FBE1E-3A83-4AB9-A15A-1AEF90B2C360}.Academic9|Mixed Platforms.Build.0 = Debug|Any CPU
		{C34FBE1E-3A83-4AB9-A15A-1AEF90B2C360}.Academic9|x86.ActiveCfg = Debug|Any CPU
		{C34FBE1E-3A83-4AB9-A15A-1AEF90B2C360}.Debug|Any CPU.ActiveCfg = Debug|Any CPU
		{C34FBE1E-3A83-4AB9-A15A-1AEF90B2C360}.Debug|Any CPU.Build.0 = Debug|Any CPU
		{C34FBE1E-3A83-4AB9-A15A-1AEF90B2C360}.Debug|Mixed Platforms.ActiveCfg = Debug|Any CPU
		{C34FBE1E-3A83-4AB9-A15A-1AEF90B2C360}.Debug|Mixed Platforms.Build.0 = Debug|Any CPU
		{C34FBE1E-3A83-4AB9-A15A-1AEF90B2C360}.Debug|x86.ActiveCfg = Debug|Any CPU
		{C34FBE1E-3A83-4AB9-A15A-1AEF90B2C360}.Debug64|Any CPU.ActiveCfg = Debug|Any CPU
		{C34FBE1E-3A83-4AB9-A15A-1AEF90B2C360}.Debug64|Any CPU.Build.0 = Debug|Any CPU
		{C34FBE1E-3A83-4AB9-A15A-1AEF90B2C360}.Debug64|Mixed Platforms.ActiveCfg = Debug|Any CPU
		{C34FBE1E-3A83-4AB9-A15A-1AEF90B2C360}.Debug64|Mixed Platforms.Build.0 = Debug|Any CPU
		{C34FBE1E-3A83-4AB9-A15A-1AEF90B2C360}.Debug64|x86.ActiveCfg = Debug|Any CPU
		{C34FBE1E-3A83-4AB9-A15A-1AEF90B2C360}.Devlab64|Any CPU.ActiveCfg = Debug|Any CPU
		{C34FBE1E-3A83-4AB9-A15A-1AEF90B2C360}.Devlab64|Any CPU.Build.0 = Debug|Any CPU
		{C34FBE1E-3A83-4AB9-A15A-1AEF90B2C360}.Devlab64|Mixed Platforms.ActiveCfg = Debug|Any CPU
		{C34FBE1E-3A83-4AB9-A15A-1AEF90B2C360}.Devlab64|Mixed Platforms.Build.0 = Debug|Any CPU
		{C34FBE1E-3A83-4AB9-A15A-1AEF90B2C360}.Devlab64|x86.ActiveCfg = Debug|Any CPU
		{C34FBE1E-3A83-4AB9-A15A-1AEF90B2C360}.Devlab9|Any CPU.ActiveCfg = Debug|Any CPU
		{C34FBE1E-3A83-4AB9-A15A-1AEF90B2C360}.Devlab9|Any CPU.Build.0 = Debug|Any CPU
		{C34FBE1E-3A83-4AB9-A15A-1AEF90B2C360}.Devlab9|Mixed Platforms.ActiveCfg = Debug|Any CPU
		{C34FBE1E-3A83-4AB9-A15A-1AEF90B2C360}.Devlab9|Mixed Platforms.Build.0 = Debug|Any CPU
		{C34FBE1E-3A83-4AB9-A15A-1AEF90B2C360}.Devlab9|x86.ActiveCfg = Debug|Any CPU
		{C34FBE1E-3A83-4AB9-A15A-1AEF90B2C360}.Devlab9ro|Any CPU.ActiveCfg = Debug|Any CPU
		{C34FBE1E-3A83-4AB9-A15A-1AEF90B2C360}.Devlab9ro|Any CPU.Build.0 = Debug|Any CPU
		{C34FBE1E-3A83-4AB9-A15A-1AEF90B2C360}.Devlab9ro|Mixed Platforms.ActiveCfg = Debug|Any CPU
		{C34FBE1E-3A83-4AB9-A15A-1AEF90B2C360}.Devlab9ro|Mixed Platforms.Build.0 = Debug|Any CPU
		{C34FBE1E-3A83-4AB9-A15A-1AEF90B2C360}.Devlab9ro|x86.ActiveCfg = Debug|Any CPU
		{C34FBE1E-3A83-4AB9-A15A-1AEF90B2C360}.Internal64|Any CPU.ActiveCfg = Release|Any CPU
		{C34FBE1E-3A83-4AB9-A15A-1AEF90B2C360}.Internal64|Any CPU.Build.0 = Release|Any CPU
		{C34FBE1E-3A83-4AB9-A15A-1AEF90B2C360}.Internal64|Mixed Platforms.ActiveCfg = Debug|Any CPU
		{C34FBE1E-3A83-4AB9-A15A-1AEF90B2C360}.Internal64|Mixed Platforms.Build.0 = Debug|Any CPU
		{C34FBE1E-3A83-4AB9-A15A-1AEF90B2C360}.Internal64|x86.ActiveCfg = Debug|Any CPU
		{C34FBE1E-3A83-4AB9-A15A-1AEF90B2C360}.Internal9|Any CPU.ActiveCfg = Release|Any CPU
		{C34FBE1E-3A83-4AB9-A15A-1AEF90B2C360}.Internal9|Any CPU.Build.0 = Release|Any CPU
		{C34FBE1E-3A83-4AB9-A15A-1AEF90B2C360}.Internal9|Mixed Platforms.ActiveCfg = Debug|Any CPU
		{C34FBE1E-3A83-4AB9-A15A-1AEF90B2C360}.Internal9|Mixed Platforms.Build.0 = Debug|Any CPU
		{C34FBE1E-3A83-4AB9-A15A-1AEF90B2C360}.Internal9|x86.ActiveCfg = Debug|Any CPU
		{C34FBE1E-3A83-4AB9-A15A-1AEF90B2C360}.Release|Any CPU.ActiveCfg = Release|Any CPU
		{C34FBE1E-3A83-4AB9-A15A-1AEF90B2C360}.Release|Any CPU.Build.0 = Release|Any CPU
		{C34FBE1E-3A83-4AB9-A15A-1AEF90B2C360}.Release|Mixed Platforms.ActiveCfg = Release|Any CPU
		{C34FBE1E-3A83-4AB9-A15A-1AEF90B2C360}.Release|Mixed Platforms.Build.0 = Release|Any CPU
		{C34FBE1E-3A83-4AB9-A15A-1AEF90B2C360}.Release|x86.ActiveCfg = Release|Any CPU
		{ABF533E6-0737-4BA2-8EB9-D7E049DF9E1F}.Academic9|Any CPU.ActiveCfg = Release|Any CPU
		{ABF533E6-0737-4BA2-8EB9-D7E049DF9E1F}.Academic9|Any CPU.Build.0 = Release|Any CPU
		{ABF533E6-0737-4BA2-8EB9-D7E049DF9E1F}.Academic9|Mixed Platforms.ActiveCfg = Debug|Any CPU
		{ABF533E6-0737-4BA2-8EB9-D7E049DF9E1F}.Academic9|Mixed Platforms.Build.0 = Debug|Any CPU
		{ABF533E6-0737-4BA2-8EB9-D7E049DF9E1F}.Academic9|x86.ActiveCfg = Debug|Any CPU
		{ABF533E6-0737-4BA2-8EB9-D7E049DF9E1F}.Debug|Any CPU.ActiveCfg = Debug|Any CPU
		{ABF533E6-0737-4BA2-8EB9-D7E049DF9E1F}.Debug|Any CPU.Build.0 = Debug|Any CPU
		{ABF533E6-0737-4BA2-8EB9-D7E049DF9E1F}.Debug|Mixed Platforms.ActiveCfg = Debug|Any CPU
		{ABF533E6-0737-4BA2-8EB9-D7E049DF9E1F}.Debug|Mixed Platforms.Build.0 = Debug|Any CPU
		{ABF533E6-0737-4BA2-8EB9-D7E049DF9E1F}.Debug|x86.ActiveCfg = Debug|Any CPU
		{ABF533E6-0737-4BA2-8EB9-D7E049DF9E1F}.Debug64|Any CPU.ActiveCfg = Debug|Any CPU
		{ABF533E6-0737-4BA2-8EB9-D7E049DF9E1F}.Debug64|Any CPU.Build.0 = Debug|Any CPU
		{ABF533E6-0737-4BA2-8EB9-D7E049DF9E1F}.Debug64|Mixed Platforms.ActiveCfg = Debug|Any CPU
		{ABF533E6-0737-4BA2-8EB9-D7E049DF9E1F}.Debug64|Mixed Platforms.Build.0 = Debug|Any CPU
		{ABF533E6-0737-4BA2-8EB9-D7E049DF9E1F}.Debug64|x86.ActiveCfg = Debug|Any CPU
		{ABF533E6-0737-4BA2-8EB9-D7E049DF9E1F}.Devlab64|Any CPU.ActiveCfg = Debug|Any CPU
		{ABF533E6-0737-4BA2-8EB9-D7E049DF9E1F}.Devlab64|Any CPU.Build.0 = Debug|Any CPU
		{ABF533E6-0737-4BA2-8EB9-D7E049DF9E1F}.Devlab64|Mixed Platforms.ActiveCfg = Debug|Any CPU
		{ABF533E6-0737-4BA2-8EB9-D7E049DF9E1F}.Devlab64|Mixed Platforms.Build.0 = Debug|Any CPU
		{ABF533E6-0737-4BA2-8EB9-D7E049DF9E1F}.Devlab64|x86.ActiveCfg = Debug|Any CPU
		{ABF533E6-0737-4BA2-8EB9-D7E049DF9E1F}.Devlab9|Any CPU.ActiveCfg = Debug|Any CPU
		{ABF533E6-0737-4BA2-8EB9-D7E049DF9E1F}.Devlab9|Any CPU.Build.0 = Debug|Any CPU
		{ABF533E6-0737-4BA2-8EB9-D7E049DF9E1F}.Devlab9|Mixed Platforms.ActiveCfg = Debug|Any CPU
		{ABF533E6-0737-4BA2-8EB9-D7E049DF9E1F}.Devlab9|Mixed Platforms.Build.0 = Debug|Any CPU
		{ABF533E6-0737-4BA2-8EB9-D7E049DF9E1F}.Devlab9|x86.ActiveCfg = Debug|Any CPU
		{ABF533E6-0737-4BA2-8EB9-D7E049DF9E1F}.Devlab9ro|Any CPU.ActiveCfg = Debug|Any CPU
		{ABF533E6-0737-4BA2-8EB9-D7E049DF9E1F}.Devlab9ro|Any CPU.Build.0 = Debug|Any CPU
		{ABF533E6-0737-4BA2-8EB9-D7E049DF9E1F}.Devlab9ro|Mixed Platforms.ActiveCfg = Debug|Any CPU
		{ABF533E6-0737-4BA2-8EB9-D7E049DF9E1F}.Devlab9ro|Mixed Platforms.Build.0 = Debug|Any CPU
		{ABF533E6-0737-4BA2-8EB9-D7E049DF9E1F}.Devlab9ro|x86.ActiveCfg = Debug|Any CPU
		{ABF533E6-0737-4BA2-8EB9-D7E049DF9E1F}.Internal64|Any CPU.ActiveCfg = Release|Any CPU
		{ABF533E6-0737-4BA2-8EB9-D7E049DF9E1F}.Internal64|Any CPU.Build.0 = Release|Any CPU
		{ABF533E6-0737-4BA2-8EB9-D7E049DF9E1F}.Internal64|Mixed Platforms.ActiveCfg = Debug|Any CPU
		{ABF533E6-0737-4BA2-8EB9-D7E049DF9E1F}.Internal64|Mixed Platforms.Build.0 = Debug|Any CPU
		{ABF533E6-0737-4BA2-8EB9-D7E049DF9E1F}.Internal64|x86.ActiveCfg = Debug|Any CPU
		{ABF533E6-0737-4BA2-8EB9-D7E049DF9E1F}.Internal9|Any CPU.ActiveCfg = Release|Any CPU
		{ABF533E6-0737-4BA2-8EB9-D7E049DF9E1F}.Internal9|Any CPU.Build.0 = Release|Any CPU
		{ABF533E6-0737-4BA2-8EB9-D7E049DF9E1F}.Internal9|Mixed Platforms.ActiveCfg = Debug|Any CPU
		{ABF533E6-0737-4BA2-8EB9-D7E049DF9E1F}.Internal9|Mixed Platforms.Build.0 = Debug|Any CPU
		{ABF533E6-0737-4BA2-8EB9-D7E049DF9E1F}.Internal9|x86.ActiveCfg = Debug|Any CPU
		{ABF533E6-0737-4BA2-8EB9-D7E049DF9E1F}.Release|Any CPU.ActiveCfg = Release|Any CPU
		{ABF533E6-0737-4BA2-8EB9-D7E049DF9E1F}.Release|Any CPU.Build.0 = Release|Any CPU
		{ABF533E6-0737-4BA2-8EB9-D7E049DF9E1F}.Release|Mixed Platforms.ActiveCfg = Release|Any CPU
		{ABF533E6-0737-4BA2-8EB9-D7E049DF9E1F}.Release|Mixed Platforms.Build.0 = Release|Any CPU
		{ABF533E6-0737-4BA2-8EB9-D7E049DF9E1F}.Release|x86.ActiveCfg = Release|Any CPU
		{A262DBAC-40CF-4907-B133-5FCEBC59D899}.Academic9|Any CPU.ActiveCfg = Release|Any CPU
		{A262DBAC-40CF-4907-B133-5FCEBC59D899}.Academic9|Any CPU.Build.0 = Release|Any CPU
		{A262DBAC-40CF-4907-B133-5FCEBC59D899}.Academic9|Mixed Platforms.ActiveCfg = Debug|Any CPU
		{A262DBAC-40CF-4907-B133-5FCEBC59D899}.Academic9|Mixed Platforms.Build.0 = Debug|Any CPU
		{A262DBAC-40CF-4907-B133-5FCEBC59D899}.Academic9|x86.ActiveCfg = Debug|Any CPU
		{A262DBAC-40CF-4907-B133-5FCEBC59D899}.Debug|Any CPU.ActiveCfg = Debug|Any CPU
		{A262DBAC-40CF-4907-B133-5FCEBC59D899}.Debug|Any CPU.Build.0 = Debug|Any CPU
		{A262DBAC-40CF-4907-B133-5FCEBC59D899}.Debug|Mixed Platforms.ActiveCfg = Debug|Any CPU
		{A262DBAC-40CF-4907-B133-5FCEBC59D899}.Debug|Mixed Platforms.Build.0 = Debug|Any CPU
		{A262DBAC-40CF-4907-B133-5FCEBC59D899}.Debug|x86.ActiveCfg = Debug|Any CPU
		{A262DBAC-40CF-4907-B133-5FCEBC59D899}.Debug64|Any CPU.ActiveCfg = Debug|Any CPU
		{A262DBAC-40CF-4907-B133-5FCEBC59D899}.Debug64|Any CPU.Build.0 = Debug|Any CPU
		{A262DBAC-40CF-4907-B133-5FCEBC59D899}.Debug64|Mixed Platforms.ActiveCfg = Debug|Any CPU
		{A262DBAC-40CF-4907-B133-5FCEBC59D899}.Debug64|Mixed Platforms.Build.0 = Debug|Any CPU
		{A262DBAC-40CF-4907-B133-5FCEBC59D899}.Debug64|x86.ActiveCfg = Debug|Any CPU
		{A262DBAC-40CF-4907-B133-5FCEBC59D899}.Devlab64|Any CPU.ActiveCfg = Debug|Any CPU
		{A262DBAC-40CF-4907-B133-5FCEBC59D899}.Devlab64|Any CPU.Build.0 = Debug|Any CPU
		{A262DBAC-40CF-4907-B133-5FCEBC59D899}.Devlab64|Mixed Platforms.ActiveCfg = Debug|Any CPU
		{A262DBAC-40CF-4907-B133-5FCEBC59D899}.Devlab64|Mixed Platforms.Build.0 = Debug|Any CPU
		{A262DBAC-40CF-4907-B133-5FCEBC59D899}.Devlab64|x86.ActiveCfg = Debug|Any CPU
		{A262DBAC-40CF-4907-B133-5FCEBC59D899}.Devlab9|Any CPU.ActiveCfg = Debug|Any CPU
		{A262DBAC-40CF-4907-B133-5FCEBC59D899}.Devlab9|Any CPU.Build.0 = Debug|Any CPU
		{A262DBAC-40CF-4907-B133-5FCEBC59D899}.Devlab9|Mixed Platforms.ActiveCfg = Debug|Any CPU
		{A262DBAC-40CF-4907-B133-5FCEBC59D899}.Devlab9|Mixed Platforms.Build.0 = Debug|Any CPU
		{A262DBAC-40CF-4907-B133-5FCEBC59D899}.Devlab9|x86.ActiveCfg = Debug|Any CPU
		{A262DBAC-40CF-4907-B133-5FCEBC59D899}.Devlab9ro|Any CPU.ActiveCfg = Debug|Any CPU
		{A262DBAC-40CF-4907-B133-5FCEBC59D899}.Devlab9ro|Any CPU.Build.0 = Debug|Any CPU
		{A262DBAC-40CF-4907-B133-5FCEBC59D899}.Devlab9ro|Mixed Platforms.ActiveCfg = Debug|Any CPU
		{A262DBAC-40CF-4907-B133-5FCEBC59D899}.Devlab9ro|Mixed Platforms.Build.0 = Debug|Any CPU
		{A262DBAC-40CF-4907-B133-5FCEBC59D899}.Devlab9ro|x86.ActiveCfg = Debug|Any CPU
		{A262DBAC-40CF-4907-B133-5FCEBC59D899}.Internal64|Any CPU.ActiveCfg = Release|Any CPU
		{A262DBAC-40CF-4907-B133-5FCEBC59D899}.Internal64|Any CPU.Build.0 = Release|Any CPU
		{A262DBAC-40CF-4907-B133-5FCEBC59D899}.Internal64|Mixed Platforms.ActiveCfg = Debug|Any CPU
		{A262DBAC-40CF-4907-B133-5FCEBC59D899}.Internal64|Mixed Platforms.Build.0 = Debug|Any CPU
		{A262DBAC-40CF-4907-B133-5FCEBC59D899}.Internal64|x86.ActiveCfg = Debug|Any CPU
		{A262DBAC-40CF-4907-B133-5FCEBC59D899}.Internal9|Any CPU.ActiveCfg = Release|Any CPU
		{A262DBAC-40CF-4907-B133-5FCEBC59D899}.Internal9|Any CPU.Build.0 = Release|Any CPU
		{A262DBAC-40CF-4907-B133-5FCEBC59D899}.Internal9|Mixed Platforms.ActiveCfg = Debug|Any CPU
		{A262DBAC-40CF-4907-B133-5FCEBC59D899}.Internal9|Mixed Platforms.Build.0 = Debug|Any CPU
		{A262DBAC-40CF-4907-B133-5FCEBC59D899}.Internal9|x86.ActiveCfg = Debug|Any CPU
		{A262DBAC-40CF-4907-B133-5FCEBC59D899}.Release|Any CPU.ActiveCfg = Release|Any CPU
		{A262DBAC-40CF-4907-B133-5FCEBC59D899}.Release|Any CPU.Build.0 = Release|Any CPU
		{A262DBAC-40CF-4907-B133-5FCEBC59D899}.Release|Mixed Platforms.ActiveCfg = Release|Any CPU
		{A262DBAC-40CF-4907-B133-5FCEBC59D899}.Release|Mixed Platforms.Build.0 = Release|Any CPU
		{A262DBAC-40CF-4907-B133-5FCEBC59D899}.Release|x86.ActiveCfg = Release|Any CPU
		{35D2EF6D-DDB0-481B-A21D-9BD2634F503A}.Academic9|Any CPU.ActiveCfg = Academic9|Any CPU
		{35D2EF6D-DDB0-481B-A21D-9BD2634F503A}.Academic9|Any CPU.Build.0 = Academic9|Any CPU
		{35D2EF6D-DDB0-481B-A21D-9BD2634F503A}.Academic9|Mixed Platforms.ActiveCfg = Academic9|Any CPU
		{35D2EF6D-DDB0-481B-A21D-9BD2634F503A}.Academic9|Mixed Platforms.Build.0 = Academic9|Any CPU
		{35D2EF6D-DDB0-481B-A21D-9BD2634F503A}.Academic9|x86.ActiveCfg = Academic9|Any CPU
		{35D2EF6D-DDB0-481B-A21D-9BD2634F503A}.Debug|Any CPU.ActiveCfg = Debug|Any CPU
		{35D2EF6D-DDB0-481B-A21D-9BD2634F503A}.Debug|Any CPU.Build.0 = Debug|Any CPU
		{35D2EF6D-DDB0-481B-A21D-9BD2634F503A}.Debug|Mixed Platforms.ActiveCfg = Debug|Any CPU
		{35D2EF6D-DDB0-481B-A21D-9BD2634F503A}.Debug|Mixed Platforms.Build.0 = Debug|Any CPU
		{35D2EF6D-DDB0-481B-A21D-9BD2634F503A}.Debug|x86.ActiveCfg = Debug|Any CPU
		{35D2EF6D-DDB0-481B-A21D-9BD2634F503A}.Debug64|Any CPU.ActiveCfg = Debug64|Any CPU
		{35D2EF6D-DDB0-481B-A21D-9BD2634F503A}.Debug64|Any CPU.Build.0 = Debug64|Any CPU
		{35D2EF6D-DDB0-481B-A21D-9BD2634F503A}.Debug64|Mixed Platforms.ActiveCfg = Debug64|Any CPU
		{35D2EF6D-DDB0-481B-A21D-9BD2634F503A}.Debug64|Mixed Platforms.Build.0 = Debug64|Any CPU
		{35D2EF6D-DDB0-481B-A21D-9BD2634F503A}.Debug64|x86.ActiveCfg = Debug64|Any CPU
		{35D2EF6D-DDB0-481B-A21D-9BD2634F503A}.Devlab64|Any CPU.ActiveCfg = Devlab64|Any CPU
		{35D2EF6D-DDB0-481B-A21D-9BD2634F503A}.Devlab64|Any CPU.Build.0 = Devlab64|Any CPU
		{35D2EF6D-DDB0-481B-A21D-9BD2634F503A}.Devlab64|Mixed Platforms.ActiveCfg = Devlab64|Any CPU
		{35D2EF6D-DDB0-481B-A21D-9BD2634F503A}.Devlab64|Mixed Platforms.Build.0 = Devlab64|Any CPU
		{35D2EF6D-DDB0-481B-A21D-9BD2634F503A}.Devlab64|x86.ActiveCfg = Devlab64|Any CPU
		{35D2EF6D-DDB0-481B-A21D-9BD2634F503A}.Devlab9|Any CPU.ActiveCfg = Devlab9|Any CPU
		{35D2EF6D-DDB0-481B-A21D-9BD2634F503A}.Devlab9|Any CPU.Build.0 = Devlab9|Any CPU
		{35D2EF6D-DDB0-481B-A21D-9BD2634F503A}.Devlab9|Mixed Platforms.ActiveCfg = Devlab9|Any CPU
		{35D2EF6D-DDB0-481B-A21D-9BD2634F503A}.Devlab9|Mixed Platforms.Build.0 = Devlab9|Any CPU
		{35D2EF6D-DDB0-481B-A21D-9BD2634F503A}.Devlab9|x86.ActiveCfg = Devlab9|Any CPU
		{35D2EF6D-DDB0-481B-A21D-9BD2634F503A}.Devlab9ro|Any CPU.ActiveCfg = Devlab9ro|Any CPU
		{35D2EF6D-DDB0-481B-A21D-9BD2634F503A}.Devlab9ro|Any CPU.Build.0 = Devlab9ro|Any CPU
		{35D2EF6D-DDB0-481B-A21D-9BD2634F503A}.Devlab9ro|Mixed Platforms.ActiveCfg = Devlab9ro|Any CPU
		{35D2EF6D-DDB0-481B-A21D-9BD2634F503A}.Devlab9ro|Mixed Platforms.Build.0 = Devlab9ro|Any CPU
		{35D2EF6D-DDB0-481B-A21D-9BD2634F503A}.Devlab9ro|x86.ActiveCfg = Devlab9ro|Any CPU
		{35D2EF6D-DDB0-481B-A21D-9BD2634F503A}.Internal64|Any CPU.ActiveCfg = Internal64|Any CPU
		{35D2EF6D-DDB0-481B-A21D-9BD2634F503A}.Internal64|Any CPU.Build.0 = Internal64|Any CPU
		{35D2EF6D-DDB0-481B-A21D-9BD2634F503A}.Internal64|Mixed Platforms.ActiveCfg = Internal64|Any CPU
		{35D2EF6D-DDB0-481B-A21D-9BD2634F503A}.Internal64|Mixed Platforms.Build.0 = Internal64|Any CPU
		{35D2EF6D-DDB0-481B-A21D-9BD2634F503A}.Internal64|x86.ActiveCfg = Internal64|Any CPU
		{35D2EF6D-DDB0-481B-A21D-9BD2634F503A}.Internal9|Any CPU.ActiveCfg = Internal9|Any CPU
		{35D2EF6D-DDB0-481B-A21D-9BD2634F503A}.Internal9|Any CPU.Build.0 = Internal9|Any CPU
		{35D2EF6D-DDB0-481B-A21D-9BD2634F503A}.Internal9|Mixed Platforms.ActiveCfg = Internal9|Any CPU
		{35D2EF6D-DDB0-481B-A21D-9BD2634F503A}.Internal9|Mixed Platforms.Build.0 = Internal9|Any CPU
		{35D2EF6D-DDB0-481B-A21D-9BD2634F503A}.Internal9|x86.ActiveCfg = Internal9|Any CPU
		{35D2EF6D-DDB0-481B-A21D-9BD2634F503A}.Release|Any CPU.ActiveCfg = Devlab64|Any CPU
		{35D2EF6D-DDB0-481B-A21D-9BD2634F503A}.Release|Any CPU.Build.0 = Devlab64|Any CPU
		{35D2EF6D-DDB0-481B-A21D-9BD2634F503A}.Release|Mixed Platforms.ActiveCfg = Internal9|Any CPU
		{35D2EF6D-DDB0-481B-A21D-9BD2634F503A}.Release|Mixed Platforms.Build.0 = Internal9|Any CPU
		{35D2EF6D-DDB0-481B-A21D-9BD2634F503A}.Release|x86.ActiveCfg = Internal9|Any CPU
		{11968454-EA63-40A9-A9CF-BE8322384FF0}.Academic9|Any CPU.ActiveCfg = Release|Any CPU
		{11968454-EA63-40A9-A9CF-BE8322384FF0}.Academic9|Any CPU.Build.0 = Release|Any CPU
		{11968454-EA63-40A9-A9CF-BE8322384FF0}.Academic9|Mixed Platforms.ActiveCfg = Debug|Any CPU
		{11968454-EA63-40A9-A9CF-BE8322384FF0}.Academic9|Mixed Platforms.Build.0 = Debug|Any CPU
		{11968454-EA63-40A9-A9CF-BE8322384FF0}.Academic9|x86.ActiveCfg = Debug|Any CPU
		{11968454-EA63-40A9-A9CF-BE8322384FF0}.Debug|Any CPU.ActiveCfg = Debug|Any CPU
		{11968454-EA63-40A9-A9CF-BE8322384FF0}.Debug|Any CPU.Build.0 = Debug|Any CPU
		{11968454-EA63-40A9-A9CF-BE8322384FF0}.Debug|Mixed Platforms.ActiveCfg = Debug|Any CPU
		{11968454-EA63-40A9-A9CF-BE8322384FF0}.Debug|Mixed Platforms.Build.0 = Debug|Any CPU
		{11968454-EA63-40A9-A9CF-BE8322384FF0}.Debug|x86.ActiveCfg = Debug|Any CPU
		{11968454-EA63-40A9-A9CF-BE8322384FF0}.Debug64|Any CPU.ActiveCfg = Debug|Any CPU
		{11968454-EA63-40A9-A9CF-BE8322384FF0}.Debug64|Any CPU.Build.0 = Debug|Any CPU
		{11968454-EA63-40A9-A9CF-BE8322384FF0}.Debug64|Mixed Platforms.ActiveCfg = Debug|Any CPU
		{11968454-EA63-40A9-A9CF-BE8322384FF0}.Debug64|Mixed Platforms.Build.0 = Debug|Any CPU
		{11968454-EA63-40A9-A9CF-BE8322384FF0}.Debug64|x86.ActiveCfg = Debug|Any CPU
		{11968454-EA63-40A9-A9CF-BE8322384FF0}.Devlab64|Any CPU.ActiveCfg = Debug|Any CPU
		{11968454-EA63-40A9-A9CF-BE8322384FF0}.Devlab64|Any CPU.Build.0 = Debug|Any CPU
		{11968454-EA63-40A9-A9CF-BE8322384FF0}.Devlab64|Mixed Platforms.ActiveCfg = Debug|Any CPU
		{11968454-EA63-40A9-A9CF-BE8322384FF0}.Devlab64|Mixed Platforms.Build.0 = Debug|Any CPU
		{11968454-EA63-40A9-A9CF-BE8322384FF0}.Devlab64|x86.ActiveCfg = Debug|Any CPU
		{11968454-EA63-40A9-A9CF-BE8322384FF0}.Devlab9|Any CPU.ActiveCfg = Debug|Any CPU
		{11968454-EA63-40A9-A9CF-BE8322384FF0}.Devlab9|Any CPU.Build.0 = Debug|Any CPU
		{11968454-EA63-40A9-A9CF-BE8322384FF0}.Devlab9|Mixed Platforms.ActiveCfg = Debug|Any CPU
		{11968454-EA63-40A9-A9CF-BE8322384FF0}.Devlab9|Mixed Platforms.Build.0 = Debug|Any CPU
		{11968454-EA63-40A9-A9CF-BE8322384FF0}.Devlab9|x86.ActiveCfg = Debug|Any CPU
		{11968454-EA63-40A9-A9CF-BE8322384FF0}.Devlab9ro|Any CPU.ActiveCfg = Debug|Any CPU
		{11968454-EA63-40A9-A9CF-BE8322384FF0}.Devlab9ro|Any CPU.Build.0 = Debug|Any CPU
		{11968454-EA63-40A9-A9CF-BE8322384FF0}.Devlab9ro|Mixed Platforms.ActiveCfg = Debug|Any CPU
		{11968454-EA63-40A9-A9CF-BE8322384FF0}.Devlab9ro|Mixed Platforms.Build.0 = Debug|Any CPU
		{11968454-EA63-40A9-A9CF-BE8322384FF0}.Devlab9ro|x86.ActiveCfg = Debug|Any CPU
		{11968454-EA63-40A9-A9CF-BE8322384FF0}.Internal64|Any CPU.ActiveCfg = Release|Any CPU
		{11968454-EA63-40A9-A9CF-BE8322384FF0}.Internal64|Any CPU.Build.0 = Release|Any CPU
		{11968454-EA63-40A9-A9CF-BE8322384FF0}.Internal64|Mixed Platforms.ActiveCfg = Debug|Any CPU
		{11968454-EA63-40A9-A9CF-BE8322384FF0}.Internal64|Mixed Platforms.Build.0 = Debug|Any CPU
		{11968454-EA63-40A9-A9CF-BE8322384FF0}.Internal64|x86.ActiveCfg = Debug|Any CPU
		{11968454-EA63-40A9-A9CF-BE8322384FF0}.Internal9|Any CPU.ActiveCfg = Release|Any CPU
		{11968454-EA63-40A9-A9CF-BE8322384FF0}.Internal9|Any CPU.Build.0 = Release|Any CPU
		{11968454-EA63-40A9-A9CF-BE8322384FF0}.Internal9|Mixed Platforms.ActiveCfg = Debug|Any CPU
		{11968454-EA63-40A9-A9CF-BE8322384FF0}.Internal9|Mixed Platforms.Build.0 = Debug|Any CPU
		{11968454-EA63-40A9-A9CF-BE8322384FF0}.Internal9|x86.ActiveCfg = Debug|Any CPU
		{11968454-EA63-40A9-A9CF-BE8322384FF0}.Release|Any CPU.ActiveCfg = Release|Any CPU
		{11968454-EA63-40A9-A9CF-BE8322384FF0}.Release|Any CPU.Build.0 = Release|Any CPU
		{11968454-EA63-40A9-A9CF-BE8322384FF0}.Release|Mixed Platforms.ActiveCfg = Release|Any CPU
		{11968454-EA63-40A9-A9CF-BE8322384FF0}.Release|Mixed Platforms.Build.0 = Release|Any CPU
		{11968454-EA63-40A9-A9CF-BE8322384FF0}.Release|x86.ActiveCfg = Release|Any CPU
		{D95A6B1A-E402-47FB-A091-24349E96BC83}.Academic9|Any CPU.ActiveCfg = Release|Any CPU
		{D95A6B1A-E402-47FB-A091-24349E96BC83}.Academic9|Any CPU.Build.0 = Release|Any CPU
		{D95A6B1A-E402-47FB-A091-24349E96BC83}.Academic9|Mixed Platforms.ActiveCfg = Debug|Any CPU
		{D95A6B1A-E402-47FB-A091-24349E96BC83}.Academic9|Mixed Platforms.Build.0 = Debug|Any CPU
		{D95A6B1A-E402-47FB-A091-24349E96BC83}.Academic9|x86.ActiveCfg = Debug|Any CPU
		{D95A6B1A-E402-47FB-A091-24349E96BC83}.Debug|Any CPU.ActiveCfg = Debug|Any CPU
		{D95A6B1A-E402-47FB-A091-24349E96BC83}.Debug|Any CPU.Build.0 = Debug|Any CPU
		{D95A6B1A-E402-47FB-A091-24349E96BC83}.Debug|Mixed Platforms.ActiveCfg = Debug|Any CPU
		{D95A6B1A-E402-47FB-A091-24349E96BC83}.Debug|Mixed Platforms.Build.0 = Debug|Any CPU
		{D95A6B1A-E402-47FB-A091-24349E96BC83}.Debug|x86.ActiveCfg = Debug|Any CPU
		{D95A6B1A-E402-47FB-A091-24349E96BC83}.Debug64|Any CPU.ActiveCfg = Debug|Any CPU
		{D95A6B1A-E402-47FB-A091-24349E96BC83}.Debug64|Any CPU.Build.0 = Debug|Any CPU
		{D95A6B1A-E402-47FB-A091-24349E96BC83}.Debug64|Mixed Platforms.ActiveCfg = Debug|Any CPU
		{D95A6B1A-E402-47FB-A091-24349E96BC83}.Debug64|Mixed Platforms.Build.0 = Debug|Any CPU
		{D95A6B1A-E402-47FB-A091-24349E96BC83}.Debug64|x86.ActiveCfg = Debug|Any CPU
		{D95A6B1A-E402-47FB-A091-24349E96BC83}.Devlab64|Any CPU.ActiveCfg = Debug|Any CPU
		{D95A6B1A-E402-47FB-A091-24349E96BC83}.Devlab64|Any CPU.Build.0 = Debug|Any CPU
		{D95A6B1A-E402-47FB-A091-24349E96BC83}.Devlab64|Mixed Platforms.ActiveCfg = Debug|Any CPU
		{D95A6B1A-E402-47FB-A091-24349E96BC83}.Devlab64|Mixed Platforms.Build.0 = Debug|Any CPU
		{D95A6B1A-E402-47FB-A091-24349E96BC83}.Devlab64|x86.ActiveCfg = Debug|Any CPU
		{D95A6B1A-E402-47FB-A091-24349E96BC83}.Devlab9|Any CPU.ActiveCfg = Debug|Any CPU
		{D95A6B1A-E402-47FB-A091-24349E96BC83}.Devlab9|Any CPU.Build.0 = Debug|Any CPU
		{D95A6B1A-E402-47FB-A091-24349E96BC83}.Devlab9|Mixed Platforms.ActiveCfg = Debug|Any CPU
		{D95A6B1A-E402-47FB-A091-24349E96BC83}.Devlab9|Mixed Platforms.Build.0 = Debug|Any CPU
		{D95A6B1A-E402-47FB-A091-24349E96BC83}.Devlab9|x86.ActiveCfg = Debug|Any CPU
		{D95A6B1A-E402-47FB-A091-24349E96BC83}.Devlab9ro|Any CPU.ActiveCfg = Debug|Any CPU
		{D95A6B1A-E402-47FB-A091-24349E96BC83}.Devlab9ro|Any CPU.Build.0 = Debug|Any CPU
		{D95A6B1A-E402-47FB-A091-24349E96BC83}.Devlab9ro|Mixed Platforms.ActiveCfg = Debug|Any CPU
		{D95A6B1A-E402-47FB-A091-24349E96BC83}.Devlab9ro|Mixed Platforms.Build.0 = Debug|Any CPU
		{D95A6B1A-E402-47FB-A091-24349E96BC83}.Devlab9ro|x86.ActiveCfg = Debug|Any CPU
		{D95A6B1A-E402-47FB-A091-24349E96BC83}.Internal64|Any CPU.ActiveCfg = Release|Any CPU
		{D95A6B1A-E402-47FB-A091-24349E96BC83}.Internal64|Any CPU.Build.0 = Release|Any CPU
		{D95A6B1A-E402-47FB-A091-24349E96BC83}.Internal64|Mixed Platforms.ActiveCfg = Debug|Any CPU
		{D95A6B1A-E402-47FB-A091-24349E96BC83}.Internal64|Mixed Platforms.Build.0 = Debug|Any CPU
		{D95A6B1A-E402-47FB-A091-24349E96BC83}.Internal64|x86.ActiveCfg = Debug|Any CPU
		{D95A6B1A-E402-47FB-A091-24349E96BC83}.Internal9|Any CPU.ActiveCfg = Release|Any CPU
		{D95A6B1A-E402-47FB-A091-24349E96BC83}.Internal9|Any CPU.Build.0 = Release|Any CPU
		{D95A6B1A-E402-47FB-A091-24349E96BC83}.Internal9|Mixed Platforms.ActiveCfg = Debug|Any CPU
		{D95A6B1A-E402-47FB-A091-24349E96BC83}.Internal9|Mixed Platforms.Build.0 = Debug|Any CPU
		{D95A6B1A-E402-47FB-A091-24349E96BC83}.Internal9|x86.ActiveCfg = Debug|Any CPU
		{D95A6B1A-E402-47FB-A091-24349E96BC83}.Release|Any CPU.ActiveCfg = Release|Any CPU
		{D95A6B1A-E402-47FB-A091-24349E96BC83}.Release|Any CPU.Build.0 = Release|Any CPU
		{D95A6B1A-E402-47FB-A091-24349E96BC83}.Release|Mixed Platforms.ActiveCfg = Release|Any CPU
		{D95A6B1A-E402-47FB-A091-24349E96BC83}.Release|Mixed Platforms.Build.0 = Release|Any CPU
		{D95A6B1A-E402-47FB-A091-24349E96BC83}.Release|x86.ActiveCfg = Release|Any CPU
		{6ADC27DB-36D9-41DD-9B49-0311FB8A9B3E}.Academic9|Any CPU.ActiveCfg = Release|Any CPU
		{6ADC27DB-36D9-41DD-9B49-0311FB8A9B3E}.Academic9|Any CPU.Build.0 = Release|Any CPU
		{6ADC27DB-36D9-41DD-9B49-0311FB8A9B3E}.Academic9|Mixed Platforms.ActiveCfg = Debug|Any CPU
		{6ADC27DB-36D9-41DD-9B49-0311FB8A9B3E}.Academic9|Mixed Platforms.Build.0 = Debug|Any CPU
		{6ADC27DB-36D9-41DD-9B49-0311FB8A9B3E}.Academic9|x86.ActiveCfg = Debug|Any CPU
		{6ADC27DB-36D9-41DD-9B49-0311FB8A9B3E}.Debug|Any CPU.ActiveCfg = Debug|Any CPU
		{6ADC27DB-36D9-41DD-9B49-0311FB8A9B3E}.Debug|Any CPU.Build.0 = Debug|Any CPU
		{6ADC27DB-36D9-41DD-9B49-0311FB8A9B3E}.Debug|Mixed Platforms.ActiveCfg = Debug|Any CPU
		{6ADC27DB-36D9-41DD-9B49-0311FB8A9B3E}.Debug|Mixed Platforms.Build.0 = Debug|Any CPU
		{6ADC27DB-36D9-41DD-9B49-0311FB8A9B3E}.Debug|x86.ActiveCfg = Debug|Any CPU
		{6ADC27DB-36D9-41DD-9B49-0311FB8A9B3E}.Debug64|Any CPU.ActiveCfg = Debug|Any CPU
		{6ADC27DB-36D9-41DD-9B49-0311FB8A9B3E}.Debug64|Any CPU.Build.0 = Debug|Any CPU
		{6ADC27DB-36D9-41DD-9B49-0311FB8A9B3E}.Debug64|Mixed Platforms.ActiveCfg = Debug|Any CPU
		{6ADC27DB-36D9-41DD-9B49-0311FB8A9B3E}.Debug64|Mixed Platforms.Build.0 = Debug|Any CPU
		{6ADC27DB-36D9-41DD-9B49-0311FB8A9B3E}.Debug64|x86.ActiveCfg = Debug|Any CPU
		{6ADC27DB-36D9-41DD-9B49-0311FB8A9B3E}.Devlab64|Any CPU.ActiveCfg = Debug|Any CPU
		{6ADC27DB-36D9-41DD-9B49-0311FB8A9B3E}.Devlab64|Any CPU.Build.0 = Debug|Any CPU
		{6ADC27DB-36D9-41DD-9B49-0311FB8A9B3E}.Devlab64|Mixed Platforms.ActiveCfg = Debug|Any CPU
		{6ADC27DB-36D9-41DD-9B49-0311FB8A9B3E}.Devlab64|Mixed Platforms.Build.0 = Debug|Any CPU
		{6ADC27DB-36D9-41DD-9B49-0311FB8A9B3E}.Devlab64|x86.ActiveCfg = Debug|Any CPU
		{6ADC27DB-36D9-41DD-9B49-0311FB8A9B3E}.Devlab9|Any CPU.ActiveCfg = Debug|Any CPU
		{6ADC27DB-36D9-41DD-9B49-0311FB8A9B3E}.Devlab9|Any CPU.Build.0 = Debug|Any CPU
		{6ADC27DB-36D9-41DD-9B49-0311FB8A9B3E}.Devlab9|Mixed Platforms.ActiveCfg = Debug|Any CPU
		{6ADC27DB-36D9-41DD-9B49-0311FB8A9B3E}.Devlab9|Mixed Platforms.Build.0 = Debug|Any CPU
		{6ADC27DB-36D9-41DD-9B49-0311FB8A9B3E}.Devlab9|x86.ActiveCfg = Debug|Any CPU
		{6ADC27DB-36D9-41DD-9B49-0311FB8A9B3E}.Devlab9ro|Any CPU.ActiveCfg = Debug|Any CPU
		{6ADC27DB-36D9-41DD-9B49-0311FB8A9B3E}.Devlab9ro|Any CPU.Build.0 = Debug|Any CPU
		{6ADC27DB-36D9-41DD-9B49-0311FB8A9B3E}.Devlab9ro|Mixed Platforms.ActiveCfg = Debug|Any CPU
		{6ADC27DB-36D9-41DD-9B49-0311FB8A9B3E}.Devlab9ro|Mixed Platforms.Build.0 = Debug|Any CPU
		{6ADC27DB-36D9-41DD-9B49-0311FB8A9B3E}.Devlab9ro|x86.ActiveCfg = Debug|Any CPU
		{6ADC27DB-36D9-41DD-9B49-0311FB8A9B3E}.Internal64|Any CPU.ActiveCfg = Release|Any CPU
		{6ADC27DB-36D9-41DD-9B49-0311FB8A9B3E}.Internal64|Any CPU.Build.0 = Release|Any CPU
		{6ADC27DB-36D9-41DD-9B49-0311FB8A9B3E}.Internal64|Mixed Platforms.ActiveCfg = Debug|Any CPU
		{6ADC27DB-36D9-41DD-9B49-0311FB8A9B3E}.Internal64|Mixed Platforms.Build.0 = Debug|Any CPU
		{6ADC27DB-36D9-41DD-9B49-0311FB8A9B3E}.Internal64|x86.ActiveCfg = Debug|Any CPU
		{6ADC27DB-36D9-41DD-9B49-0311FB8A9B3E}.Internal9|Any CPU.ActiveCfg = Release|Any CPU
		{6ADC27DB-36D9-41DD-9B49-0311FB8A9B3E}.Internal9|Any CPU.Build.0 = Release|Any CPU
		{6ADC27DB-36D9-41DD-9B49-0311FB8A9B3E}.Internal9|Mixed Platforms.ActiveCfg = Debug|Any CPU
		{6ADC27DB-36D9-41DD-9B49-0311FB8A9B3E}.Internal9|Mixed Platforms.Build.0 = Debug|Any CPU
		{6ADC27DB-36D9-41DD-9B49-0311FB8A9B3E}.Internal9|x86.ActiveCfg = Debug|Any CPU
		{6ADC27DB-36D9-41DD-9B49-0311FB8A9B3E}.Release|Any CPU.ActiveCfg = Release|Any CPU
		{6ADC27DB-36D9-41DD-9B49-0311FB8A9B3E}.Release|Any CPU.Build.0 = Release|Any CPU
		{6ADC27DB-36D9-41DD-9B49-0311FB8A9B3E}.Release|Mixed Platforms.ActiveCfg = Release|Any CPU
		{6ADC27DB-36D9-41DD-9B49-0311FB8A9B3E}.Release|Mixed Platforms.Build.0 = Release|Any CPU
		{6ADC27DB-36D9-41DD-9B49-0311FB8A9B3E}.Release|x86.ActiveCfg = Release|Any CPU
		{C0FF1139-D9E2-4B35-A23F-ACA59F3E0B9F}.Academic9|Any CPU.ActiveCfg = Release|x86
		{C0FF1139-D9E2-4B35-A23F-ACA59F3E0B9F}.Academic9|Mixed Platforms.ActiveCfg = Release|x86
		{C0FF1139-D9E2-4B35-A23F-ACA59F3E0B9F}.Academic9|Mixed Platforms.Build.0 = Release|x86
		{C0FF1139-D9E2-4B35-A23F-ACA59F3E0B9F}.Academic9|x86.ActiveCfg = Release|x86
		{C0FF1139-D9E2-4B35-A23F-ACA59F3E0B9F}.Academic9|x86.Build.0 = Release|x86
		{C0FF1139-D9E2-4B35-A23F-ACA59F3E0B9F}.Debug|Any CPU.ActiveCfg = Debug|x86
		{C0FF1139-D9E2-4B35-A23F-ACA59F3E0B9F}.Debug|Mixed Platforms.ActiveCfg = Debug|x86
		{C0FF1139-D9E2-4B35-A23F-ACA59F3E0B9F}.Debug|Mixed Platforms.Build.0 = Debug|x86
		{C0FF1139-D9E2-4B35-A23F-ACA59F3E0B9F}.Debug|x86.ActiveCfg = Debug|x86
		{C0FF1139-D9E2-4B35-A23F-ACA59F3E0B9F}.Debug|x86.Build.0 = Debug|x86
		{C0FF1139-D9E2-4B35-A23F-ACA59F3E0B9F}.Debug64|Any CPU.ActiveCfg = Debug|x86
		{C0FF1139-D9E2-4B35-A23F-ACA59F3E0B9F}.Debug64|Mixed Platforms.ActiveCfg = Debug|x86
		{C0FF1139-D9E2-4B35-A23F-ACA59F3E0B9F}.Debug64|Mixed Platforms.Build.0 = Debug|x86
		{C0FF1139-D9E2-4B35-A23F-ACA59F3E0B9F}.Debug64|x86.ActiveCfg = Debug|x86
		{C0FF1139-D9E2-4B35-A23F-ACA59F3E0B9F}.Debug64|x86.Build.0 = Debug|x86
		{C0FF1139-D9E2-4B35-A23F-ACA59F3E0B9F}.Devlab64|Any CPU.ActiveCfg = Debug|x86
		{C0FF1139-D9E2-4B35-A23F-ACA59F3E0B9F}.Devlab64|Mixed Platforms.ActiveCfg = Debug|x86
		{C0FF1139-D9E2-4B35-A23F-ACA59F3E0B9F}.Devlab64|Mixed Platforms.Build.0 = Debug|x86
		{C0FF1139-D9E2-4B35-A23F-ACA59F3E0B9F}.Devlab64|x86.ActiveCfg = Debug|x86
		{C0FF1139-D9E2-4B35-A23F-ACA59F3E0B9F}.Devlab64|x86.Build.0 = Debug|x86
		{C0FF1139-D9E2-4B35-A23F-ACA59F3E0B9F}.Devlab9|Any CPU.ActiveCfg = Debug|x86
		{C0FF1139-D9E2-4B35-A23F-ACA59F3E0B9F}.Devlab9|Mixed Platforms.ActiveCfg = Debug|x86
		{C0FF1139-D9E2-4B35-A23F-ACA59F3E0B9F}.Devlab9|Mixed Platforms.Build.0 = Debug|x86
		{C0FF1139-D9E2-4B35-A23F-ACA59F3E0B9F}.Devlab9|x86.ActiveCfg = Debug|x86
		{C0FF1139-D9E2-4B35-A23F-ACA59F3E0B9F}.Devlab9|x86.Build.0 = Debug|x86
		{C0FF1139-D9E2-4B35-A23F-ACA59F3E0B9F}.Devlab9ro|Any CPU.ActiveCfg = Debug|x86
		{C0FF1139-D9E2-4B35-A23F-ACA59F3E0B9F}.Devlab9ro|Mixed Platforms.ActiveCfg = Debug|x86
		{C0FF1139-D9E2-4B35-A23F-ACA59F3E0B9F}.Devlab9ro|Mixed Platforms.Build.0 = Debug|x86
		{C0FF1139-D9E2-4B35-A23F-ACA59F3E0B9F}.Devlab9ro|x86.ActiveCfg = Debug|x86
		{C0FF1139-D9E2-4B35-A23F-ACA59F3E0B9F}.Devlab9ro|x86.Build.0 = Debug|x86
		{C0FF1139-D9E2-4B35-A23F-ACA59F3E0B9F}.Internal64|Any CPU.ActiveCfg = Release|x86
		{C0FF1139-D9E2-4B35-A23F-ACA59F3E0B9F}.Internal64|Mixed Platforms.ActiveCfg = Release|x86
		{C0FF1139-D9E2-4B35-A23F-ACA59F3E0B9F}.Internal64|Mixed Platforms.Build.0 = Release|x86
		{C0FF1139-D9E2-4B35-A23F-ACA59F3E0B9F}.Internal64|x86.ActiveCfg = Release|x86
		{C0FF1139-D9E2-4B35-A23F-ACA59F3E0B9F}.Internal64|x86.Build.0 = Release|x86
		{C0FF1139-D9E2-4B35-A23F-ACA59F3E0B9F}.Internal9|Any CPU.ActiveCfg = Release|x86
		{C0FF1139-D9E2-4B35-A23F-ACA59F3E0B9F}.Internal9|Mixed Platforms.ActiveCfg = Release|x86
		{C0FF1139-D9E2-4B35-A23F-ACA59F3E0B9F}.Internal9|Mixed Platforms.Build.0 = Release|x86
		{C0FF1139-D9E2-4B35-A23F-ACA59F3E0B9F}.Internal9|x86.ActiveCfg = Release|x86
		{C0FF1139-D9E2-4B35-A23F-ACA59F3E0B9F}.Internal9|x86.Build.0 = Release|x86
		{C0FF1139-D9E2-4B35-A23F-ACA59F3E0B9F}.Release|Any CPU.ActiveCfg = Release|x86
		{C0FF1139-D9E2-4B35-A23F-ACA59F3E0B9F}.Release|Mixed Platforms.ActiveCfg = Release|x86
		{C0FF1139-D9E2-4B35-A23F-ACA59F3E0B9F}.Release|Mixed Platforms.Build.0 = Release|x86
		{C0FF1139-D9E2-4B35-A23F-ACA59F3E0B9F}.Release|x86.ActiveCfg = Release|x86
		{C0FF1139-D9E2-4B35-A23F-ACA59F3E0B9F}.Release|x86.Build.0 = Release|x86
	EndGlobalSection
	GlobalSection(SolutionProperties) = preSolution
		HideSolutionNode = FALSE
	EndGlobalSection
EndGlobal
