
Microsoft Visual Studio Solution File, Format Version 12.00
# Visual Studio 2013
VisualStudioVersion = 12.0.31101.0
MinimumVisualStudioVersion = 10.0.40219.1
Project("{2150E333-8FDC-42A3-9474-1A3956D46DE8}") = "Contracts", "Contracts", "{5C718DA9-A4F2-4F73-B095-B2E180033C15}"
EndProject
Project("{2150E333-8FDC-42A3-9474-1A3956D46DE8}") = "Executables", "Executables", "{7CD8B829-346E-4FA0-ADDD-87152DDC5DDE}"
EndProject
Project("{FAE04EC0-301F-11D3-BF4B-00C04F79EFBC}") = "Microsoft.Contracts10", "Foxtrot\Contracts\Microsoft.Contracts10.csproj", "{29E1DFE9-D0A9-4AAB-B876-10BBF747C293}"
	ProjectSection(ProjectDependencies) = postProject
		{9D404D0C-0921-4ADD-BC22-A14AAE2CA7E2} = {9D404D0C-0921-4ADD-BC22-A14AAE2CA7E2}
	EndProjectSection
EndProject
Project("{FAE04EC0-301F-11D3-BF4B-00C04F79EFBC}") = "MsCorlib.Contracts10", "Microsoft.Research\Contracts\MsCorlib\MsCorlib.Contracts10.csproj", "{D45E4F81-3252-4000-9818-F8D018895B5B}"
	ProjectSection(ProjectDependencies) = postProject
		{9D404D0C-0921-4ADD-BC22-A14AAE2CA7E2} = {9D404D0C-0921-4ADD-BC22-A14AAE2CA7E2}
	EndProjectSection
EndProject
Project("{FAE04EC0-301F-11D3-BF4B-00C04F79EFBC}") = "System.Contracts10", "Microsoft.Research\Contracts\System\System.Contracts10.csproj", "{2C10FDB2-966D-4A14-B18D-385FDFA1746A}"
EndProject
Project("{FAE04EC0-301F-11D3-BF4B-00C04F79EFBC}") = "CRASanitizer", "Microsoft.Research\Contracts\CRASanitizer\CRASanitizer.csproj", "{9D404D0C-0921-4ADD-BC22-A14AAE2CA7E2}"
EndProject
Project("{FAE04EC0-301F-11D3-BF4B-00C04F79EFBC}") = "System.Configuration10", "Microsoft.Research\Contracts\System.Configuration\System.Configuration10.csproj", "{4695B865-1F0F-45DD-96CF-FDF999A813BD}"
EndProject
Project("{FAE04EC0-301F-11D3-BF4B-00C04F79EFBC}") = "System.Core.Contracts10", "Microsoft.Research\Contracts\System.Core.Contracts\System.Core.Contracts10.csproj", "{04811420-E4EC-4E3D-A974-8A43FAF724C8}"
EndProject
Project("{FAE04EC0-301F-11D3-BF4B-00C04F79EFBC}") = "System.Data10", "Microsoft.Research\Contracts\System.Data\System.Data10.csproj", "{8A669480-0FD3-453A-823A-E82CFAE7558C}"
EndProject
Project("{FAE04EC0-301F-11D3-BF4B-00C04F79EFBC}") = "System.Drawing10", "Microsoft.Research\Contracts\System.Drawing\System.Drawing10.csproj", "{0E7A10F3-10E2-40CB-A47B-234615C4719B}"
EndProject
Project("{FAE04EC0-301F-11D3-BF4B-00C04F79EFBC}") = "System.Security10", "Microsoft.Research\Contracts\System.Security\System.Security10.csproj", "{202E0819-A63F-4BE1-9314-13306C4C9C96}"
EndProject
Project("{FAE04EC0-301F-11D3-BF4B-00C04F79EFBC}") = "System.Web10", "Microsoft.Research\Contracts\System.Web\System.Web10.csproj", "{9FA6D0C7-6B7B-4090-818E-29DEA3C295AB}"
EndProject
Project("{FAE04EC0-301F-11D3-BF4B-00C04F79EFBC}") = "System.Windows10", "Microsoft.Research\Contracts\System.Windows\System.Windows10.csproj", "{560BAEE6-D01B-4714-92EF-798EEBCCF2DB}"
EndProject
Project("{FAE04EC0-301F-11D3-BF4B-00C04F79EFBC}") = "System.Windows.Browser10", "Microsoft.Research\Contracts\System.Windows.Browser\System.Windows.Browser10.csproj", "{A09A280B-E5CE-4F5B-8081-163944392804}"
EndProject
Project("{FAE04EC0-301F-11D3-BF4B-00C04F79EFBC}") = "System.Windows.Forms10", "Microsoft.Research\Contracts\System.Windows.Forms\System.Windows.Forms10.csproj", "{C719D602-0573-4E5A-AAFB-6DFF2106EEE6}"
EndProject
Project("{FAE04EC0-301F-11D3-BF4B-00C04F79EFBC}") = "System.Xml10", "Microsoft.Research\Contracts\System.Xml\System.Xml10.csproj", "{87CFEEDB-BF05-455C-A14D-51DCB3FE9C65}"
EndProject
Project("{FAE04EC0-301F-11D3-BF4B-00C04F79EFBC}") = "System.Xml.Linq10", "Microsoft.Research\Contracts\System.Xml.Linq\System.Xml.Linq10.csproj", "{EF8C241A-7A60-4AA4-9E4B-2752472A96EF}"
EndProject
Project("{FAE04EC0-301F-11D3-BF4B-00C04F79EFBC}") = "WindowsBase10", "Microsoft.Research\Contracts\WindowsBase\WindowsBase10.csproj", "{650CD908-450D-4B70-9A68-590C7A2AC32B}"
EndProject
Project("{FAE04EC0-301F-11D3-BF4B-00C04F79EFBC}") = "System.Configuration.Install10", "Microsoft.Research\Contracts\System.Configuration.Install\System.Configuration.Install10.csproj", "{EB432A52-712F-478D-9A5B-81FF99DE6CBE}"
EndProject
Project("{F184B08F-C81C-45F6-A57F-5ABD9991F28F}") = "Microsoft.VisualBasic.Compatibility10", "Microsoft.Research\Contracts\Microsoft.VisualBasic.Compatibility\Microsoft.VisualBasic.Compatibility10.vbproj", "{1A4FF4FF-5CF0-4DF0-8581-80A4DDBBCB5A}"
EndProject
Project("{F184B08F-C81C-45F6-A57F-5ABD9991F28F}") = "Microsoft.VisualBasic10", "Microsoft.Research\Contracts\Microsoft.VisualBasic.Contracts\Microsoft.VisualBasic10.vbproj", "{83E81339-DFB4-46A7-B0BF-21098B862AEF}"
EndProject
Project("{FAE04EC0-301F-11D3-BF4B-00C04F79EFBC}") = "System.Numerics", "Microsoft.Research\Contracts\System.Numerics\System.Numerics.csproj", "{C5A99A99-96B4-42D2-ABD0-1AB546CF4E12}"
EndProject
Project("{FAE04EC0-301F-11D3-BF4B-00C04F79EFBC}") = "PostContractBuildDummy", "Microsoft.Research\Contracts\PostContractBuildDummy\PostContractBuildDummy.csproj", "{DDCFABF7-69E9-4B33-9F0E-A5661F960111}"
	ProjectSection(ProjectDependencies) = postProject
		{C719D602-0573-4E5A-AAFB-6DFF2106EEE6} = {C719D602-0573-4E5A-AAFB-6DFF2106EEE6}
		{650CD908-450D-4B70-9A68-590C7A2AC32B} = {650CD908-450D-4B70-9A68-590C7A2AC32B}
		{A09A280B-E5CE-4F5B-8081-163944392804} = {A09A280B-E5CE-4F5B-8081-163944392804}
		{0C2F5C12-CFB2-485A-900E-14547F93CE9E} = {0C2F5C12-CFB2-485A-900E-14547F93CE9E}
		{202E0819-A63F-4BE1-9314-13306C4C9C96} = {202E0819-A63F-4BE1-9314-13306C4C9C96}
		{EF8C241A-7A60-4AA4-9E4B-2752472A96EF} = {EF8C241A-7A60-4AA4-9E4B-2752472A96EF}
		{04811420-E4EC-4E3D-A974-8A43FAF724C8} = {04811420-E4EC-4E3D-A974-8A43FAF724C8}
		{23B4C62D-6128-4619-92CB-C0CDE3271541} = {23B4C62D-6128-4619-92CB-C0CDE3271541}
		{83E81339-DFB4-46A7-B0BF-21098B862AEF} = {83E81339-DFB4-46A7-B0BF-21098B862AEF}
		{EB432A52-712F-478D-9A5B-81FF99DE6CBE} = {EB432A52-712F-478D-9A5B-81FF99DE6CBE}
		{34F25C64-A624-46E6-9832-4F59C5FDDB07} = {34F25C64-A624-46E6-9832-4F59C5FDDB07}
		{4695B865-1F0F-45DD-96CF-FDF999A813BD} = {4695B865-1F0F-45DD-96CF-FDF999A813BD}
		{1926417C-C3E4-4137-B06A-90192A3AB682} = {1926417C-C3E4-4137-B06A-90192A3AB682}
		{8A669480-0FD3-453A-823A-E82CFAE7558C} = {8A669480-0FD3-453A-823A-E82CFAE7558C}
		{D45E4F81-3252-4000-9818-F8D018895B5B} = {D45E4F81-3252-4000-9818-F8D018895B5B}
		{C5A99A99-96B4-42D2-ABD0-1AB546CF4E12} = {C5A99A99-96B4-42D2-ABD0-1AB546CF4E12}
		{2C10FDB2-966D-4A14-B18D-385FDFA1746A} = {2C10FDB2-966D-4A14-B18D-385FDFA1746A}
		{9FA6D0C7-6B7B-4090-818E-29DEA3C295AB} = {9FA6D0C7-6B7B-4090-818E-29DEA3C295AB}
		{846689C9-C6E5-4576-BC63-F4A8762C0322} = {846689C9-C6E5-4576-BC63-F4A8762C0322}
		{20C549CD-6524-4FB5-AD58-AAA939C75CEF} = {20C549CD-6524-4FB5-AD58-AAA939C75CEF}
		{87CFEEDB-BF05-455C-A14D-51DCB3FE9C65} = {87CFEEDB-BF05-455C-A14D-51DCB3FE9C65}
		{76F807DC-76BC-413E-95FD-A7E661DB1B33} = {76F807DC-76BC-413E-95FD-A7E661DB1B33}
		{560BAEE6-D01B-4714-92EF-798EEBCCF2DB} = {560BAEE6-D01B-4714-92EF-798EEBCCF2DB}
		{29E1DFE9-D0A9-4AAB-B876-10BBF747C293} = {29E1DFE9-D0A9-4AAB-B876-10BBF747C293}
		{44D764EF-D471-4981-B774-B8B532EDB690} = {44D764EF-D471-4981-B774-B8B532EDB690}
		{0E7A10F3-10E2-40CB-A47B-234615C4719B} = {0E7A10F3-10E2-40CB-A47B-234615C4719B}
		{29106CFE-A683-4012-91E2-310552BE6258} = {29106CFE-A683-4012-91E2-310552BE6258}
		{1A4FF4FF-5CF0-4DF0-8581-80A4DDBBCB5A} = {1A4FF4FF-5CF0-4DF0-8581-80A4DDBBCB5A}
	EndProjectSection
EndProject
Project("{FAE04EC0-301F-11D3-BF4B-00C04F79EFBC}") = "PresentationCore", "Microsoft.Research\Contracts\PresentationCore\PresentationCore.csproj", "{1926417C-C3E4-4137-B06A-90192A3AB682}"
	ProjectSection(ProjectDependencies) = postProject
		{29E1DFE9-D0A9-4AAB-B876-10BBF747C293} = {29E1DFE9-D0A9-4AAB-B876-10BBF747C293}
	EndProjectSection
EndProject
Project("{FAE04EC0-301F-11D3-BF4B-00C04F79EFBC}") = "PresentationFramework", "Microsoft.Research\Contracts\PresentationFramework\PresentationFramework.csproj", "{29106CFE-A683-4012-91E2-310552BE6258}"
	ProjectSection(ProjectDependencies) = postProject
		{29E1DFE9-D0A9-4AAB-B876-10BBF747C293} = {29E1DFE9-D0A9-4AAB-B876-10BBF747C293}
	EndProjectSection
EndProject
Project("{FAE04EC0-301F-11D3-BF4B-00C04F79EFBC}") = "System.ComponentModel.Composition", "Microsoft.Research\Contracts\System.ComponentModel.Composition\System.ComponentModel.Composition.csproj", "{23B4C62D-6128-4619-92CB-C0CDE3271541}"
	ProjectSection(ProjectDependencies) = postProject
		{29E1DFE9-D0A9-4AAB-B876-10BBF747C293} = {29E1DFE9-D0A9-4AAB-B876-10BBF747C293}
	EndProjectSection
EndProject
Project("{FAE04EC0-301F-11D3-BF4B-00C04F79EFBC}") = "System.Data.Services", "Microsoft.Research\Contracts\System.Data.Services\System.Data.Services.csproj", "{34F25C64-A624-46E6-9832-4F59C5FDDB07}"
	ProjectSection(ProjectDependencies) = postProject
		{29E1DFE9-D0A9-4AAB-B876-10BBF747C293} = {29E1DFE9-D0A9-4AAB-B876-10BBF747C293}
	EndProjectSection
EndProject
Project("{FAE04EC0-301F-11D3-BF4B-00C04F79EFBC}") = "System.DirectoryServices", "Microsoft.Research\Contracts\System.DirectoryServices\System.DirectoryServices.csproj", "{44D764EF-D471-4981-B774-B8B532EDB690}"
	ProjectSection(ProjectDependencies) = postProject
		{29E1DFE9-D0A9-4AAB-B876-10BBF747C293} = {29E1DFE9-D0A9-4AAB-B876-10BBF747C293}
	EndProjectSection
EndProject
Project("{FAE04EC0-301F-11D3-BF4B-00C04F79EFBC}") = "System.Runtime.Caching", "Microsoft.Research\Contracts\System.Runtime.Caching\System.Runtime.Caching.csproj", "{76F807DC-76BC-413E-95FD-A7E661DB1B33}"
	ProjectSection(ProjectDependencies) = postProject
		{29E1DFE9-D0A9-4AAB-B876-10BBF747C293} = {29E1DFE9-D0A9-4AAB-B876-10BBF747C293}
	EndProjectSection
EndProject
Project("{FAE04EC0-301F-11D3-BF4B-00C04F79EFBC}") = "System.ServiceModel", "Microsoft.Research\Contracts\System.ServiceModel\System.ServiceModel.csproj", "{0C2F5C12-CFB2-485A-900E-14547F93CE9E}"
	ProjectSection(ProjectDependencies) = postProject
		{29E1DFE9-D0A9-4AAB-B876-10BBF747C293} = {29E1DFE9-D0A9-4AAB-B876-10BBF747C293}
	EndProjectSection
EndProject
Project("{FAE04EC0-301F-11D3-BF4B-00C04F79EFBC}") = "System.ServiceProcess", "Microsoft.Research\Contracts\System.ServiceProcess\System.ServiceProcess.csproj", "{846689C9-C6E5-4576-BC63-F4A8762C0322}"
	ProjectSection(ProjectDependencies) = postProject
		{29E1DFE9-D0A9-4AAB-B876-10BBF747C293} = {29E1DFE9-D0A9-4AAB-B876-10BBF747C293}
	EndProjectSection
EndProject
Project("{FAE04EC0-301F-11D3-BF4B-00C04F79EFBC}") = "System.Web.ApplicationServices", "Microsoft.Research\Contracts\System.Web.ApplicationServices\System.Web.ApplicationServices.csproj", "{20C549CD-6524-4FB5-AD58-AAA939C75CEF}"
	ProjectSection(ProjectDependencies) = postProject
		{29E1DFE9-D0A9-4AAB-B876-10BBF747C293} = {29E1DFE9-D0A9-4AAB-B876-10BBF747C293}
	EndProjectSection
EndProject
Project("{FAE04EC0-301F-11D3-BF4B-00C04F79EFBC}") = "PreContractsBuildDummy", "Microsoft.Research\Contracts\PreContractsBuildDummy\PreContractsBuildDummy.csproj", "{4C272996-FE22-4700-BA18-0A2F482FB857}"
EndProject
Global
	GlobalSection(TeamFoundationVersionControl) = preSolution
		SccNumberOfProjects = 32
		SccEnterpriseProvider = {4CA58AB2-18FA-4F8D-95D4-32DDF27D184C}
		SccTeamFoundationServer = https://tom-englert.visualstudio.com/defaultcollection
		SccLocalPath0 = .
		SccProjectUniqueName1 = Foxtrot\\Contracts\\Microsoft.Contracts10.csproj
		SccProjectTopLevelParentUniqueName1 = ContractsOnly.sln
		SccProjectName1 = Foxtrot/Contracts
		SccLocalPath1 = Foxtrot\\Contracts
		SccProjectUniqueName2 = Microsoft.Research\\Contracts\\CRASanitizer\\CRASanitizer.csproj
		SccProjectTopLevelParentUniqueName2 = ContractsOnly.sln
		SccProjectName2 = Microsoft.Research/Contracts/CRASanitizer
		SccLocalPath2 = Microsoft.Research\\Contracts\\CRASanitizer
		SccProjectUniqueName3 = Microsoft.Research\\Contracts\\Microsoft.VisualBasic.Compatibility\\Microsoft.VisualBasic.Compatibility10.vbproj
		SccProjectTopLevelParentUniqueName3 = ContractsOnly.sln
		SccProjectName3 = Microsoft.Research/Contracts/Microsoft.VisualBasic.Compatibility
		SccLocalPath3 = Microsoft.Research\\Contracts\\Microsoft.VisualBasic.Compatibility
		SccProjectUniqueName4 = Microsoft.Research\\Contracts\\Microsoft.VisualBasic.Contracts\\Microsoft.VisualBasic10.vbproj
		SccProjectTopLevelParentUniqueName4 = ContractsOnly.sln
		SccProjectName4 = Microsoft.Research/Contracts/Microsoft.VisualBasic.Contracts
		SccLocalPath4 = Microsoft.Research\\Contracts\\Microsoft.VisualBasic.Contracts
		SccProjectUniqueName5 = Microsoft.Research\\Contracts\\MsCorlib\\MsCorlib.Contracts10.csproj
		SccProjectTopLevelParentUniqueName5 = ContractsOnly.sln
		SccProjectName5 = Microsoft.Research/Contracts/MsCorlib
		SccLocalPath5 = Microsoft.Research\\Contracts\\MsCorlib
		SccProjectUniqueName6 = Microsoft.Research\\Contracts\\PostContractBuildDummy\\PostContractBuildDummy.csproj
		SccProjectTopLevelParentUniqueName6 = ContractsOnly.sln
		SccProjectName6 = Microsoft.Research/Contracts/PostContractBuildDummy
		SccLocalPath6 = Microsoft.Research\\Contracts\\PostContractBuildDummy
		SccProjectUniqueName7 = Microsoft.Research\\Contracts\\PreContractsBuildDummy\\PreContractsBuildDummy.csproj
		SccProjectTopLevelParentUniqueName7 = ContractsOnly.sln
		SccProjectName7 = Microsoft.Research/Contracts/PreContractsBuildDummy
		SccLocalPath7 = Microsoft.Research\\Contracts\\PreContractsBuildDummy
		SccProjectUniqueName8 = Microsoft.Research\\Contracts\\PresentationCore\\PresentationCore.csproj
		SccProjectTopLevelParentUniqueName8 = ContractsOnly.sln
		SccProjectName8 = Microsoft.Research/Contracts/PresentationCore
		SccLocalPath8 = Microsoft.Research\\Contracts\\PresentationCore
		SccProjectUniqueName9 = Microsoft.Research\\Contracts\\PresentationFramework\\PresentationFramework.csproj
		SccProjectTopLevelParentUniqueName9 = ContractsOnly.sln
		SccProjectName9 = Microsoft.Research/Contracts/PresentationFramework
		SccLocalPath9 = Microsoft.Research\\Contracts\\PresentationFramework
		SccProjectUniqueName10 = Microsoft.Research\\Contracts\\System.ComponentModel.Composition\\System.ComponentModel.Composition.csproj
		SccProjectTopLevelParentUniqueName10 = ContractsOnly.sln
		SccProjectName10 = Microsoft.Research/Contracts/System.ComponentModel.Composition
		SccLocalPath10 = Microsoft.Research\\Contracts\\System.ComponentModel.Composition
		SccProjectUniqueName11 = Microsoft.Research\\Contracts\\System.Configuration.Install\\System.Configuration.Install10.csproj
		SccProjectTopLevelParentUniqueName11 = ContractsOnly.sln
		SccProjectName11 = Microsoft.Research/Contracts/System.Configuration.Install
		SccLocalPath11 = Microsoft.Research\\Contracts\\System.Configuration.Install
		SccProjectUniqueName12 = Microsoft.Research\\Contracts\\System.Configuration\\System.Configuration10.csproj
		SccProjectTopLevelParentUniqueName12 = ContractsOnly.sln
		SccProjectName12 = Microsoft.Research/Contracts/System.Configuration
		SccLocalPath12 = Microsoft.Research\\Contracts\\System.Configuration
		SccProjectUniqueName13 = Microsoft.Research\\Contracts\\System.Core.Contracts\\System.Core.Contracts10.csproj
		SccProjectTopLevelParentUniqueName13 = ContractsOnly.sln
		SccProjectName13 = Microsoft.Research/Contracts/System.Core.Contracts
		SccLocalPath13 = Microsoft.Research\\Contracts\\System.Core.Contracts
		SccProjectUniqueName14 = Microsoft.Research\\Contracts\\System.Data.Services\\System.Data.Services.csproj
		SccProjectTopLevelParentUniqueName14 = ContractsOnly.sln
		SccProjectName14 = Microsoft.Research/Contracts/System.Data.Services
		SccLocalPath14 = Microsoft.Research\\Contracts\\System.Data.Services
		SccProjectUniqueName15 = Microsoft.Research\\Contracts\\System.Data\\System.Data10.csproj
		SccProjectTopLevelParentUniqueName15 = ContractsOnly.sln
		SccProjectName15 = Microsoft.Research/Contracts/System.Data
		SccLocalPath15 = Microsoft.Research\\Contracts\\System.Data
		SccProjectUniqueName16 = Microsoft.Research\\Contracts\\System.DirectoryServices\\System.DirectoryServices.csproj
		SccProjectTopLevelParentUniqueName16 = ContractsOnly.sln
		SccProjectName16 = Microsoft.Research/Contracts/System.DirectoryServices
		SccLocalPath16 = Microsoft.Research\\Contracts\\System.DirectoryServices
		SccProjectUniqueName17 = Microsoft.Research\\Contracts\\System.Drawing\\System.Drawing10.csproj
		SccProjectTopLevelParentUniqueName17 = ContractsOnly.sln
		SccProjectName17 = Microsoft.Research/Contracts/System.Drawing
		SccLocalPath17 = Microsoft.Research\\Contracts\\System.Drawing
		SccProjectUniqueName18 = Microsoft.Research\\Contracts\\System.Numerics\\System.Numerics.csproj
		SccProjectTopLevelParentUniqueName18 = ContractsOnly.sln
		SccProjectName18 = Microsoft.Research/Contracts/System.Numerics
		SccLocalPath18 = Microsoft.Research\\Contracts\\System.Numerics
		SccProjectUniqueName19 = Microsoft.Research\\Contracts\\System.Runtime.Caching\\System.Runtime.Caching.csproj
		SccProjectTopLevelParentUniqueName19 = ContractsOnly.sln
		SccProjectName19 = Microsoft.Research/Contracts/System.Runtime.Caching
		SccLocalPath19 = Microsoft.Research\\Contracts\\System.Runtime.Caching
		SccProjectUniqueName20 = Microsoft.Research\\Contracts\\System.Security\\System.Security10.csproj
		SccProjectTopLevelParentUniqueName20 = ContractsOnly.sln
		SccProjectName20 = Microsoft.Research/Contracts/System.Security
		SccLocalPath20 = Microsoft.Research\\Contracts\\System.Security
		SccProjectUniqueName21 = Microsoft.Research\\Contracts\\System.ServiceModel\\System.ServiceModel.csproj
		SccProjectTopLevelParentUniqueName21 = ContractsOnly.sln
		SccProjectName21 = Microsoft.Research/Contracts/System.ServiceModel
		SccLocalPath21 = Microsoft.Research\\Contracts\\System.ServiceModel
		SccProjectUniqueName22 = Microsoft.Research\\Contracts\\System.ServiceProcess\\System.ServiceProcess.csproj
		SccProjectTopLevelParentUniqueName22 = ContractsOnly.sln
		SccProjectName22 = Microsoft.Research/Contracts/System.ServiceProcess
		SccLocalPath22 = Microsoft.Research\\Contracts\\System.ServiceProcess
		SccProjectUniqueName23 = Microsoft.Research\\Contracts\\System.Web.ApplicationServices\\System.Web.ApplicationServices.csproj
		SccProjectTopLevelParentUniqueName23 = ContractsOnly.sln
		SccProjectName23 = Microsoft.Research/Contracts/System.Web.ApplicationServices
		SccLocalPath23 = Microsoft.Research\\Contracts\\System.Web.ApplicationServices
		SccProjectUniqueName24 = Microsoft.Research\\Contracts\\System.Web\\System.Web10.csproj
		SccProjectTopLevelParentUniqueName24 = ContractsOnly.sln
		SccProjectName24 = Microsoft.Research/Contracts/System.Web
		SccLocalPath24 = Microsoft.Research\\Contracts\\System.Web
		SccProjectUniqueName25 = Microsoft.Research\\Contracts\\System.Windows.Browser\\System.Windows.Browser10.csproj
		SccProjectTopLevelParentUniqueName25 = ContractsOnly.sln
		SccProjectName25 = Microsoft.Research/Contracts/System.Windows.Browser
		SccLocalPath25 = Microsoft.Research\\Contracts\\System.Windows.Browser
		SccProjectUniqueName26 = Microsoft.Research\\Contracts\\System.Windows.Forms\\System.Windows.Forms10.csproj
		SccProjectTopLevelParentUniqueName26 = ContractsOnly.sln
		SccProjectName26 = Microsoft.Research/Contracts/System.Windows.Forms
		SccLocalPath26 = Microsoft.Research\\Contracts\\System.Windows.Forms
		SccProjectUniqueName27 = Microsoft.Research\\Contracts\\System.Windows\\System.Windows10.csproj
		SccProjectTopLevelParentUniqueName27 = ContractsOnly.sln
		SccProjectName27 = Microsoft.Research/Contracts/System.Windows
		SccLocalPath27 = Microsoft.Research\\Contracts\\System.Windows
		SccProjectUniqueName28 = Microsoft.Research\\Contracts\\System.Xml.Linq\\System.Xml.Linq10.csproj
		SccProjectTopLevelParentUniqueName28 = ContractsOnly.sln
		SccProjectName28 = Microsoft.Research/Contracts/System.Xml.Linq
		SccLocalPath28 = Microsoft.Research\\Contracts\\System.Xml.Linq
		SccProjectUniqueName29 = Microsoft.Research\\Contracts\\System.Xml\\System.Xml10.csproj
		SccProjectTopLevelParentUniqueName29 = ContractsOnly.sln
		SccProjectName29 = Microsoft.Research/Contracts/System.Xml
		SccLocalPath29 = Microsoft.Research\\Contracts\\System.Xml
		SccProjectUniqueName30 = Microsoft.Research\\Contracts\\System\\System.Contracts10.csproj
		SccProjectTopLevelParentUniqueName30 = ContractsOnly.sln
		SccProjectName30 = Microsoft.Research/Contracts/System
		SccLocalPath30 = Microsoft.Research\\Contracts\\System
		SccProjectUniqueName31 = Microsoft.Research\\Contracts\\WindowsBase\\WindowsBase10.csproj
		SccProjectTopLevelParentUniqueName31 = ContractsOnly.sln
		SccProjectName31 = Microsoft.Research/Contracts/WindowsBase
		SccLocalPath31 = Microsoft.Research\\Contracts\\WindowsBase
	EndGlobalSection
	GlobalSection(SolutionConfigurationPlatforms) = preSolution
		Debug|Any CPU = Debug|Any CPU
		Debug|Mixed Platforms = Debug|Mixed Platforms
		Debug|Win32 = Debug|Win32
		Debug|x86 = Debug|x86
		Devlab9|Any CPU = Devlab9|Any CPU
		Devlab9|Mixed Platforms = Devlab9|Mixed Platforms
		Devlab9|Win32 = Devlab9|Win32
		Devlab9|x86 = Devlab9|x86
		Internal9|Any CPU = Internal9|Any CPU
		Internal9|Mixed Platforms = Internal9|Mixed Platforms
		Internal9|Win32 = Internal9|Win32
		Internal9|x86 = Internal9|x86
		Release|Any CPU = Release|Any CPU
		Release|Mixed Platforms = Release|Mixed Platforms
		Release|Win32 = Release|Win32
		Release|x86 = Release|x86
	EndGlobalSection
	GlobalSection(ProjectConfigurationPlatforms) = postSolution
		{29E1DFE9-D0A9-4AAB-B876-10BBF747C293}.Debug|Any CPU.ActiveCfg = Debug|Any CPU
		{29E1DFE9-D0A9-4AAB-B876-10BBF747C293}.Debug|Any CPU.Build.0 = Debug|Any CPU
		{29E1DFE9-D0A9-4AAB-B876-10BBF747C293}.Debug|Mixed Platforms.ActiveCfg = Debug|Any CPU
		{29E1DFE9-D0A9-4AAB-B876-10BBF747C293}.Debug|Mixed Platforms.Build.0 = Debug|Any CPU
		{29E1DFE9-D0A9-4AAB-B876-10BBF747C293}.Debug|Win32.ActiveCfg = Debug|Any CPU
		{29E1DFE9-D0A9-4AAB-B876-10BBF747C293}.Debug|x86.ActiveCfg = Debug|Any CPU
		{29E1DFE9-D0A9-4AAB-B876-10BBF747C293}.Devlab9|Any CPU.ActiveCfg = Devlab9|Any CPU
		{29E1DFE9-D0A9-4AAB-B876-10BBF747C293}.Devlab9|Any CPU.Build.0 = Devlab9|Any CPU
		{29E1DFE9-D0A9-4AAB-B876-10BBF747C293}.Devlab9|Mixed Platforms.ActiveCfg = Devlab9|Any CPU
		{29E1DFE9-D0A9-4AAB-B876-10BBF747C293}.Devlab9|Mixed Platforms.Build.0 = Devlab9|Any CPU
		{29E1DFE9-D0A9-4AAB-B876-10BBF747C293}.Devlab9|Win32.ActiveCfg = Devlab9|Any CPU
		{29E1DFE9-D0A9-4AAB-B876-10BBF747C293}.Devlab9|x86.ActiveCfg = Devlab9|Any CPU
		{29E1DFE9-D0A9-4AAB-B876-10BBF747C293}.Internal9|Any CPU.ActiveCfg = Internal9|Any CPU
		{29E1DFE9-D0A9-4AAB-B876-10BBF747C293}.Internal9|Any CPU.Build.0 = Internal9|Any CPU
		{29E1DFE9-D0A9-4AAB-B876-10BBF747C293}.Internal9|Mixed Platforms.ActiveCfg = Internal9|Any CPU
		{29E1DFE9-D0A9-4AAB-B876-10BBF747C293}.Internal9|Mixed Platforms.Build.0 = Internal9|Any CPU
		{29E1DFE9-D0A9-4AAB-B876-10BBF747C293}.Internal9|Win32.ActiveCfg = Internal9|Any CPU
		{29E1DFE9-D0A9-4AAB-B876-10BBF747C293}.Internal9|x86.ActiveCfg = Internal9|Any CPU
		{29E1DFE9-D0A9-4AAB-B876-10BBF747C293}.Release|Any CPU.ActiveCfg = Devlab9ro|Any CPU
		{29E1DFE9-D0A9-4AAB-B876-10BBF747C293}.Release|Any CPU.Build.0 = Devlab9ro|Any CPU
		{29E1DFE9-D0A9-4AAB-B876-10BBF747C293}.Release|Mixed Platforms.ActiveCfg = Devlab9ro|Any CPU
		{29E1DFE9-D0A9-4AAB-B876-10BBF747C293}.Release|Mixed Platforms.Build.0 = Devlab9ro|Any CPU
		{29E1DFE9-D0A9-4AAB-B876-10BBF747C293}.Release|Win32.ActiveCfg = Devlab9ro|Any CPU
		{29E1DFE9-D0A9-4AAB-B876-10BBF747C293}.Release|x86.ActiveCfg = Devlab9ro|Any CPU
		{D45E4F81-3252-4000-9818-F8D018895B5B}.Debug|Any CPU.ActiveCfg = Debug|Any CPU
		{D45E4F81-3252-4000-9818-F8D018895B5B}.Debug|Any CPU.Build.0 = Debug|Any CPU
		{D45E4F81-3252-4000-9818-F8D018895B5B}.Debug|Mixed Platforms.ActiveCfg = Debug|Any CPU
		{D45E4F81-3252-4000-9818-F8D018895B5B}.Debug|Mixed Platforms.Build.0 = Debug|Any CPU
		{D45E4F81-3252-4000-9818-F8D018895B5B}.Debug|Win32.ActiveCfg = Debug|Any CPU
		{D45E4F81-3252-4000-9818-F8D018895B5B}.Debug|x86.ActiveCfg = Debug|Any CPU
		{D45E4F81-3252-4000-9818-F8D018895B5B}.Devlab9|Any CPU.ActiveCfg = Devlab9|Any CPU
		{D45E4F81-3252-4000-9818-F8D018895B5B}.Devlab9|Any CPU.Build.0 = Devlab9|Any CPU
		{D45E4F81-3252-4000-9818-F8D018895B5B}.Devlab9|Mixed Platforms.ActiveCfg = Devlab9|Any CPU
		{D45E4F81-3252-4000-9818-F8D018895B5B}.Devlab9|Mixed Platforms.Build.0 = Devlab9|Any CPU
		{D45E4F81-3252-4000-9818-F8D018895B5B}.Devlab9|Win32.ActiveCfg = Devlab9|Any CPU
		{D45E4F81-3252-4000-9818-F8D018895B5B}.Devlab9|x86.ActiveCfg = Devlab9|Any CPU
		{D45E4F81-3252-4000-9818-F8D018895B5B}.Internal9|Any CPU.ActiveCfg = Internal9|Any CPU
		{D45E4F81-3252-4000-9818-F8D018895B5B}.Internal9|Any CPU.Build.0 = Internal9|Any CPU
		{D45E4F81-3252-4000-9818-F8D018895B5B}.Internal9|Mixed Platforms.ActiveCfg = Internal9|Any CPU
		{D45E4F81-3252-4000-9818-F8D018895B5B}.Internal9|Mixed Platforms.Build.0 = Internal9|Any CPU
		{D45E4F81-3252-4000-9818-F8D018895B5B}.Internal9|Win32.ActiveCfg = Internal9|Any CPU
		{D45E4F81-3252-4000-9818-F8D018895B5B}.Internal9|x86.ActiveCfg = Internal9|Any CPU
		{D45E4F81-3252-4000-9818-F8D018895B5B}.Release|Any CPU.ActiveCfg = Devlab9ro|Any CPU
		{D45E4F81-3252-4000-9818-F8D018895B5B}.Release|Any CPU.Build.0 = Devlab9ro|Any CPU
		{D45E4F81-3252-4000-9818-F8D018895B5B}.Release|Mixed Platforms.ActiveCfg = Devlab9ro|Any CPU
		{D45E4F81-3252-4000-9818-F8D018895B5B}.Release|Mixed Platforms.Build.0 = Devlab9ro|Any CPU
		{D45E4F81-3252-4000-9818-F8D018895B5B}.Release|Win32.ActiveCfg = Devlab9ro|Any CPU
		{D45E4F81-3252-4000-9818-F8D018895B5B}.Release|x86.ActiveCfg = Devlab9ro|Any CPU
		{2C10FDB2-966D-4A14-B18D-385FDFA1746A}.Debug|Any CPU.ActiveCfg = Debug|Any CPU
		{2C10FDB2-966D-4A14-B18D-385FDFA1746A}.Debug|Any CPU.Build.0 = Debug|Any CPU
		{2C10FDB2-966D-4A14-B18D-385FDFA1746A}.Debug|Mixed Platforms.ActiveCfg = Debug|Any CPU
		{2C10FDB2-966D-4A14-B18D-385FDFA1746A}.Debug|Mixed Platforms.Build.0 = Debug|Any CPU
		{2C10FDB2-966D-4A14-B18D-385FDFA1746A}.Debug|Win32.ActiveCfg = Debug|Any CPU
		{2C10FDB2-966D-4A14-B18D-385FDFA1746A}.Debug|x86.ActiveCfg = Debug|Any CPU
		{2C10FDB2-966D-4A14-B18D-385FDFA1746A}.Devlab9|Any CPU.ActiveCfg = Devlab9|Any CPU
		{2C10FDB2-966D-4A14-B18D-385FDFA1746A}.Devlab9|Any CPU.Build.0 = Devlab9|Any CPU
		{2C10FDB2-966D-4A14-B18D-385FDFA1746A}.Devlab9|Mixed Platforms.ActiveCfg = Devlab9|Any CPU
		{2C10FDB2-966D-4A14-B18D-385FDFA1746A}.Devlab9|Mixed Platforms.Build.0 = Devlab9|Any CPU
		{2C10FDB2-966D-4A14-B18D-385FDFA1746A}.Devlab9|Win32.ActiveCfg = Devlab9|Any CPU
		{2C10FDB2-966D-4A14-B18D-385FDFA1746A}.Devlab9|x86.ActiveCfg = Devlab9|Any CPU
		{2C10FDB2-966D-4A14-B18D-385FDFA1746A}.Internal9|Any CPU.ActiveCfg = Internal9|Any CPU
		{2C10FDB2-966D-4A14-B18D-385FDFA1746A}.Internal9|Any CPU.Build.0 = Internal9|Any CPU
		{2C10FDB2-966D-4A14-B18D-385FDFA1746A}.Internal9|Mixed Platforms.ActiveCfg = Internal9|Any CPU
		{2C10FDB2-966D-4A14-B18D-385FDFA1746A}.Internal9|Mixed Platforms.Build.0 = Internal9|Any CPU
		{2C10FDB2-966D-4A14-B18D-385FDFA1746A}.Internal9|Win32.ActiveCfg = Internal9|Any CPU
		{2C10FDB2-966D-4A14-B18D-385FDFA1746A}.Internal9|x86.ActiveCfg = Internal9|Any CPU
		{2C10FDB2-966D-4A14-B18D-385FDFA1746A}.Release|Any CPU.ActiveCfg = Devlab9ro|Any CPU
		{2C10FDB2-966D-4A14-B18D-385FDFA1746A}.Release|Any CPU.Build.0 = Devlab9ro|Any CPU
		{2C10FDB2-966D-4A14-B18D-385FDFA1746A}.Release|Mixed Platforms.ActiveCfg = Devlab9ro|Any CPU
		{2C10FDB2-966D-4A14-B18D-385FDFA1746A}.Release|Mixed Platforms.Build.0 = Devlab9ro|Any CPU
		{2C10FDB2-966D-4A14-B18D-385FDFA1746A}.Release|Win32.ActiveCfg = Devlab9ro|Any CPU
		{2C10FDB2-966D-4A14-B18D-385FDFA1746A}.Release|x86.ActiveCfg = Devlab9ro|Any CPU
		{9D404D0C-0921-4ADD-BC22-A14AAE2CA7E2}.Debug|Any CPU.ActiveCfg = Debug|Any CPU
		{9D404D0C-0921-4ADD-BC22-A14AAE2CA7E2}.Debug|Any CPU.Build.0 = Debug|Any CPU
		{9D404D0C-0921-4ADD-BC22-A14AAE2CA7E2}.Debug|Mixed Platforms.ActiveCfg = Debug|Any CPU
		{9D404D0C-0921-4ADD-BC22-A14AAE2CA7E2}.Debug|Mixed Platforms.Build.0 = Debug|Any CPU
		{9D404D0C-0921-4ADD-BC22-A14AAE2CA7E2}.Debug|Win32.ActiveCfg = Debug|Any CPU
		{9D404D0C-0921-4ADD-BC22-A14AAE2CA7E2}.Debug|x86.ActiveCfg = Debug|Any CPU
		{9D404D0C-0921-4ADD-BC22-A14AAE2CA7E2}.Devlab9|Any CPU.ActiveCfg = Debug|Any CPU
		{9D404D0C-0921-4ADD-BC22-A14AAE2CA7E2}.Devlab9|Mixed Platforms.ActiveCfg = Debug|Any CPU
		{9D404D0C-0921-4ADD-BC22-A14AAE2CA7E2}.Devlab9|Win32.ActiveCfg = Debug|Any CPU
		{9D404D0C-0921-4ADD-BC22-A14AAE2CA7E2}.Devlab9|x86.ActiveCfg = Debug|Any CPU
		{9D404D0C-0921-4ADD-BC22-A14AAE2CA7E2}.Internal9|Any CPU.ActiveCfg = Debug|Any CPU
		{9D404D0C-0921-4ADD-BC22-A14AAE2CA7E2}.Internal9|Mixed Platforms.ActiveCfg = Debug|Any CPU
		{9D404D0C-0921-4ADD-BC22-A14AAE2CA7E2}.Internal9|Mixed Platforms.Build.0 = Debug|Any CPU
		{9D404D0C-0921-4ADD-BC22-A14AAE2CA7E2}.Internal9|Win32.ActiveCfg = Debug|Any CPU
		{9D404D0C-0921-4ADD-BC22-A14AAE2CA7E2}.Internal9|x86.ActiveCfg = Debug|Any CPU
		{9D404D0C-0921-4ADD-BC22-A14AAE2CA7E2}.Release|Any CPU.ActiveCfg = Debug|Any CPU
		{9D404D0C-0921-4ADD-BC22-A14AAE2CA7E2}.Release|Any CPU.Build.0 = Debug|Any CPU
		{9D404D0C-0921-4ADD-BC22-A14AAE2CA7E2}.Release|Mixed Platforms.ActiveCfg = Debug|Any CPU
		{9D404D0C-0921-4ADD-BC22-A14AAE2CA7E2}.Release|Mixed Platforms.Build.0 = Debug|Any CPU
		{9D404D0C-0921-4ADD-BC22-A14AAE2CA7E2}.Release|Win32.ActiveCfg = Debug|Any CPU
		{9D404D0C-0921-4ADD-BC22-A14AAE2CA7E2}.Release|x86.ActiveCfg = Debug|Any CPU
		{4695B865-1F0F-45DD-96CF-FDF999A813BD}.Debug|Any CPU.ActiveCfg = Debug|Any CPU
		{4695B865-1F0F-45DD-96CF-FDF999A813BD}.Debug|Any CPU.Build.0 = Debug|Any CPU
		{4695B865-1F0F-45DD-96CF-FDF999A813BD}.Debug|Mixed Platforms.ActiveCfg = Debug|Any CPU
		{4695B865-1F0F-45DD-96CF-FDF999A813BD}.Debug|Mixed Platforms.Build.0 = Debug|Any CPU
		{4695B865-1F0F-45DD-96CF-FDF999A813BD}.Debug|Win32.ActiveCfg = Debug|Any CPU
		{4695B865-1F0F-45DD-96CF-FDF999A813BD}.Debug|x86.ActiveCfg = Debug|Any CPU
		{4695B865-1F0F-45DD-96CF-FDF999A813BD}.Devlab9|Any CPU.ActiveCfg = Devlab9|Any CPU
		{4695B865-1F0F-45DD-96CF-FDF999A813BD}.Devlab9|Any CPU.Build.0 = Devlab9|Any CPU
		{4695B865-1F0F-45DD-96CF-FDF999A813BD}.Devlab9|Mixed Platforms.ActiveCfg = Devlab9|Any CPU
		{4695B865-1F0F-45DD-96CF-FDF999A813BD}.Devlab9|Mixed Platforms.Build.0 = Devlab9|Any CPU
		{4695B865-1F0F-45DD-96CF-FDF999A813BD}.Devlab9|Win32.ActiveCfg = Devlab9|Any CPU
		{4695B865-1F0F-45DD-96CF-FDF999A813BD}.Devlab9|x86.ActiveCfg = Devlab9|Any CPU
		{4695B865-1F0F-45DD-96CF-FDF999A813BD}.Internal9|Any CPU.ActiveCfg = Internal9|Any CPU
		{4695B865-1F0F-45DD-96CF-FDF999A813BD}.Internal9|Any CPU.Build.0 = Internal9|Any CPU
		{4695B865-1F0F-45DD-96CF-FDF999A813BD}.Internal9|Mixed Platforms.ActiveCfg = Internal9|Any CPU
		{4695B865-1F0F-45DD-96CF-FDF999A813BD}.Internal9|Mixed Platforms.Build.0 = Internal9|Any CPU
		{4695B865-1F0F-45DD-96CF-FDF999A813BD}.Internal9|Win32.ActiveCfg = Internal9|Any CPU
		{4695B865-1F0F-45DD-96CF-FDF999A813BD}.Internal9|x86.ActiveCfg = Internal9|Any CPU
		{4695B865-1F0F-45DD-96CF-FDF999A813BD}.Release|Any CPU.ActiveCfg = Devlab9ro|Any CPU
		{4695B865-1F0F-45DD-96CF-FDF999A813BD}.Release|Any CPU.Build.0 = Devlab9ro|Any CPU
		{4695B865-1F0F-45DD-96CF-FDF999A813BD}.Release|Mixed Platforms.ActiveCfg = Devlab9ro|Any CPU
		{4695B865-1F0F-45DD-96CF-FDF999A813BD}.Release|Mixed Platforms.Build.0 = Devlab9ro|Any CPU
		{4695B865-1F0F-45DD-96CF-FDF999A813BD}.Release|Win32.ActiveCfg = Devlab9ro|Any CPU
		{4695B865-1F0F-45DD-96CF-FDF999A813BD}.Release|x86.ActiveCfg = Devlab9ro|Any CPU
		{04811420-E4EC-4E3D-A974-8A43FAF724C8}.Debug|Any CPU.ActiveCfg = Debug|Any CPU
		{04811420-E4EC-4E3D-A974-8A43FAF724C8}.Debug|Any CPU.Build.0 = Debug|Any CPU
		{04811420-E4EC-4E3D-A974-8A43FAF724C8}.Debug|Mixed Platforms.ActiveCfg = Debug|Any CPU
		{04811420-E4EC-4E3D-A974-8A43FAF724C8}.Debug|Mixed Platforms.Build.0 = Debug|Any CPU
		{04811420-E4EC-4E3D-A974-8A43FAF724C8}.Debug|Win32.ActiveCfg = Debug|Any CPU
		{04811420-E4EC-4E3D-A974-8A43FAF724C8}.Debug|x86.ActiveCfg = Debug|Any CPU
		{04811420-E4EC-4E3D-A974-8A43FAF724C8}.Devlab9|Any CPU.ActiveCfg = Devlab9|Any CPU
		{04811420-E4EC-4E3D-A974-8A43FAF724C8}.Devlab9|Any CPU.Build.0 = Devlab9|Any CPU
		{04811420-E4EC-4E3D-A974-8A43FAF724C8}.Devlab9|Mixed Platforms.ActiveCfg = Devlab9|Any CPU
		{04811420-E4EC-4E3D-A974-8A43FAF724C8}.Devlab9|Mixed Platforms.Build.0 = Devlab9|Any CPU
		{04811420-E4EC-4E3D-A974-8A43FAF724C8}.Devlab9|Win32.ActiveCfg = Devlab9|Any CPU
		{04811420-E4EC-4E3D-A974-8A43FAF724C8}.Devlab9|x86.ActiveCfg = Devlab9|Any CPU
		{04811420-E4EC-4E3D-A974-8A43FAF724C8}.Internal9|Any CPU.ActiveCfg = Internal9|Any CPU
		{04811420-E4EC-4E3D-A974-8A43FAF724C8}.Internal9|Any CPU.Build.0 = Internal9|Any CPU
		{04811420-E4EC-4E3D-A974-8A43FAF724C8}.Internal9|Mixed Platforms.ActiveCfg = Internal9|Any CPU
		{04811420-E4EC-4E3D-A974-8A43FAF724C8}.Internal9|Mixed Platforms.Build.0 = Internal9|Any CPU
		{04811420-E4EC-4E3D-A974-8A43FAF724C8}.Internal9|Win32.ActiveCfg = Internal9|Any CPU
		{04811420-E4EC-4E3D-A974-8A43FAF724C8}.Internal9|x86.ActiveCfg = Internal9|Any CPU
		{04811420-E4EC-4E3D-A974-8A43FAF724C8}.Release|Any CPU.ActiveCfg = Devlab9ro|Any CPU
		{04811420-E4EC-4E3D-A974-8A43FAF724C8}.Release|Any CPU.Build.0 = Devlab9ro|Any CPU
		{04811420-E4EC-4E3D-A974-8A43FAF724C8}.Release|Mixed Platforms.ActiveCfg = Devlab9ro|Any CPU
		{04811420-E4EC-4E3D-A974-8A43FAF724C8}.Release|Mixed Platforms.Build.0 = Devlab9ro|Any CPU
		{04811420-E4EC-4E3D-A974-8A43FAF724C8}.Release|Win32.ActiveCfg = Devlab9ro|Any CPU
		{04811420-E4EC-4E3D-A974-8A43FAF724C8}.Release|x86.ActiveCfg = Devlab9ro|Any CPU
		{8A669480-0FD3-453A-823A-E82CFAE7558C}.Debug|Any CPU.ActiveCfg = Debug|Any CPU
		{8A669480-0FD3-453A-823A-E82CFAE7558C}.Debug|Any CPU.Build.0 = Debug|Any CPU
		{8A669480-0FD3-453A-823A-E82CFAE7558C}.Debug|Mixed Platforms.ActiveCfg = Debug|Any CPU
		{8A669480-0FD3-453A-823A-E82CFAE7558C}.Debug|Mixed Platforms.Build.0 = Debug|Any CPU
		{8A669480-0FD3-453A-823A-E82CFAE7558C}.Debug|Win32.ActiveCfg = Debug|Any CPU
		{8A669480-0FD3-453A-823A-E82CFAE7558C}.Debug|x86.ActiveCfg = Debug|Any CPU
		{8A669480-0FD3-453A-823A-E82CFAE7558C}.Devlab9|Any CPU.ActiveCfg = Devlab9|Any CPU
		{8A669480-0FD3-453A-823A-E82CFAE7558C}.Devlab9|Any CPU.Build.0 = Devlab9|Any CPU
		{8A669480-0FD3-453A-823A-E82CFAE7558C}.Devlab9|Mixed Platforms.ActiveCfg = Devlab9|Any CPU
		{8A669480-0FD3-453A-823A-E82CFAE7558C}.Devlab9|Mixed Platforms.Build.0 = Devlab9|Any CPU
		{8A669480-0FD3-453A-823A-E82CFAE7558C}.Devlab9|Win32.ActiveCfg = Devlab9|Any CPU
		{8A669480-0FD3-453A-823A-E82CFAE7558C}.Devlab9|x86.ActiveCfg = Devlab9|Any CPU
		{8A669480-0FD3-453A-823A-E82CFAE7558C}.Internal9|Any CPU.ActiveCfg = Internal9|Any CPU
		{8A669480-0FD3-453A-823A-E82CFAE7558C}.Internal9|Any CPU.Build.0 = Internal9|Any CPU
		{8A669480-0FD3-453A-823A-E82CFAE7558C}.Internal9|Mixed Platforms.ActiveCfg = Internal9|Any CPU
		{8A669480-0FD3-453A-823A-E82CFAE7558C}.Internal9|Mixed Platforms.Build.0 = Internal9|Any CPU
		{8A669480-0FD3-453A-823A-E82CFAE7558C}.Internal9|Win32.ActiveCfg = Internal9|Any CPU
		{8A669480-0FD3-453A-823A-E82CFAE7558C}.Internal9|x86.ActiveCfg = Internal9|Any CPU
		{8A669480-0FD3-453A-823A-E82CFAE7558C}.Release|Any CPU.ActiveCfg = Internal9|Any CPU
		{8A669480-0FD3-453A-823A-E82CFAE7558C}.Release|Any CPU.Build.0 = Internal9|Any CPU
		{8A669480-0FD3-453A-823A-E82CFAE7558C}.Release|Mixed Platforms.ActiveCfg = Internal9|Any CPU
		{8A669480-0FD3-453A-823A-E82CFAE7558C}.Release|Mixed Platforms.Build.0 = Internal9|Any CPU
		{8A669480-0FD3-453A-823A-E82CFAE7558C}.Release|Win32.ActiveCfg = Internal9|Any CPU
		{8A669480-0FD3-453A-823A-E82CFAE7558C}.Release|x86.ActiveCfg = Internal9|Any CPU
		{0E7A10F3-10E2-40CB-A47B-234615C4719B}.Debug|Any CPU.ActiveCfg = Debug|Any CPU
		{0E7A10F3-10E2-40CB-A47B-234615C4719B}.Debug|Any CPU.Build.0 = Debug|Any CPU
		{0E7A10F3-10E2-40CB-A47B-234615C4719B}.Debug|Mixed Platforms.ActiveCfg = Debug|Any CPU
		{0E7A10F3-10E2-40CB-A47B-234615C4719B}.Debug|Mixed Platforms.Build.0 = Debug|Any CPU
		{0E7A10F3-10E2-40CB-A47B-234615C4719B}.Debug|Win32.ActiveCfg = Debug|Any CPU
		{0E7A10F3-10E2-40CB-A47B-234615C4719B}.Debug|x86.ActiveCfg = Debug|Any CPU
		{0E7A10F3-10E2-40CB-A47B-234615C4719B}.Devlab9|Any CPU.ActiveCfg = Devlab9|Any CPU
		{0E7A10F3-10E2-40CB-A47B-234615C4719B}.Devlab9|Any CPU.Build.0 = Devlab9|Any CPU
		{0E7A10F3-10E2-40CB-A47B-234615C4719B}.Devlab9|Mixed Platforms.ActiveCfg = Devlab9|Any CPU
		{0E7A10F3-10E2-40CB-A47B-234615C4719B}.Devlab9|Mixed Platforms.Build.0 = Devlab9|Any CPU
		{0E7A10F3-10E2-40CB-A47B-234615C4719B}.Devlab9|Win32.ActiveCfg = Devlab9|Any CPU
		{0E7A10F3-10E2-40CB-A47B-234615C4719B}.Devlab9|x86.ActiveCfg = Devlab9|Any CPU
		{0E7A10F3-10E2-40CB-A47B-234615C4719B}.Internal9|Any CPU.ActiveCfg = Internal9|Any CPU
		{0E7A10F3-10E2-40CB-A47B-234615C4719B}.Internal9|Any CPU.Build.0 = Internal9|Any CPU
		{0E7A10F3-10E2-40CB-A47B-234615C4719B}.Internal9|Mixed Platforms.ActiveCfg = Internal9|Any CPU
		{0E7A10F3-10E2-40CB-A47B-234615C4719B}.Internal9|Mixed Platforms.Build.0 = Internal9|Any CPU
		{0E7A10F3-10E2-40CB-A47B-234615C4719B}.Internal9|Win32.ActiveCfg = Internal9|Any CPU
		{0E7A10F3-10E2-40CB-A47B-234615C4719B}.Internal9|x86.ActiveCfg = Internal9|Any CPU
		{0E7A10F3-10E2-40CB-A47B-234615C4719B}.Release|Any CPU.ActiveCfg = Internal9|Any CPU
		{0E7A10F3-10E2-40CB-A47B-234615C4719B}.Release|Any CPU.Build.0 = Internal9|Any CPU
		{0E7A10F3-10E2-40CB-A47B-234615C4719B}.Release|Mixed Platforms.ActiveCfg = Internal9|Any CPU
		{0E7A10F3-10E2-40CB-A47B-234615C4719B}.Release|Mixed Platforms.Build.0 = Internal9|Any CPU
		{0E7A10F3-10E2-40CB-A47B-234615C4719B}.Release|Win32.ActiveCfg = Internal9|Any CPU
		{0E7A10F3-10E2-40CB-A47B-234615C4719B}.Release|x86.ActiveCfg = Internal9|Any CPU
		{202E0819-A63F-4BE1-9314-13306C4C9C96}.Debug|Any CPU.ActiveCfg = Debug|Any CPU
		{202E0819-A63F-4BE1-9314-13306C4C9C96}.Debug|Any CPU.Build.0 = Debug|Any CPU
		{202E0819-A63F-4BE1-9314-13306C4C9C96}.Debug|Mixed Platforms.ActiveCfg = Debug|Any CPU
		{202E0819-A63F-4BE1-9314-13306C4C9C96}.Debug|Mixed Platforms.Build.0 = Debug|Any CPU
		{202E0819-A63F-4BE1-9314-13306C4C9C96}.Debug|Win32.ActiveCfg = Debug|Any CPU
		{202E0819-A63F-4BE1-9314-13306C4C9C96}.Debug|x86.ActiveCfg = Debug|Any CPU
		{202E0819-A63F-4BE1-9314-13306C4C9C96}.Devlab9|Any CPU.ActiveCfg = Devlab9|Any CPU
		{202E0819-A63F-4BE1-9314-13306C4C9C96}.Devlab9|Any CPU.Build.0 = Devlab9|Any CPU
		{202E0819-A63F-4BE1-9314-13306C4C9C96}.Devlab9|Mixed Platforms.ActiveCfg = Devlab9|Any CPU
		{202E0819-A63F-4BE1-9314-13306C4C9C96}.Devlab9|Mixed Platforms.Build.0 = Devlab9|Any CPU
		{202E0819-A63F-4BE1-9314-13306C4C9C96}.Devlab9|Win32.ActiveCfg = Devlab9|Any CPU
		{202E0819-A63F-4BE1-9314-13306C4C9C96}.Devlab9|x86.ActiveCfg = Devlab9|Any CPU
		{202E0819-A63F-4BE1-9314-13306C4C9C96}.Internal9|Any CPU.ActiveCfg = Internal9|Any CPU
		{202E0819-A63F-4BE1-9314-13306C4C9C96}.Internal9|Any CPU.Build.0 = Internal9|Any CPU
		{202E0819-A63F-4BE1-9314-13306C4C9C96}.Internal9|Mixed Platforms.ActiveCfg = Internal9|Any CPU
		{202E0819-A63F-4BE1-9314-13306C4C9C96}.Internal9|Mixed Platforms.Build.0 = Internal9|Any CPU
		{202E0819-A63F-4BE1-9314-13306C4C9C96}.Internal9|Win32.ActiveCfg = Internal9|Any CPU
		{202E0819-A63F-4BE1-9314-13306C4C9C96}.Internal9|x86.ActiveCfg = Internal9|Any CPU
		{202E0819-A63F-4BE1-9314-13306C4C9C96}.Release|Any CPU.ActiveCfg = Internal9|Any CPU
		{202E0819-A63F-4BE1-9314-13306C4C9C96}.Release|Any CPU.Build.0 = Internal9|Any CPU
		{202E0819-A63F-4BE1-9314-13306C4C9C96}.Release|Mixed Platforms.ActiveCfg = Internal9|Any CPU
		{202E0819-A63F-4BE1-9314-13306C4C9C96}.Release|Mixed Platforms.Build.0 = Internal9|Any CPU
		{202E0819-A63F-4BE1-9314-13306C4C9C96}.Release|Win32.ActiveCfg = Internal9|Any CPU
		{202E0819-A63F-4BE1-9314-13306C4C9C96}.Release|x86.ActiveCfg = Internal9|Any CPU
		{9FA6D0C7-6B7B-4090-818E-29DEA3C295AB}.Debug|Any CPU.ActiveCfg = Debug|Any CPU
		{9FA6D0C7-6B7B-4090-818E-29DEA3C295AB}.Debug|Any CPU.Build.0 = Debug|Any CPU
		{9FA6D0C7-6B7B-4090-818E-29DEA3C295AB}.Debug|Mixed Platforms.ActiveCfg = Debug|Any CPU
		{9FA6D0C7-6B7B-4090-818E-29DEA3C295AB}.Debug|Mixed Platforms.Build.0 = Debug|Any CPU
		{9FA6D0C7-6B7B-4090-818E-29DEA3C295AB}.Debug|Win32.ActiveCfg = Debug|Any CPU
		{9FA6D0C7-6B7B-4090-818E-29DEA3C295AB}.Debug|x86.ActiveCfg = Debug|Any CPU
		{9FA6D0C7-6B7B-4090-818E-29DEA3C295AB}.Devlab9|Any CPU.ActiveCfg = Devlab9|Any CPU
		{9FA6D0C7-6B7B-4090-818E-29DEA3C295AB}.Devlab9|Any CPU.Build.0 = Devlab9|Any CPU
		{9FA6D0C7-6B7B-4090-818E-29DEA3C295AB}.Devlab9|Mixed Platforms.ActiveCfg = Devlab9|Any CPU
		{9FA6D0C7-6B7B-4090-818E-29DEA3C295AB}.Devlab9|Mixed Platforms.Build.0 = Devlab9|Any CPU
		{9FA6D0C7-6B7B-4090-818E-29DEA3C295AB}.Devlab9|Win32.ActiveCfg = Devlab9|Any CPU
		{9FA6D0C7-6B7B-4090-818E-29DEA3C295AB}.Devlab9|x86.ActiveCfg = Devlab9|Any CPU
		{9FA6D0C7-6B7B-4090-818E-29DEA3C295AB}.Internal9|Any CPU.ActiveCfg = Internal9|Any CPU
		{9FA6D0C7-6B7B-4090-818E-29DEA3C295AB}.Internal9|Any CPU.Build.0 = Internal9|Any CPU
		{9FA6D0C7-6B7B-4090-818E-29DEA3C295AB}.Internal9|Mixed Platforms.ActiveCfg = Internal9|Any CPU
		{9FA6D0C7-6B7B-4090-818E-29DEA3C295AB}.Internal9|Mixed Platforms.Build.0 = Internal9|Any CPU
		{9FA6D0C7-6B7B-4090-818E-29DEA3C295AB}.Internal9|Win32.ActiveCfg = Internal9|Any CPU
		{9FA6D0C7-6B7B-4090-818E-29DEA3C295AB}.Internal9|x86.ActiveCfg = Internal9|Any CPU
		{9FA6D0C7-6B7B-4090-818E-29DEA3C295AB}.Release|Any CPU.ActiveCfg = Devlab9ro|Any CPU
		{9FA6D0C7-6B7B-4090-818E-29DEA3C295AB}.Release|Any CPU.Build.0 = Devlab9ro|Any CPU
		{9FA6D0C7-6B7B-4090-818E-29DEA3C295AB}.Release|Mixed Platforms.ActiveCfg = Devlab9ro|Any CPU
		{9FA6D0C7-6B7B-4090-818E-29DEA3C295AB}.Release|Mixed Platforms.Build.0 = Devlab9ro|Any CPU
		{9FA6D0C7-6B7B-4090-818E-29DEA3C295AB}.Release|Win32.ActiveCfg = Devlab9ro|Any CPU
		{9FA6D0C7-6B7B-4090-818E-29DEA3C295AB}.Release|x86.ActiveCfg = Devlab9ro|Any CPU
		{560BAEE6-D01B-4714-92EF-798EEBCCF2DB}.Debug|Any CPU.ActiveCfg = Debug|Any CPU
		{560BAEE6-D01B-4714-92EF-798EEBCCF2DB}.Debug|Any CPU.Build.0 = Debug|Any CPU
		{560BAEE6-D01B-4714-92EF-798EEBCCF2DB}.Debug|Mixed Platforms.ActiveCfg = Debug|Any CPU
		{560BAEE6-D01B-4714-92EF-798EEBCCF2DB}.Debug|Mixed Platforms.Build.0 = Debug|Any CPU
		{560BAEE6-D01B-4714-92EF-798EEBCCF2DB}.Debug|Win32.ActiveCfg = Debug|Any CPU
		{560BAEE6-D01B-4714-92EF-798EEBCCF2DB}.Debug|x86.ActiveCfg = Debug|Any CPU
		{560BAEE6-D01B-4714-92EF-798EEBCCF2DB}.Devlab9|Any CPU.ActiveCfg = Devlab9|Any CPU
		{560BAEE6-D01B-4714-92EF-798EEBCCF2DB}.Devlab9|Any CPU.Build.0 = Devlab9|Any CPU
		{560BAEE6-D01B-4714-92EF-798EEBCCF2DB}.Devlab9|Mixed Platforms.ActiveCfg = Devlab9|Any CPU
		{560BAEE6-D01B-4714-92EF-798EEBCCF2DB}.Devlab9|Mixed Platforms.Build.0 = Devlab9|Any CPU
		{560BAEE6-D01B-4714-92EF-798EEBCCF2DB}.Devlab9|Win32.ActiveCfg = Devlab9|Any CPU
		{560BAEE6-D01B-4714-92EF-798EEBCCF2DB}.Devlab9|x86.ActiveCfg = Devlab9|Any CPU
		{560BAEE6-D01B-4714-92EF-798EEBCCF2DB}.Internal9|Any CPU.ActiveCfg = Internal9|Any CPU
		{560BAEE6-D01B-4714-92EF-798EEBCCF2DB}.Internal9|Any CPU.Build.0 = Internal9|Any CPU
		{560BAEE6-D01B-4714-92EF-798EEBCCF2DB}.Internal9|Mixed Platforms.ActiveCfg = Internal9|Any CPU
		{560BAEE6-D01B-4714-92EF-798EEBCCF2DB}.Internal9|Mixed Platforms.Build.0 = Internal9|Any CPU
		{560BAEE6-D01B-4714-92EF-798EEBCCF2DB}.Internal9|Win32.ActiveCfg = Internal9|Any CPU
		{560BAEE6-D01B-4714-92EF-798EEBCCF2DB}.Internal9|x86.ActiveCfg = Internal9|Any CPU
		{560BAEE6-D01B-4714-92EF-798EEBCCF2DB}.Release|Any CPU.ActiveCfg = Devlab9ro|Any CPU
		{560BAEE6-D01B-4714-92EF-798EEBCCF2DB}.Release|Any CPU.Build.0 = Devlab9ro|Any CPU
		{560BAEE6-D01B-4714-92EF-798EEBCCF2DB}.Release|Mixed Platforms.ActiveCfg = Devlab9ro|Any CPU
		{560BAEE6-D01B-4714-92EF-798EEBCCF2DB}.Release|Mixed Platforms.Build.0 = Devlab9ro|Any CPU
		{560BAEE6-D01B-4714-92EF-798EEBCCF2DB}.Release|Win32.ActiveCfg = Devlab9ro|Any CPU
		{560BAEE6-D01B-4714-92EF-798EEBCCF2DB}.Release|x86.ActiveCfg = Devlab9ro|Any CPU
		{A09A280B-E5CE-4F5B-8081-163944392804}.Debug|Any CPU.ActiveCfg = Debug|Any CPU
		{A09A280B-E5CE-4F5B-8081-163944392804}.Debug|Any CPU.Build.0 = Debug|Any CPU
		{A09A280B-E5CE-4F5B-8081-163944392804}.Debug|Mixed Platforms.ActiveCfg = Debug|Any CPU
		{A09A280B-E5CE-4F5B-8081-163944392804}.Debug|Mixed Platforms.Build.0 = Debug|Any CPU
		{A09A280B-E5CE-4F5B-8081-163944392804}.Debug|Win32.ActiveCfg = Debug|Any CPU
		{A09A280B-E5CE-4F5B-8081-163944392804}.Debug|x86.ActiveCfg = Debug|Any CPU
		{A09A280B-E5CE-4F5B-8081-163944392804}.Devlab9|Any CPU.ActiveCfg = Devlab9|Any CPU
		{A09A280B-E5CE-4F5B-8081-163944392804}.Devlab9|Any CPU.Build.0 = Devlab9|Any CPU
		{A09A280B-E5CE-4F5B-8081-163944392804}.Devlab9|Mixed Platforms.ActiveCfg = Devlab9|Any CPU
		{A09A280B-E5CE-4F5B-8081-163944392804}.Devlab9|Mixed Platforms.Build.0 = Devlab9|Any CPU
		{A09A280B-E5CE-4F5B-8081-163944392804}.Devlab9|Win32.ActiveCfg = Devlab9|Any CPU
		{A09A280B-E5CE-4F5B-8081-163944392804}.Devlab9|x86.ActiveCfg = Devlab9|Any CPU
		{A09A280B-E5CE-4F5B-8081-163944392804}.Internal9|Any CPU.ActiveCfg = Internal9|Any CPU
		{A09A280B-E5CE-4F5B-8081-163944392804}.Internal9|Any CPU.Build.0 = Internal9|Any CPU
		{A09A280B-E5CE-4F5B-8081-163944392804}.Internal9|Mixed Platforms.ActiveCfg = Internal9|Any CPU
		{A09A280B-E5CE-4F5B-8081-163944392804}.Internal9|Mixed Platforms.Build.0 = Internal9|Any CPU
		{A09A280B-E5CE-4F5B-8081-163944392804}.Internal9|Win32.ActiveCfg = Internal9|Any CPU
		{A09A280B-E5CE-4F5B-8081-163944392804}.Internal9|x86.ActiveCfg = Internal9|Any CPU
		{A09A280B-E5CE-4F5B-8081-163944392804}.Release|Any CPU.ActiveCfg = Devlab9ro|Any CPU
		{A09A280B-E5CE-4F5B-8081-163944392804}.Release|Any CPU.Build.0 = Devlab9ro|Any CPU
		{A09A280B-E5CE-4F5B-8081-163944392804}.Release|Mixed Platforms.ActiveCfg = Devlab9ro|Any CPU
		{A09A280B-E5CE-4F5B-8081-163944392804}.Release|Mixed Platforms.Build.0 = Devlab9ro|Any CPU
		{A09A280B-E5CE-4F5B-8081-163944392804}.Release|Win32.ActiveCfg = Devlab9ro|Any CPU
		{A09A280B-E5CE-4F5B-8081-163944392804}.Release|x86.ActiveCfg = Devlab9ro|Any CPU
		{C719D602-0573-4E5A-AAFB-6DFF2106EEE6}.Debug|Any CPU.ActiveCfg = Debug|Any CPU
		{C719D602-0573-4E5A-AAFB-6DFF2106EEE6}.Debug|Any CPU.Build.0 = Debug|Any CPU
		{C719D602-0573-4E5A-AAFB-6DFF2106EEE6}.Debug|Mixed Platforms.ActiveCfg = Debug|Any CPU
		{C719D602-0573-4E5A-AAFB-6DFF2106EEE6}.Debug|Mixed Platforms.Build.0 = Debug|Any CPU
		{C719D602-0573-4E5A-AAFB-6DFF2106EEE6}.Debug|Win32.ActiveCfg = Debug|Any CPU
		{C719D602-0573-4E5A-AAFB-6DFF2106EEE6}.Debug|x86.ActiveCfg = Debug|Any CPU
		{C719D602-0573-4E5A-AAFB-6DFF2106EEE6}.Devlab9|Any CPU.ActiveCfg = Devlab9|Any CPU
		{C719D602-0573-4E5A-AAFB-6DFF2106EEE6}.Devlab9|Any CPU.Build.0 = Devlab9|Any CPU
		{C719D602-0573-4E5A-AAFB-6DFF2106EEE6}.Devlab9|Mixed Platforms.ActiveCfg = Devlab9|Any CPU
		{C719D602-0573-4E5A-AAFB-6DFF2106EEE6}.Devlab9|Mixed Platforms.Build.0 = Devlab9|Any CPU
		{C719D602-0573-4E5A-AAFB-6DFF2106EEE6}.Devlab9|Win32.ActiveCfg = Devlab9|Any CPU
		{C719D602-0573-4E5A-AAFB-6DFF2106EEE6}.Devlab9|x86.ActiveCfg = Devlab9|Any CPU
		{C719D602-0573-4E5A-AAFB-6DFF2106EEE6}.Internal9|Any CPU.ActiveCfg = Internal9|Any CPU
		{C719D602-0573-4E5A-AAFB-6DFF2106EEE6}.Internal9|Any CPU.Build.0 = Internal9|Any CPU
		{C719D602-0573-4E5A-AAFB-6DFF2106EEE6}.Internal9|Mixed Platforms.ActiveCfg = Internal9|Any CPU
		{C719D602-0573-4E5A-AAFB-6DFF2106EEE6}.Internal9|Mixed Platforms.Build.0 = Internal9|Any CPU
		{C719D602-0573-4E5A-AAFB-6DFF2106EEE6}.Internal9|Win32.ActiveCfg = Internal9|Any CPU
		{C719D602-0573-4E5A-AAFB-6DFF2106EEE6}.Internal9|x86.ActiveCfg = Internal9|Any CPU
		{C719D602-0573-4E5A-AAFB-6DFF2106EEE6}.Release|Any CPU.ActiveCfg = Internal9|Any CPU
		{C719D602-0573-4E5A-AAFB-6DFF2106EEE6}.Release|Any CPU.Build.0 = Internal9|Any CPU
		{C719D602-0573-4E5A-AAFB-6DFF2106EEE6}.Release|Mixed Platforms.ActiveCfg = Internal9|Any CPU
		{C719D602-0573-4E5A-AAFB-6DFF2106EEE6}.Release|Mixed Platforms.Build.0 = Internal9|Any CPU
		{C719D602-0573-4E5A-AAFB-6DFF2106EEE6}.Release|Win32.ActiveCfg = Internal9|Any CPU
		{C719D602-0573-4E5A-AAFB-6DFF2106EEE6}.Release|x86.ActiveCfg = Internal9|Any CPU
		{87CFEEDB-BF05-455C-A14D-51DCB3FE9C65}.Debug|Any CPU.ActiveCfg = Debug|Any CPU
		{87CFEEDB-BF05-455C-A14D-51DCB3FE9C65}.Debug|Any CPU.Build.0 = Debug|Any CPU
		{87CFEEDB-BF05-455C-A14D-51DCB3FE9C65}.Debug|Mixed Platforms.ActiveCfg = Debug|Any CPU
		{87CFEEDB-BF05-455C-A14D-51DCB3FE9C65}.Debug|Mixed Platforms.Build.0 = Debug|Any CPU
		{87CFEEDB-BF05-455C-A14D-51DCB3FE9C65}.Debug|Win32.ActiveCfg = Debug|Any CPU
		{87CFEEDB-BF05-455C-A14D-51DCB3FE9C65}.Debug|x86.ActiveCfg = Debug|Any CPU
		{87CFEEDB-BF05-455C-A14D-51DCB3FE9C65}.Devlab9|Any CPU.ActiveCfg = Devlab9|Any CPU
		{87CFEEDB-BF05-455C-A14D-51DCB3FE9C65}.Devlab9|Any CPU.Build.0 = Devlab9|Any CPU
		{87CFEEDB-BF05-455C-A14D-51DCB3FE9C65}.Devlab9|Mixed Platforms.ActiveCfg = Devlab9|Any CPU
		{87CFEEDB-BF05-455C-A14D-51DCB3FE9C65}.Devlab9|Mixed Platforms.Build.0 = Devlab9|Any CPU
		{87CFEEDB-BF05-455C-A14D-51DCB3FE9C65}.Devlab9|Win32.ActiveCfg = Devlab9|Any CPU
		{87CFEEDB-BF05-455C-A14D-51DCB3FE9C65}.Devlab9|x86.ActiveCfg = Devlab9|Any CPU
		{87CFEEDB-BF05-455C-A14D-51DCB3FE9C65}.Internal9|Any CPU.ActiveCfg = Internal9|Any CPU
		{87CFEEDB-BF05-455C-A14D-51DCB3FE9C65}.Internal9|Any CPU.Build.0 = Internal9|Any CPU
		{87CFEEDB-BF05-455C-A14D-51DCB3FE9C65}.Internal9|Mixed Platforms.ActiveCfg = Internal9|Any CPU
		{87CFEEDB-BF05-455C-A14D-51DCB3FE9C65}.Internal9|Mixed Platforms.Build.0 = Internal9|Any CPU
		{87CFEEDB-BF05-455C-A14D-51DCB3FE9C65}.Internal9|Win32.ActiveCfg = Internal9|Any CPU
		{87CFEEDB-BF05-455C-A14D-51DCB3FE9C65}.Internal9|x86.ActiveCfg = Internal9|Any CPU
		{87CFEEDB-BF05-455C-A14D-51DCB3FE9C65}.Release|Any CPU.ActiveCfg = Internal9|Any CPU
		{87CFEEDB-BF05-455C-A14D-51DCB3FE9C65}.Release|Any CPU.Build.0 = Internal9|Any CPU
		{87CFEEDB-BF05-455C-A14D-51DCB3FE9C65}.Release|Mixed Platforms.ActiveCfg = Internal9|Any CPU
		{87CFEEDB-BF05-455C-A14D-51DCB3FE9C65}.Release|Mixed Platforms.Build.0 = Internal9|Any CPU
		{87CFEEDB-BF05-455C-A14D-51DCB3FE9C65}.Release|Win32.ActiveCfg = Internal9|Any CPU
		{87CFEEDB-BF05-455C-A14D-51DCB3FE9C65}.Release|x86.ActiveCfg = Internal9|Any CPU
		{EF8C241A-7A60-4AA4-9E4B-2752472A96EF}.Debug|Any CPU.ActiveCfg = Debug|Any CPU
		{EF8C241A-7A60-4AA4-9E4B-2752472A96EF}.Debug|Any CPU.Build.0 = Debug|Any CPU
		{EF8C241A-7A60-4AA4-9E4B-2752472A96EF}.Debug|Mixed Platforms.ActiveCfg = Debug|Any CPU
		{EF8C241A-7A60-4AA4-9E4B-2752472A96EF}.Debug|Mixed Platforms.Build.0 = Debug|Any CPU
		{EF8C241A-7A60-4AA4-9E4B-2752472A96EF}.Debug|Win32.ActiveCfg = Debug|Any CPU
		{EF8C241A-7A60-4AA4-9E4B-2752472A96EF}.Debug|x86.ActiveCfg = Debug|Any CPU
		{EF8C241A-7A60-4AA4-9E4B-2752472A96EF}.Devlab9|Any CPU.ActiveCfg = Devlab9|Any CPU
		{EF8C241A-7A60-4AA4-9E4B-2752472A96EF}.Devlab9|Any CPU.Build.0 = Devlab9|Any CPU
		{EF8C241A-7A60-4AA4-9E4B-2752472A96EF}.Devlab9|Mixed Platforms.ActiveCfg = Devlab9|Any CPU
		{EF8C241A-7A60-4AA4-9E4B-2752472A96EF}.Devlab9|Mixed Platforms.Build.0 = Devlab9|Any CPU
		{EF8C241A-7A60-4AA4-9E4B-2752472A96EF}.Devlab9|Win32.ActiveCfg = Devlab9|Any CPU
		{EF8C241A-7A60-4AA4-9E4B-2752472A96EF}.Devlab9|x86.ActiveCfg = Devlab9|Any CPU
		{EF8C241A-7A60-4AA4-9E4B-2752472A96EF}.Internal9|Any CPU.ActiveCfg = Internal9|Any CPU
		{EF8C241A-7A60-4AA4-9E4B-2752472A96EF}.Internal9|Any CPU.Build.0 = Internal9|Any CPU
		{EF8C241A-7A60-4AA4-9E4B-2752472A96EF}.Internal9|Mixed Platforms.ActiveCfg = Internal9|Any CPU
		{EF8C241A-7A60-4AA4-9E4B-2752472A96EF}.Internal9|Mixed Platforms.Build.0 = Internal9|Any CPU
		{EF8C241A-7A60-4AA4-9E4B-2752472A96EF}.Internal9|Win32.ActiveCfg = Internal9|Any CPU
		{EF8C241A-7A60-4AA4-9E4B-2752472A96EF}.Internal9|x86.ActiveCfg = Internal9|Any CPU
		{EF8C241A-7A60-4AA4-9E4B-2752472A96EF}.Release|Any CPU.ActiveCfg = Internal9|Any CPU
		{EF8C241A-7A60-4AA4-9E4B-2752472A96EF}.Release|Any CPU.Build.0 = Internal9|Any CPU
		{EF8C241A-7A60-4AA4-9E4B-2752472A96EF}.Release|Mixed Platforms.ActiveCfg = Internal9|Any CPU
		{EF8C241A-7A60-4AA4-9E4B-2752472A96EF}.Release|Mixed Platforms.Build.0 = Internal9|Any CPU
		{EF8C241A-7A60-4AA4-9E4B-2752472A96EF}.Release|Win32.ActiveCfg = Internal9|Any CPU
		{EF8C241A-7A60-4AA4-9E4B-2752472A96EF}.Release|x86.ActiveCfg = Internal9|Any CPU
		{650CD908-450D-4B70-9A68-590C7A2AC32B}.Debug|Any CPU.ActiveCfg = Debug|Any CPU
		{650CD908-450D-4B70-9A68-590C7A2AC32B}.Debug|Any CPU.Build.0 = Debug|Any CPU
		{650CD908-450D-4B70-9A68-590C7A2AC32B}.Debug|Mixed Platforms.ActiveCfg = Debug|Any CPU
		{650CD908-450D-4B70-9A68-590C7A2AC32B}.Debug|Mixed Platforms.Build.0 = Debug|Any CPU
		{650CD908-450D-4B70-9A68-590C7A2AC32B}.Debug|Win32.ActiveCfg = Debug|Any CPU
		{650CD908-450D-4B70-9A68-590C7A2AC32B}.Debug|x86.ActiveCfg = Debug|Any CPU
		{650CD908-450D-4B70-9A68-590C7A2AC32B}.Devlab9|Any CPU.ActiveCfg = Devlab9|Any CPU
		{650CD908-450D-4B70-9A68-590C7A2AC32B}.Devlab9|Any CPU.Build.0 = Devlab9|Any CPU
		{650CD908-450D-4B70-9A68-590C7A2AC32B}.Devlab9|Mixed Platforms.ActiveCfg = Devlab9|Any CPU
		{650CD908-450D-4B70-9A68-590C7A2AC32B}.Devlab9|Mixed Platforms.Build.0 = Devlab9|Any CPU
		{650CD908-450D-4B70-9A68-590C7A2AC32B}.Devlab9|Win32.ActiveCfg = Devlab9|Any CPU
		{650CD908-450D-4B70-9A68-590C7A2AC32B}.Devlab9|x86.ActiveCfg = Devlab9|Any CPU
		{650CD908-450D-4B70-9A68-590C7A2AC32B}.Internal9|Any CPU.ActiveCfg = Internal9|Any CPU
		{650CD908-450D-4B70-9A68-590C7A2AC32B}.Internal9|Any CPU.Build.0 = Internal9|Any CPU
		{650CD908-450D-4B70-9A68-590C7A2AC32B}.Internal9|Mixed Platforms.ActiveCfg = Internal9|Any CPU
		{650CD908-450D-4B70-9A68-590C7A2AC32B}.Internal9|Mixed Platforms.Build.0 = Internal9|Any CPU
		{650CD908-450D-4B70-9A68-590C7A2AC32B}.Internal9|Win32.ActiveCfg = Internal9|Any CPU
		{650CD908-450D-4B70-9A68-590C7A2AC32B}.Internal9|x86.ActiveCfg = Internal9|Any CPU
		{650CD908-450D-4B70-9A68-590C7A2AC32B}.Release|Any CPU.ActiveCfg = Internal9|Any CPU
		{650CD908-450D-4B70-9A68-590C7A2AC32B}.Release|Any CPU.Build.0 = Internal9|Any CPU
		{650CD908-450D-4B70-9A68-590C7A2AC32B}.Release|Mixed Platforms.ActiveCfg = Internal9|Any CPU
		{650CD908-450D-4B70-9A68-590C7A2AC32B}.Release|Mixed Platforms.Build.0 = Internal9|Any CPU
		{650CD908-450D-4B70-9A68-590C7A2AC32B}.Release|Win32.ActiveCfg = Internal9|Any CPU
		{650CD908-450D-4B70-9A68-590C7A2AC32B}.Release|x86.ActiveCfg = Internal9|Any CPU
		{EB432A52-712F-478D-9A5B-81FF99DE6CBE}.Debug|Any CPU.ActiveCfg = Debug|Any CPU
		{EB432A52-712F-478D-9A5B-81FF99DE6CBE}.Debug|Any CPU.Build.0 = Debug|Any CPU
		{EB432A52-712F-478D-9A5B-81FF99DE6CBE}.Debug|Mixed Platforms.ActiveCfg = Debug|Any CPU
		{EB432A52-712F-478D-9A5B-81FF99DE6CBE}.Debug|Mixed Platforms.Build.0 = Debug|Any CPU
		{EB432A52-712F-478D-9A5B-81FF99DE6CBE}.Debug|Win32.ActiveCfg = Debug|Any CPU
		{EB432A52-712F-478D-9A5B-81FF99DE6CBE}.Debug|x86.ActiveCfg = Debug|Any CPU
		{EB432A52-712F-478D-9A5B-81FF99DE6CBE}.Devlab9|Any CPU.ActiveCfg = Devlab9|Any CPU
		{EB432A52-712F-478D-9A5B-81FF99DE6CBE}.Devlab9|Any CPU.Build.0 = Devlab9|Any CPU
		{EB432A52-712F-478D-9A5B-81FF99DE6CBE}.Devlab9|Mixed Platforms.ActiveCfg = Devlab9|Any CPU
		{EB432A52-712F-478D-9A5B-81FF99DE6CBE}.Devlab9|Mixed Platforms.Build.0 = Devlab9|Any CPU
		{EB432A52-712F-478D-9A5B-81FF99DE6CBE}.Devlab9|Win32.ActiveCfg = Devlab9|Any CPU
		{EB432A52-712F-478D-9A5B-81FF99DE6CBE}.Devlab9|x86.ActiveCfg = Devlab9|Any CPU
		{EB432A52-712F-478D-9A5B-81FF99DE6CBE}.Internal9|Any CPU.ActiveCfg = Internal9|Any CPU
		{EB432A52-712F-478D-9A5B-81FF99DE6CBE}.Internal9|Any CPU.Build.0 = Internal9|Any CPU
		{EB432A52-712F-478D-9A5B-81FF99DE6CBE}.Internal9|Mixed Platforms.ActiveCfg = Internal9|Any CPU
		{EB432A52-712F-478D-9A5B-81FF99DE6CBE}.Internal9|Mixed Platforms.Build.0 = Internal9|Any CPU
		{EB432A52-712F-478D-9A5B-81FF99DE6CBE}.Internal9|Win32.ActiveCfg = Internal9|Any CPU
		{EB432A52-712F-478D-9A5B-81FF99DE6CBE}.Internal9|x86.ActiveCfg = Internal9|Any CPU
		{EB432A52-712F-478D-9A5B-81FF99DE6CBE}.Release|Any CPU.ActiveCfg = Internal9|Any CPU
		{EB432A52-712F-478D-9A5B-81FF99DE6CBE}.Release|Any CPU.Build.0 = Internal9|Any CPU
		{EB432A52-712F-478D-9A5B-81FF99DE6CBE}.Release|Mixed Platforms.ActiveCfg = Internal9|Any CPU
		{EB432A52-712F-478D-9A5B-81FF99DE6CBE}.Release|Mixed Platforms.Build.0 = Internal9|Any CPU
		{EB432A52-712F-478D-9A5B-81FF99DE6CBE}.Release|Win32.ActiveCfg = Internal9|Any CPU
		{EB432A52-712F-478D-9A5B-81FF99DE6CBE}.Release|x86.ActiveCfg = Internal9|Any CPU
		{1A4FF4FF-5CF0-4DF0-8581-80A4DDBBCB5A}.Debug|Any CPU.ActiveCfg = Debug|Any CPU
		{1A4FF4FF-5CF0-4DF0-8581-80A4DDBBCB5A}.Debug|Any CPU.Build.0 = Debug|Any CPU
		{1A4FF4FF-5CF0-4DF0-8581-80A4DDBBCB5A}.Debug|Mixed Platforms.ActiveCfg = Debug|Any CPU
		{1A4FF4FF-5CF0-4DF0-8581-80A4DDBBCB5A}.Debug|Mixed Platforms.Build.0 = Debug|Any CPU
		{1A4FF4FF-5CF0-4DF0-8581-80A4DDBBCB5A}.Debug|Win32.ActiveCfg = Debug|Any CPU
		{1A4FF4FF-5CF0-4DF0-8581-80A4DDBBCB5A}.Debug|x86.ActiveCfg = Debug|Any CPU
		{1A4FF4FF-5CF0-4DF0-8581-80A4DDBBCB5A}.Devlab9|Any CPU.ActiveCfg = Devlab9|Any CPU
		{1A4FF4FF-5CF0-4DF0-8581-80A4DDBBCB5A}.Devlab9|Any CPU.Build.0 = Devlab9|Any CPU
		{1A4FF4FF-5CF0-4DF0-8581-80A4DDBBCB5A}.Devlab9|Mixed Platforms.ActiveCfg = Devlab9|Any CPU
		{1A4FF4FF-5CF0-4DF0-8581-80A4DDBBCB5A}.Devlab9|Mixed Platforms.Build.0 = Devlab9|Any CPU
		{1A4FF4FF-5CF0-4DF0-8581-80A4DDBBCB5A}.Devlab9|Win32.ActiveCfg = Devlab9|Any CPU
		{1A4FF4FF-5CF0-4DF0-8581-80A4DDBBCB5A}.Devlab9|x86.ActiveCfg = Devlab9|Any CPU
		{1A4FF4FF-5CF0-4DF0-8581-80A4DDBBCB5A}.Internal9|Any CPU.ActiveCfg = Internal9|Any CPU
		{1A4FF4FF-5CF0-4DF0-8581-80A4DDBBCB5A}.Internal9|Any CPU.Build.0 = Internal9|Any CPU
		{1A4FF4FF-5CF0-4DF0-8581-80A4DDBBCB5A}.Internal9|Mixed Platforms.ActiveCfg = Internal9|Any CPU
		{1A4FF4FF-5CF0-4DF0-8581-80A4DDBBCB5A}.Internal9|Mixed Platforms.Build.0 = Internal9|Any CPU
		{1A4FF4FF-5CF0-4DF0-8581-80A4DDBBCB5A}.Internal9|Win32.ActiveCfg = Internal9|Any CPU
		{1A4FF4FF-5CF0-4DF0-8581-80A4DDBBCB5A}.Internal9|x86.ActiveCfg = Internal9|Any CPU
		{1A4FF4FF-5CF0-4DF0-8581-80A4DDBBCB5A}.Release|Any CPU.ActiveCfg = Release|Any CPU
		{1A4FF4FF-5CF0-4DF0-8581-80A4DDBBCB5A}.Release|Any CPU.Build.0 = Release|Any CPU
		{1A4FF4FF-5CF0-4DF0-8581-80A4DDBBCB5A}.Release|Mixed Platforms.ActiveCfg = Release|Any CPU
		{1A4FF4FF-5CF0-4DF0-8581-80A4DDBBCB5A}.Release|Mixed Platforms.Build.0 = Release|Any CPU
		{1A4FF4FF-5CF0-4DF0-8581-80A4DDBBCB5A}.Release|Win32.ActiveCfg = Release|Any CPU
		{1A4FF4FF-5CF0-4DF0-8581-80A4DDBBCB5A}.Release|x86.ActiveCfg = Release|Any CPU
		{83E81339-DFB4-46A7-B0BF-21098B862AEF}.Debug|Any CPU.ActiveCfg = Debug|Any CPU
		{83E81339-DFB4-46A7-B0BF-21098B862AEF}.Debug|Any CPU.Build.0 = Debug|Any CPU
		{83E81339-DFB4-46A7-B0BF-21098B862AEF}.Debug|Mixed Platforms.ActiveCfg = Debug|Any CPU
		{83E81339-DFB4-46A7-B0BF-21098B862AEF}.Debug|Mixed Platforms.Build.0 = Debug|Any CPU
		{83E81339-DFB4-46A7-B0BF-21098B862AEF}.Debug|Win32.ActiveCfg = Debug|Any CPU
		{83E81339-DFB4-46A7-B0BF-21098B862AEF}.Debug|x86.ActiveCfg = Debug|Any CPU
		{83E81339-DFB4-46A7-B0BF-21098B862AEF}.Devlab9|Any CPU.ActiveCfg = Devlab9|Any CPU
		{83E81339-DFB4-46A7-B0BF-21098B862AEF}.Devlab9|Any CPU.Build.0 = Devlab9|Any CPU
		{83E81339-DFB4-46A7-B0BF-21098B862AEF}.Devlab9|Mixed Platforms.ActiveCfg = Devlab9|Any CPU
		{83E81339-DFB4-46A7-B0BF-21098B862AEF}.Devlab9|Mixed Platforms.Build.0 = Devlab9|Any CPU
		{83E81339-DFB4-46A7-B0BF-21098B862AEF}.Devlab9|Win32.ActiveCfg = Devlab9|Any CPU
		{83E81339-DFB4-46A7-B0BF-21098B862AEF}.Devlab9|x86.ActiveCfg = Devlab9|Any CPU
		{83E81339-DFB4-46A7-B0BF-21098B862AEF}.Internal9|Any CPU.ActiveCfg = Internal9|Any CPU
		{83E81339-DFB4-46A7-B0BF-21098B862AEF}.Internal9|Any CPU.Build.0 = Internal9|Any CPU
		{83E81339-DFB4-46A7-B0BF-21098B862AEF}.Internal9|Mixed Platforms.ActiveCfg = Internal9|Any CPU
		{83E81339-DFB4-46A7-B0BF-21098B862AEF}.Internal9|Mixed Platforms.Build.0 = Internal9|Any CPU
		{83E81339-DFB4-46A7-B0BF-21098B862AEF}.Internal9|Win32.ActiveCfg = Internal9|Any CPU
		{83E81339-DFB4-46A7-B0BF-21098B862AEF}.Internal9|x86.ActiveCfg = Internal9|Any CPU
		{83E81339-DFB4-46A7-B0BF-21098B862AEF}.Release|Any CPU.ActiveCfg = Release|Any CPU
		{83E81339-DFB4-46A7-B0BF-21098B862AEF}.Release|Any CPU.Build.0 = Release|Any CPU
		{83E81339-DFB4-46A7-B0BF-21098B862AEF}.Release|Mixed Platforms.ActiveCfg = Release|Any CPU
		{83E81339-DFB4-46A7-B0BF-21098B862AEF}.Release|Mixed Platforms.Build.0 = Release|Any CPU
		{83E81339-DFB4-46A7-B0BF-21098B862AEF}.Release|Win32.ActiveCfg = Release|Any CPU
		{83E81339-DFB4-46A7-B0BF-21098B862AEF}.Release|x86.ActiveCfg = Release|Any CPU
		{C5A99A99-96B4-42D2-ABD0-1AB546CF4E12}.Debug|Any CPU.ActiveCfg = Debug|Any CPU
		{C5A99A99-96B4-42D2-ABD0-1AB546CF4E12}.Debug|Any CPU.Build.0 = Debug|Any CPU
		{C5A99A99-96B4-42D2-ABD0-1AB546CF4E12}.Debug|Mixed Platforms.ActiveCfg = Debug|Any CPU
		{C5A99A99-96B4-42D2-ABD0-1AB546CF4E12}.Debug|Mixed Platforms.Build.0 = Debug|Any CPU
		{C5A99A99-96B4-42D2-ABD0-1AB546CF4E12}.Debug|Win32.ActiveCfg = Debug|Any CPU
		{C5A99A99-96B4-42D2-ABD0-1AB546CF4E12}.Debug|x86.ActiveCfg = Debug|Any CPU
		{C5A99A99-96B4-42D2-ABD0-1AB546CF4E12}.Devlab9|Any CPU.ActiveCfg = Devlab9|Any CPU
		{C5A99A99-96B4-42D2-ABD0-1AB546CF4E12}.Devlab9|Any CPU.Build.0 = Devlab9|Any CPU
		{C5A99A99-96B4-42D2-ABD0-1AB546CF4E12}.Devlab9|Mixed Platforms.ActiveCfg = Debug|Any CPU
		{C5A99A99-96B4-42D2-ABD0-1AB546CF4E12}.Devlab9|Mixed Platforms.Build.0 = Debug|Any CPU
		{C5A99A99-96B4-42D2-ABD0-1AB546CF4E12}.Devlab9|Win32.ActiveCfg = Debug|Any CPU
		{C5A99A99-96B4-42D2-ABD0-1AB546CF4E12}.Devlab9|x86.ActiveCfg = Debug|Any CPU
		{C5A99A99-96B4-42D2-ABD0-1AB546CF4E12}.Internal9|Any CPU.ActiveCfg = Internal9|Any CPU
		{C5A99A99-96B4-42D2-ABD0-1AB546CF4E12}.Internal9|Any CPU.Build.0 = Internal9|Any CPU
		{C5A99A99-96B4-42D2-ABD0-1AB546CF4E12}.Internal9|Mixed Platforms.ActiveCfg = Internal9|Any CPU
		{C5A99A99-96B4-42D2-ABD0-1AB546CF4E12}.Internal9|Mixed Platforms.Build.0 = Internal9|Any CPU
		{C5A99A99-96B4-42D2-ABD0-1AB546CF4E12}.Internal9|Win32.ActiveCfg = Release|Any CPU
		{C5A99A99-96B4-42D2-ABD0-1AB546CF4E12}.Internal9|x86.ActiveCfg = Release|Any CPU
		{C5A99A99-96B4-42D2-ABD0-1AB546CF4E12}.Release|Any CPU.ActiveCfg = Release|Any CPU
		{C5A99A99-96B4-42D2-ABD0-1AB546CF4E12}.Release|Any CPU.Build.0 = Release|Any CPU
		{C5A99A99-96B4-42D2-ABD0-1AB546CF4E12}.Release|Mixed Platforms.ActiveCfg = Release|Any CPU
		{C5A99A99-96B4-42D2-ABD0-1AB546CF4E12}.Release|Mixed Platforms.Build.0 = Release|Any CPU
		{C5A99A99-96B4-42D2-ABD0-1AB546CF4E12}.Release|Win32.ActiveCfg = Release|Any CPU
		{C5A99A99-96B4-42D2-ABD0-1AB546CF4E12}.Release|x86.ActiveCfg = Release|Any CPU
		{DDCFABF7-69E9-4B33-9F0E-A5661F960111}.Debug|Any CPU.ActiveCfg = Debug|Any CPU
		{DDCFABF7-69E9-4B33-9F0E-A5661F960111}.Debug|Any CPU.Build.0 = Debug|Any CPU
		{DDCFABF7-69E9-4B33-9F0E-A5661F960111}.Debug|Mixed Platforms.ActiveCfg = Debug|Any CPU
		{DDCFABF7-69E9-4B33-9F0E-A5661F960111}.Debug|Mixed Platforms.Build.0 = Debug|Any CPU
		{DDCFABF7-69E9-4B33-9F0E-A5661F960111}.Debug|Win32.ActiveCfg = Debug|Any CPU
		{DDCFABF7-69E9-4B33-9F0E-A5661F960111}.Debug|x86.ActiveCfg = Debug|Any CPU
		{DDCFABF7-69E9-4B33-9F0E-A5661F960111}.Devlab9|Any CPU.ActiveCfg = Release|Any CPU
		{DDCFABF7-69E9-4B33-9F0E-A5661F960111}.Devlab9|Any CPU.Build.0 = Release|Any CPU
		{DDCFABF7-69E9-4B33-9F0E-A5661F960111}.Devlab9|Mixed Platforms.ActiveCfg = Debug|Any CPU
		{DDCFABF7-69E9-4B33-9F0E-A5661F960111}.Devlab9|Mixed Platforms.Build.0 = Debug|Any CPU
		{DDCFABF7-69E9-4B33-9F0E-A5661F960111}.Devlab9|Win32.ActiveCfg = Debug|Any CPU
		{DDCFABF7-69E9-4B33-9F0E-A5661F960111}.Devlab9|x86.ActiveCfg = Debug|Any CPU
		{DDCFABF7-69E9-4B33-9F0E-A5661F960111}.Internal9|Any CPU.ActiveCfg = Release|Any CPU
		{DDCFABF7-69E9-4B33-9F0E-A5661F960111}.Internal9|Any CPU.Build.0 = Release|Any CPU
		{DDCFABF7-69E9-4B33-9F0E-A5661F960111}.Internal9|Mixed Platforms.ActiveCfg = Release|Any CPU
		{DDCFABF7-69E9-4B33-9F0E-A5661F960111}.Internal9|Mixed Platforms.Build.0 = Release|Any CPU
		{DDCFABF7-69E9-4B33-9F0E-A5661F960111}.Internal9|Win32.ActiveCfg = Release|Any CPU
		{DDCFABF7-69E9-4B33-9F0E-A5661F960111}.Internal9|x86.ActiveCfg = Release|Any CPU
		{DDCFABF7-69E9-4B33-9F0E-A5661F960111}.Release|Any CPU.ActiveCfg = Release|Any CPU
		{DDCFABF7-69E9-4B33-9F0E-A5661F960111}.Release|Any CPU.Build.0 = Release|Any CPU
		{DDCFABF7-69E9-4B33-9F0E-A5661F960111}.Release|Mixed Platforms.ActiveCfg = Release|Any CPU
		{DDCFABF7-69E9-4B33-9F0E-A5661F960111}.Release|Mixed Platforms.Build.0 = Release|Any CPU
		{DDCFABF7-69E9-4B33-9F0E-A5661F960111}.Release|Win32.ActiveCfg = Release|Any CPU
		{DDCFABF7-69E9-4B33-9F0E-A5661F960111}.Release|x86.ActiveCfg = Release|Any CPU
		{1926417C-C3E4-4137-B06A-90192A3AB682}.Debug|Any CPU.ActiveCfg = Debug|Any CPU
		{1926417C-C3E4-4137-B06A-90192A3AB682}.Debug|Any CPU.Build.0 = Debug|Any CPU
		{1926417C-C3E4-4137-B06A-90192A3AB682}.Debug|Mixed Platforms.ActiveCfg = Debug|Any CPU
		{1926417C-C3E4-4137-B06A-90192A3AB682}.Debug|Mixed Platforms.Build.0 = Debug|Any CPU
		{1926417C-C3E4-4137-B06A-90192A3AB682}.Debug|Win32.ActiveCfg = Debug|Any CPU
		{1926417C-C3E4-4137-B06A-90192A3AB682}.Debug|x86.ActiveCfg = Debug|Any CPU
		{1926417C-C3E4-4137-B06A-90192A3AB682}.Devlab9|Any CPU.ActiveCfg = Devlab9|Any CPU
		{1926417C-C3E4-4137-B06A-90192A3AB682}.Devlab9|Any CPU.Build.0 = Devlab9|Any CPU
		{1926417C-C3E4-4137-B06A-90192A3AB682}.Devlab9|Mixed Platforms.ActiveCfg = Debug|Any CPU
		{1926417C-C3E4-4137-B06A-90192A3AB682}.Devlab9|Mixed Platforms.Build.0 = Debug|Any CPU
		{1926417C-C3E4-4137-B06A-90192A3AB682}.Devlab9|Win32.ActiveCfg = Debug|Any CPU
		{1926417C-C3E4-4137-B06A-90192A3AB682}.Devlab9|x86.ActiveCfg = Debug|Any CPU
		{1926417C-C3E4-4137-B06A-90192A3AB682}.Internal9|Any CPU.ActiveCfg = Internal9|Any CPU
		{1926417C-C3E4-4137-B06A-90192A3AB682}.Internal9|Any CPU.Build.0 = Internal9|Any CPU
		{1926417C-C3E4-4137-B06A-90192A3AB682}.Internal9|Mixed Platforms.ActiveCfg = Internal9|Any CPU
		{1926417C-C3E4-4137-B06A-90192A3AB682}.Internal9|Mixed Platforms.Build.0 = Internal9|Any CPU
		{1926417C-C3E4-4137-B06A-90192A3AB682}.Internal9|Win32.ActiveCfg = Debug|Any CPU
		{1926417C-C3E4-4137-B06A-90192A3AB682}.Internal9|x86.ActiveCfg = Debug|Any CPU
		{1926417C-C3E4-4137-B06A-90192A3AB682}.Release|Any CPU.ActiveCfg = Debug|Any CPU
		{1926417C-C3E4-4137-B06A-90192A3AB682}.Release|Any CPU.Build.0 = Debug|Any CPU
		{1926417C-C3E4-4137-B06A-90192A3AB682}.Release|Mixed Platforms.ActiveCfg = Debug|Any CPU
		{1926417C-C3E4-4137-B06A-90192A3AB682}.Release|Mixed Platforms.Build.0 = Debug|Any CPU
		{1926417C-C3E4-4137-B06A-90192A3AB682}.Release|Win32.ActiveCfg = Debug|Any CPU
		{1926417C-C3E4-4137-B06A-90192A3AB682}.Release|x86.ActiveCfg = Debug|Any CPU
		{29106CFE-A683-4012-91E2-310552BE6258}.Debug|Any CPU.ActiveCfg = Debug|Any CPU
		{29106CFE-A683-4012-91E2-310552BE6258}.Debug|Any CPU.Build.0 = Debug|Any CPU
		{29106CFE-A683-4012-91E2-310552BE6258}.Debug|Mixed Platforms.ActiveCfg = Debug|Any CPU
		{29106CFE-A683-4012-91E2-310552BE6258}.Debug|Mixed Platforms.Build.0 = Debug|Any CPU
		{29106CFE-A683-4012-91E2-310552BE6258}.Debug|Win32.ActiveCfg = Debug|Any CPU
		{29106CFE-A683-4012-91E2-310552BE6258}.Debug|x86.ActiveCfg = Debug|Any CPU
		{29106CFE-A683-4012-91E2-310552BE6258}.Devlab9|Any CPU.ActiveCfg = Devlab9|Any CPU
		{29106CFE-A683-4012-91E2-310552BE6258}.Devlab9|Any CPU.Build.0 = Devlab9|Any CPU
		{29106CFE-A683-4012-91E2-310552BE6258}.Devlab9|Mixed Platforms.ActiveCfg = Debug|Any CPU
		{29106CFE-A683-4012-91E2-310552BE6258}.Devlab9|Mixed Platforms.Build.0 = Debug|Any CPU
		{29106CFE-A683-4012-91E2-310552BE6258}.Devlab9|Win32.ActiveCfg = Debug|Any CPU
		{29106CFE-A683-4012-91E2-310552BE6258}.Devlab9|x86.ActiveCfg = Debug|Any CPU
		{29106CFE-A683-4012-91E2-310552BE6258}.Internal9|Any CPU.ActiveCfg = Internal9|Any CPU
		{29106CFE-A683-4012-91E2-310552BE6258}.Internal9|Any CPU.Build.0 = Internal9|Any CPU
		{29106CFE-A683-4012-91E2-310552BE6258}.Internal9|Mixed Platforms.ActiveCfg = Internal9|Any CPU
		{29106CFE-A683-4012-91E2-310552BE6258}.Internal9|Mixed Platforms.Build.0 = Internal9|Any CPU
		{29106CFE-A683-4012-91E2-310552BE6258}.Internal9|Win32.ActiveCfg = Debug|Any CPU
		{29106CFE-A683-4012-91E2-310552BE6258}.Internal9|x86.ActiveCfg = Debug|Any CPU
		{29106CFE-A683-4012-91E2-310552BE6258}.Release|Any CPU.ActiveCfg = Debug|Any CPU
		{29106CFE-A683-4012-91E2-310552BE6258}.Release|Any CPU.Build.0 = Debug|Any CPU
		{29106CFE-A683-4012-91E2-310552BE6258}.Release|Mixed Platforms.ActiveCfg = Debug|Any CPU
		{29106CFE-A683-4012-91E2-310552BE6258}.Release|Mixed Platforms.Build.0 = Debug|Any CPU
		{29106CFE-A683-4012-91E2-310552BE6258}.Release|Win32.ActiveCfg = Debug|Any CPU
		{29106CFE-A683-4012-91E2-310552BE6258}.Release|x86.ActiveCfg = Debug|Any CPU
		{23B4C62D-6128-4619-92CB-C0CDE3271541}.Debug|Any CPU.ActiveCfg = Debug|Any CPU
		{23B4C62D-6128-4619-92CB-C0CDE3271541}.Debug|Any CPU.Build.0 = Debug|Any CPU
		{23B4C62D-6128-4619-92CB-C0CDE3271541}.Debug|Mixed Platforms.ActiveCfg = Debug|Any CPU
		{23B4C62D-6128-4619-92CB-C0CDE3271541}.Debug|Mixed Platforms.Build.0 = Debug|Any CPU
		{23B4C62D-6128-4619-92CB-C0CDE3271541}.Debug|Win32.ActiveCfg = Debug|Any CPU
		{23B4C62D-6128-4619-92CB-C0CDE3271541}.Debug|x86.ActiveCfg = Debug|Any CPU
		{23B4C62D-6128-4619-92CB-C0CDE3271541}.Devlab9|Any CPU.ActiveCfg = Devlab9|Any CPU
		{23B4C62D-6128-4619-92CB-C0CDE3271541}.Devlab9|Any CPU.Build.0 = Devlab9|Any CPU
		{23B4C62D-6128-4619-92CB-C0CDE3271541}.Devlab9|Mixed Platforms.ActiveCfg = Debug|Any CPU
		{23B4C62D-6128-4619-92CB-C0CDE3271541}.Devlab9|Mixed Platforms.Build.0 = Debug|Any CPU
		{23B4C62D-6128-4619-92CB-C0CDE3271541}.Devlab9|Win32.ActiveCfg = Debug|Any CPU
		{23B4C62D-6128-4619-92CB-C0CDE3271541}.Devlab9|x86.ActiveCfg = Debug|Any CPU
		{23B4C62D-6128-4619-92CB-C0CDE3271541}.Internal9|Any CPU.ActiveCfg = Internal9|Any CPU
		{23B4C62D-6128-4619-92CB-C0CDE3271541}.Internal9|Any CPU.Build.0 = Internal9|Any CPU
		{23B4C62D-6128-4619-92CB-C0CDE3271541}.Internal9|Mixed Platforms.ActiveCfg = Internal9|Any CPU
		{23B4C62D-6128-4619-92CB-C0CDE3271541}.Internal9|Mixed Platforms.Build.0 = Internal9|Any CPU
		{23B4C62D-6128-4619-92CB-C0CDE3271541}.Internal9|Win32.ActiveCfg = Debug|Any CPU
		{23B4C62D-6128-4619-92CB-C0CDE3271541}.Internal9|x86.ActiveCfg = Debug|Any CPU
		{23B4C62D-6128-4619-92CB-C0CDE3271541}.Release|Any CPU.ActiveCfg = Debug|Any CPU
		{23B4C62D-6128-4619-92CB-C0CDE3271541}.Release|Any CPU.Build.0 = Debug|Any CPU
		{23B4C62D-6128-4619-92CB-C0CDE3271541}.Release|Mixed Platforms.ActiveCfg = Debug|Any CPU
		{23B4C62D-6128-4619-92CB-C0CDE3271541}.Release|Mixed Platforms.Build.0 = Debug|Any CPU
		{23B4C62D-6128-4619-92CB-C0CDE3271541}.Release|Win32.ActiveCfg = Debug|Any CPU
		{23B4C62D-6128-4619-92CB-C0CDE3271541}.Release|x86.ActiveCfg = Debug|Any CPU
		{34F25C64-A624-46E6-9832-4F59C5FDDB07}.Debug|Any CPU.ActiveCfg = Debug|Any CPU
		{34F25C64-A624-46E6-9832-4F59C5FDDB07}.Debug|Any CPU.Build.0 = Debug|Any CPU
		{34F25C64-A624-46E6-9832-4F59C5FDDB07}.Debug|Mixed Platforms.ActiveCfg = Debug|Any CPU
		{34F25C64-A624-46E6-9832-4F59C5FDDB07}.Debug|Mixed Platforms.Build.0 = Debug|Any CPU
		{34F25C64-A624-46E6-9832-4F59C5FDDB07}.Debug|Win32.ActiveCfg = Debug|Any CPU
		{34F25C64-A624-46E6-9832-4F59C5FDDB07}.Debug|x86.ActiveCfg = Debug|Any CPU
		{34F25C64-A624-46E6-9832-4F59C5FDDB07}.Devlab9|Any CPU.ActiveCfg = Devlab9|Any CPU
		{34F25C64-A624-46E6-9832-4F59C5FDDB07}.Devlab9|Any CPU.Build.0 = Devlab9|Any CPU
		{34F25C64-A624-46E6-9832-4F59C5FDDB07}.Devlab9|Mixed Platforms.ActiveCfg = Debug|Any CPU
		{34F25C64-A624-46E6-9832-4F59C5FDDB07}.Devlab9|Mixed Platforms.Build.0 = Debug|Any CPU
		{34F25C64-A624-46E6-9832-4F59C5FDDB07}.Devlab9|Win32.ActiveCfg = Debug|Any CPU
		{34F25C64-A624-46E6-9832-4F59C5FDDB07}.Devlab9|x86.ActiveCfg = Debug|Any CPU
		{34F25C64-A624-46E6-9832-4F59C5FDDB07}.Internal9|Any CPU.ActiveCfg = Internal9|Any CPU
		{34F25C64-A624-46E6-9832-4F59C5FDDB07}.Internal9|Any CPU.Build.0 = Internal9|Any CPU
		{34F25C64-A624-46E6-9832-4F59C5FDDB07}.Internal9|Mixed Platforms.ActiveCfg = Internal9|Any CPU
		{34F25C64-A624-46E6-9832-4F59C5FDDB07}.Internal9|Mixed Platforms.Build.0 = Internal9|Any CPU
		{34F25C64-A624-46E6-9832-4F59C5FDDB07}.Internal9|Win32.ActiveCfg = Debug|Any CPU
		{34F25C64-A624-46E6-9832-4F59C5FDDB07}.Internal9|x86.ActiveCfg = Debug|Any CPU
		{34F25C64-A624-46E6-9832-4F59C5FDDB07}.Release|Any CPU.ActiveCfg = Debug|Any CPU
		{34F25C64-A624-46E6-9832-4F59C5FDDB07}.Release|Any CPU.Build.0 = Debug|Any CPU
		{34F25C64-A624-46E6-9832-4F59C5FDDB07}.Release|Mixed Platforms.ActiveCfg = Debug|Any CPU
		{34F25C64-A624-46E6-9832-4F59C5FDDB07}.Release|Mixed Platforms.Build.0 = Debug|Any CPU
		{34F25C64-A624-46E6-9832-4F59C5FDDB07}.Release|Win32.ActiveCfg = Debug|Any CPU
		{34F25C64-A624-46E6-9832-4F59C5FDDB07}.Release|x86.ActiveCfg = Debug|Any CPU
		{44D764EF-D471-4981-B774-B8B532EDB690}.Debug|Any CPU.ActiveCfg = Debug|Any CPU
		{44D764EF-D471-4981-B774-B8B532EDB690}.Debug|Any CPU.Build.0 = Debug|Any CPU
		{44D764EF-D471-4981-B774-B8B532EDB690}.Debug|Mixed Platforms.ActiveCfg = Debug|Any CPU
		{44D764EF-D471-4981-B774-B8B532EDB690}.Debug|Mixed Platforms.Build.0 = Debug|Any CPU
		{44D764EF-D471-4981-B774-B8B532EDB690}.Debug|Win32.ActiveCfg = Debug|Any CPU
		{44D764EF-D471-4981-B774-B8B532EDB690}.Debug|x86.ActiveCfg = Debug|Any CPU
		{44D764EF-D471-4981-B774-B8B532EDB690}.Devlab9|Any CPU.ActiveCfg = Devlab9|Any CPU
		{44D764EF-D471-4981-B774-B8B532EDB690}.Devlab9|Any CPU.Build.0 = Devlab9|Any CPU
		{44D764EF-D471-4981-B774-B8B532EDB690}.Devlab9|Mixed Platforms.ActiveCfg = Debug|Any CPU
		{44D764EF-D471-4981-B774-B8B532EDB690}.Devlab9|Mixed Platforms.Build.0 = Debug|Any CPU
		{44D764EF-D471-4981-B774-B8B532EDB690}.Devlab9|Win32.ActiveCfg = Debug|Any CPU
		{44D764EF-D471-4981-B774-B8B532EDB690}.Devlab9|x86.ActiveCfg = Debug|Any CPU
		{44D764EF-D471-4981-B774-B8B532EDB690}.Internal9|Any CPU.ActiveCfg = Internal9|Any CPU
		{44D764EF-D471-4981-B774-B8B532EDB690}.Internal9|Any CPU.Build.0 = Internal9|Any CPU
		{44D764EF-D471-4981-B774-B8B532EDB690}.Internal9|Mixed Platforms.ActiveCfg = Internal9|Any CPU
		{44D764EF-D471-4981-B774-B8B532EDB690}.Internal9|Mixed Platforms.Build.0 = Internal9|Any CPU
		{44D764EF-D471-4981-B774-B8B532EDB690}.Internal9|Win32.ActiveCfg = Debug|Any CPU
		{44D764EF-D471-4981-B774-B8B532EDB690}.Internal9|x86.ActiveCfg = Debug|Any CPU
		{44D764EF-D471-4981-B774-B8B532EDB690}.Release|Any CPU.ActiveCfg = Debug|Any CPU
		{44D764EF-D471-4981-B774-B8B532EDB690}.Release|Any CPU.Build.0 = Debug|Any CPU
		{44D764EF-D471-4981-B774-B8B532EDB690}.Release|Mixed Platforms.ActiveCfg = Debug|Any CPU
		{44D764EF-D471-4981-B774-B8B532EDB690}.Release|Mixed Platforms.Build.0 = Debug|Any CPU
		{44D764EF-D471-4981-B774-B8B532EDB690}.Release|Win32.ActiveCfg = Debug|Any CPU
		{44D764EF-D471-4981-B774-B8B532EDB690}.Release|x86.ActiveCfg = Debug|Any CPU
		{76F807DC-76BC-413E-95FD-A7E661DB1B33}.Debug|Any CPU.ActiveCfg = Debug|Any CPU
		{76F807DC-76BC-413E-95FD-A7E661DB1B33}.Debug|Any CPU.Build.0 = Debug|Any CPU
		{76F807DC-76BC-413E-95FD-A7E661DB1B33}.Debug|Mixed Platforms.ActiveCfg = Debug|Any CPU
		{76F807DC-76BC-413E-95FD-A7E661DB1B33}.Debug|Mixed Platforms.Build.0 = Debug|Any CPU
		{76F807DC-76BC-413E-95FD-A7E661DB1B33}.Debug|Win32.ActiveCfg = Debug|Any CPU
		{76F807DC-76BC-413E-95FD-A7E661DB1B33}.Debug|x86.ActiveCfg = Debug|Any CPU
		{76F807DC-76BC-413E-95FD-A7E661DB1B33}.Devlab9|Any CPU.ActiveCfg = Devlab9|Any CPU
		{76F807DC-76BC-413E-95FD-A7E661DB1B33}.Devlab9|Any CPU.Build.0 = Devlab9|Any CPU
		{76F807DC-76BC-413E-95FD-A7E661DB1B33}.Devlab9|Mixed Platforms.ActiveCfg = Debug|Any CPU
		{76F807DC-76BC-413E-95FD-A7E661DB1B33}.Devlab9|Mixed Platforms.Build.0 = Debug|Any CPU
		{76F807DC-76BC-413E-95FD-A7E661DB1B33}.Devlab9|Win32.ActiveCfg = Debug|Any CPU
		{76F807DC-76BC-413E-95FD-A7E661DB1B33}.Devlab9|x86.ActiveCfg = Debug|Any CPU
		{76F807DC-76BC-413E-95FD-A7E661DB1B33}.Internal9|Any CPU.ActiveCfg = Internal9|Any CPU
		{76F807DC-76BC-413E-95FD-A7E661DB1B33}.Internal9|Any CPU.Build.0 = Internal9|Any CPU
		{76F807DC-76BC-413E-95FD-A7E661DB1B33}.Internal9|Mixed Platforms.ActiveCfg = Internal9|Any CPU
		{76F807DC-76BC-413E-95FD-A7E661DB1B33}.Internal9|Mixed Platforms.Build.0 = Internal9|Any CPU
		{76F807DC-76BC-413E-95FD-A7E661DB1B33}.Internal9|Win32.ActiveCfg = Debug|Any CPU
		{76F807DC-76BC-413E-95FD-A7E661DB1B33}.Internal9|x86.ActiveCfg = Debug|Any CPU
		{76F807DC-76BC-413E-95FD-A7E661DB1B33}.Release|Any CPU.ActiveCfg = Debug|Any CPU
		{76F807DC-76BC-413E-95FD-A7E661DB1B33}.Release|Any CPU.Build.0 = Debug|Any CPU
		{76F807DC-76BC-413E-95FD-A7E661DB1B33}.Release|Mixed Platforms.ActiveCfg = Debug|Any CPU
		{76F807DC-76BC-413E-95FD-A7E661DB1B33}.Release|Mixed Platforms.Build.0 = Debug|Any CPU
		{76F807DC-76BC-413E-95FD-A7E661DB1B33}.Release|Win32.ActiveCfg = Debug|Any CPU
		{76F807DC-76BC-413E-95FD-A7E661DB1B33}.Release|x86.ActiveCfg = Debug|Any CPU
		{0C2F5C12-CFB2-485A-900E-14547F93CE9E}.Debug|Any CPU.ActiveCfg = Debug|Any CPU
		{0C2F5C12-CFB2-485A-900E-14547F93CE9E}.Debug|Any CPU.Build.0 = Debug|Any CPU
		{0C2F5C12-CFB2-485A-900E-14547F93CE9E}.Debug|Mixed Platforms.ActiveCfg = Debug|Any CPU
		{0C2F5C12-CFB2-485A-900E-14547F93CE9E}.Debug|Mixed Platforms.Build.0 = Debug|Any CPU
		{0C2F5C12-CFB2-485A-900E-14547F93CE9E}.Debug|Win32.ActiveCfg = Debug|Any CPU
		{0C2F5C12-CFB2-485A-900E-14547F93CE9E}.Debug|x86.ActiveCfg = Debug|Any CPU
		{0C2F5C12-CFB2-485A-900E-14547F93CE9E}.Devlab9|Any CPU.ActiveCfg = Devlab9|Any CPU
		{0C2F5C12-CFB2-485A-900E-14547F93CE9E}.Devlab9|Any CPU.Build.0 = Devlab9|Any CPU
		{0C2F5C12-CFB2-485A-900E-14547F93CE9E}.Devlab9|Mixed Platforms.ActiveCfg = Debug|Any CPU
		{0C2F5C12-CFB2-485A-900E-14547F93CE9E}.Devlab9|Mixed Platforms.Build.0 = Debug|Any CPU
		{0C2F5C12-CFB2-485A-900E-14547F93CE9E}.Devlab9|Win32.ActiveCfg = Debug|Any CPU
		{0C2F5C12-CFB2-485A-900E-14547F93CE9E}.Devlab9|x86.ActiveCfg = Debug|Any CPU
		{0C2F5C12-CFB2-485A-900E-14547F93CE9E}.Internal9|Any CPU.ActiveCfg = Internal9|Any CPU
		{0C2F5C12-CFB2-485A-900E-14547F93CE9E}.Internal9|Any CPU.Build.0 = Internal9|Any CPU
		{0C2F5C12-CFB2-485A-900E-14547F93CE9E}.Internal9|Mixed Platforms.ActiveCfg = Internal9|Any CPU
		{0C2F5C12-CFB2-485A-900E-14547F93CE9E}.Internal9|Mixed Platforms.Build.0 = Internal9|Any CPU
		{0C2F5C12-CFB2-485A-900E-14547F93CE9E}.Internal9|Win32.ActiveCfg = Debug|Any CPU
		{0C2F5C12-CFB2-485A-900E-14547F93CE9E}.Internal9|x86.ActiveCfg = Debug|Any CPU
		{0C2F5C12-CFB2-485A-900E-14547F93CE9E}.Release|Any CPU.ActiveCfg = Debug|Any CPU
		{0C2F5C12-CFB2-485A-900E-14547F93CE9E}.Release|Any CPU.Build.0 = Debug|Any CPU
		{0C2F5C12-CFB2-485A-900E-14547F93CE9E}.Release|Mixed Platforms.ActiveCfg = Debug|Any CPU
		{0C2F5C12-CFB2-485A-900E-14547F93CE9E}.Release|Mixed Platforms.Build.0 = Debug|Any CPU
		{0C2F5C12-CFB2-485A-900E-14547F93CE9E}.Release|Win32.ActiveCfg = Debug|Any CPU
		{0C2F5C12-CFB2-485A-900E-14547F93CE9E}.Release|x86.ActiveCfg = Debug|Any CPU
		{846689C9-C6E5-4576-BC63-F4A8762C0322}.Debug|Any CPU.ActiveCfg = Debug|Any CPU
		{846689C9-C6E5-4576-BC63-F4A8762C0322}.Debug|Any CPU.Build.0 = Debug|Any CPU
		{846689C9-C6E5-4576-BC63-F4A8762C0322}.Debug|Mixed Platforms.ActiveCfg = Debug|Any CPU
		{846689C9-C6E5-4576-BC63-F4A8762C0322}.Debug|Mixed Platforms.Build.0 = Debug|Any CPU
		{846689C9-C6E5-4576-BC63-F4A8762C0322}.Debug|Win32.ActiveCfg = Debug|Any CPU
		{846689C9-C6E5-4576-BC63-F4A8762C0322}.Debug|x86.ActiveCfg = Debug|Any CPU
		{846689C9-C6E5-4576-BC63-F4A8762C0322}.Devlab9|Any CPU.ActiveCfg = Devlab9|Any CPU
		{846689C9-C6E5-4576-BC63-F4A8762C0322}.Devlab9|Any CPU.Build.0 = Devlab9|Any CPU
		{846689C9-C6E5-4576-BC63-F4A8762C0322}.Devlab9|Mixed Platforms.ActiveCfg = Debug|Any CPU
		{846689C9-C6E5-4576-BC63-F4A8762C0322}.Devlab9|Mixed Platforms.Build.0 = Debug|Any CPU
		{846689C9-C6E5-4576-BC63-F4A8762C0322}.Devlab9|Win32.ActiveCfg = Debug|Any CPU
		{846689C9-C6E5-4576-BC63-F4A8762C0322}.Devlab9|x86.ActiveCfg = Debug|Any CPU
		{846689C9-C6E5-4576-BC63-F4A8762C0322}.Internal9|Any CPU.ActiveCfg = Internal9|Any CPU
		{846689C9-C6E5-4576-BC63-F4A8762C0322}.Internal9|Any CPU.Build.0 = Internal9|Any CPU
		{846689C9-C6E5-4576-BC63-F4A8762C0322}.Internal9|Mixed Platforms.ActiveCfg = Internal9|Any CPU
		{846689C9-C6E5-4576-BC63-F4A8762C0322}.Internal9|Mixed Platforms.Build.0 = Internal9|Any CPU
		{846689C9-C6E5-4576-BC63-F4A8762C0322}.Internal9|Win32.ActiveCfg = Debug|Any CPU
		{846689C9-C6E5-4576-BC63-F4A8762C0322}.Internal9|x86.ActiveCfg = Debug|Any CPU
		{846689C9-C6E5-4576-BC63-F4A8762C0322}.Release|Any CPU.ActiveCfg = Debug|Any CPU
		{846689C9-C6E5-4576-BC63-F4A8762C0322}.Release|Any CPU.Build.0 = Debug|Any CPU
		{846689C9-C6E5-4576-BC63-F4A8762C0322}.Release|Mixed Platforms.ActiveCfg = Debug|Any CPU
		{846689C9-C6E5-4576-BC63-F4A8762C0322}.Release|Mixed Platforms.Build.0 = Debug|Any CPU
		{846689C9-C6E5-4576-BC63-F4A8762C0322}.Release|Win32.ActiveCfg = Debug|Any CPU
		{846689C9-C6E5-4576-BC63-F4A8762C0322}.Release|x86.ActiveCfg = Debug|Any CPU
		{20C549CD-6524-4FB5-AD58-AAA939C75CEF}.Debug|Any CPU.ActiveCfg = Debug|Any CPU
		{20C549CD-6524-4FB5-AD58-AAA939C75CEF}.Debug|Any CPU.Build.0 = Debug|Any CPU
		{20C549CD-6524-4FB5-AD58-AAA939C75CEF}.Debug|Mixed Platforms.ActiveCfg = Debug|Any CPU
		{20C549CD-6524-4FB5-AD58-AAA939C75CEF}.Debug|Mixed Platforms.Build.0 = Debug|Any CPU
		{20C549CD-6524-4FB5-AD58-AAA939C75CEF}.Debug|Win32.ActiveCfg = Debug|Any CPU
		{20C549CD-6524-4FB5-AD58-AAA939C75CEF}.Debug|x86.ActiveCfg = Debug|Any CPU
		{20C549CD-6524-4FB5-AD58-AAA939C75CEF}.Devlab9|Any CPU.ActiveCfg = Devlab9|Any CPU
		{20C549CD-6524-4FB5-AD58-AAA939C75CEF}.Devlab9|Any CPU.Build.0 = Devlab9|Any CPU
		{20C549CD-6524-4FB5-AD58-AAA939C75CEF}.Devlab9|Mixed Platforms.ActiveCfg = Debug|Any CPU
		{20C549CD-6524-4FB5-AD58-AAA939C75CEF}.Devlab9|Mixed Platforms.Build.0 = Debug|Any CPU
		{20C549CD-6524-4FB5-AD58-AAA939C75CEF}.Devlab9|Win32.ActiveCfg = Debug|Any CPU
		{20C549CD-6524-4FB5-AD58-AAA939C75CEF}.Devlab9|x86.ActiveCfg = Debug|Any CPU
		{20C549CD-6524-4FB5-AD58-AAA939C75CEF}.Internal9|Any CPU.ActiveCfg = Internal9|Any CPU
		{20C549CD-6524-4FB5-AD58-AAA939C75CEF}.Internal9|Any CPU.Build.0 = Internal9|Any CPU
		{20C549CD-6524-4FB5-AD58-AAA939C75CEF}.Internal9|Mixed Platforms.ActiveCfg = Internal9|Any CPU
		{20C549CD-6524-4FB5-AD58-AAA939C75CEF}.Internal9|Mixed Platforms.Build.0 = Internal9|Any CPU
		{20C549CD-6524-4FB5-AD58-AAA939C75CEF}.Internal9|Win32.ActiveCfg = Debug|Any CPU
		{20C549CD-6524-4FB5-AD58-AAA939C75CEF}.Internal9|x86.ActiveCfg = Debug|Any CPU
		{20C549CD-6524-4FB5-AD58-AAA939C75CEF}.Release|Any CPU.ActiveCfg = Debug|Any CPU
		{20C549CD-6524-4FB5-AD58-AAA939C75CEF}.Release|Any CPU.Build.0 = Debug|Any CPU
		{20C549CD-6524-4FB5-AD58-AAA939C75CEF}.Release|Mixed Platforms.ActiveCfg = Debug|Any CPU
		{20C549CD-6524-4FB5-AD58-AAA939C75CEF}.Release|Mixed Platforms.Build.0 = Debug|Any CPU
		{20C549CD-6524-4FB5-AD58-AAA939C75CEF}.Release|Win32.ActiveCfg = Debug|Any CPU
		{20C549CD-6524-4FB5-AD58-AAA939C75CEF}.Release|x86.ActiveCfg = Debug|Any CPU
		{4C272996-FE22-4700-BA18-0A2F482FB857}.Debug|Any CPU.ActiveCfg = Debug|Any CPU
		{4C272996-FE22-4700-BA18-0A2F482FB857}.Debug|Any CPU.Build.0 = Debug|Any CPU
		{4C272996-FE22-4700-BA18-0A2F482FB857}.Debug|Mixed Platforms.ActiveCfg = Debug|Any CPU
		{4C272996-FE22-4700-BA18-0A2F482FB857}.Debug|Mixed Platforms.Build.0 = Debug|Any CPU
		{4C272996-FE22-4700-BA18-0A2F482FB857}.Debug|Win32.ActiveCfg = Debug|Any CPU
		{4C272996-FE22-4700-BA18-0A2F482FB857}.Debug|x86.ActiveCfg = Debug|Any CPU
		{4C272996-FE22-4700-BA18-0A2F482FB857}.Devlab9|Any CPU.ActiveCfg = Release|Any CPU
		{4C272996-FE22-4700-BA18-0A2F482FB857}.Devlab9|Any CPU.Build.0 = Release|Any CPU
		{4C272996-FE22-4700-BA18-0A2F482FB857}.Devlab9|Mixed Platforms.ActiveCfg = Debug|Any CPU
		{4C272996-FE22-4700-BA18-0A2F482FB857}.Devlab9|Mixed Platforms.Build.0 = Debug|Any CPU
		{4C272996-FE22-4700-BA18-0A2F482FB857}.Devlab9|Win32.ActiveCfg = Debug|Any CPU
		{4C272996-FE22-4700-BA18-0A2F482FB857}.Devlab9|x86.ActiveCfg = Debug|Any CPU
		{4C272996-FE22-4700-BA18-0A2F482FB857}.Internal9|Any CPU.ActiveCfg = Release|Any CPU
		{4C272996-FE22-4700-BA18-0A2F482FB857}.Internal9|Any CPU.Build.0 = Release|Any CPU
		{4C272996-FE22-4700-BA18-0A2F482FB857}.Internal9|Mixed Platforms.ActiveCfg = Release|Any CPU
		{4C272996-FE22-4700-BA18-0A2F482FB857}.Internal9|Mixed Platforms.Build.0 = Release|Any CPU
		{4C272996-FE22-4700-BA18-0A2F482FB857}.Internal9|Win32.ActiveCfg = Release|Any CPU
		{4C272996-FE22-4700-BA18-0A2F482FB857}.Internal9|x86.ActiveCfg = Release|Any CPU
		{4C272996-FE22-4700-BA18-0A2F482FB857}.Release|Any CPU.ActiveCfg = Release|Any CPU
		{4C272996-FE22-4700-BA18-0A2F482FB857}.Release|Any CPU.Build.0 = Release|Any CPU
		{4C272996-FE22-4700-BA18-0A2F482FB857}.Release|Mixed Platforms.ActiveCfg = Release|Any CPU
		{4C272996-FE22-4700-BA18-0A2F482FB857}.Release|Mixed Platforms.Build.0 = Release|Any CPU
		{4C272996-FE22-4700-BA18-0A2F482FB857}.Release|Win32.ActiveCfg = Release|Any CPU
		{4C272996-FE22-4700-BA18-0A2F482FB857}.Release|x86.ActiveCfg = Release|Any CPU
	EndGlobalSection
	GlobalSection(SolutionProperties) = preSolution
		HideSolutionNode = FALSE
	EndGlobalSection
	GlobalSection(NestedProjects) = preSolution
		{29E1DFE9-D0A9-4AAB-B876-10BBF747C293} = {5C718DA9-A4F2-4F73-B095-B2E180033C15}
		{D45E4F81-3252-4000-9818-F8D018895B5B} = {5C718DA9-A4F2-4F73-B095-B2E180033C15}
		{2C10FDB2-966D-4A14-B18D-385FDFA1746A} = {5C718DA9-A4F2-4F73-B095-B2E180033C15}
		{9D404D0C-0921-4ADD-BC22-A14AAE2CA7E2} = {7CD8B829-346E-4FA0-ADDD-87152DDC5DDE}
		{4695B865-1F0F-45DD-96CF-FDF999A813BD} = {5C718DA9-A4F2-4F73-B095-B2E180033C15}
		{04811420-E4EC-4E3D-A974-8A43FAF724C8} = {5C718DA9-A4F2-4F73-B095-B2E180033C15}
		{8A669480-0FD3-453A-823A-E82CFAE7558C} = {5C718DA9-A4F2-4F73-B095-B2E180033C15}
		{0E7A10F3-10E2-40CB-A47B-234615C4719B} = {5C718DA9-A4F2-4F73-B095-B2E180033C15}
		{202E0819-A63F-4BE1-9314-13306C4C9C96} = {5C718DA9-A4F2-4F73-B095-B2E180033C15}
		{9FA6D0C7-6B7B-4090-818E-29DEA3C295AB} = {5C718DA9-A4F2-4F73-B095-B2E180033C15}
		{560BAEE6-D01B-4714-92EF-798EEBCCF2DB} = {5C718DA9-A4F2-4F73-B095-B2E180033C15}
		{A09A280B-E5CE-4F5B-8081-163944392804} = {5C718DA9-A4F2-4F73-B095-B2E180033C15}
		{C719D602-0573-4E5A-AAFB-6DFF2106EEE6} = {5C718DA9-A4F2-4F73-B095-B2E180033C15}
		{87CFEEDB-BF05-455C-A14D-51DCB3FE9C65} = {5C718DA9-A4F2-4F73-B095-B2E180033C15}
		{EF8C241A-7A60-4AA4-9E4B-2752472A96EF} = {5C718DA9-A4F2-4F73-B095-B2E180033C15}
		{650CD908-450D-4B70-9A68-590C7A2AC32B} = {5C718DA9-A4F2-4F73-B095-B2E180033C15}
		{EB432A52-712F-478D-9A5B-81FF99DE6CBE} = {5C718DA9-A4F2-4F73-B095-B2E180033C15}
		{1A4FF4FF-5CF0-4DF0-8581-80A4DDBBCB5A} = {5C718DA9-A4F2-4F73-B095-B2E180033C15}
		{83E81339-DFB4-46A7-B0BF-21098B862AEF} = {5C718DA9-A4F2-4F73-B095-B2E180033C15}
		{C5A99A99-96B4-42D2-ABD0-1AB546CF4E12} = {5C718DA9-A4F2-4F73-B095-B2E180033C15}
		{DDCFABF7-69E9-4B33-9F0E-A5661F960111} = {5C718DA9-A4F2-4F73-B095-B2E180033C15}
		{1926417C-C3E4-4137-B06A-90192A3AB682} = {5C718DA9-A4F2-4F73-B095-B2E180033C15}
		{29106CFE-A683-4012-91E2-310552BE6258} = {5C718DA9-A4F2-4F73-B095-B2E180033C15}
		{23B4C62D-6128-4619-92CB-C0CDE3271541} = {5C718DA9-A4F2-4F73-B095-B2E180033C15}
		{34F25C64-A624-46E6-9832-4F59C5FDDB07} = {5C718DA9-A4F2-4F73-B095-B2E180033C15}
		{44D764EF-D471-4981-B774-B8B532EDB690} = {5C718DA9-A4F2-4F73-B095-B2E180033C15}
		{76F807DC-76BC-413E-95FD-A7E661DB1B33} = {5C718DA9-A4F2-4F73-B095-B2E180033C15}
		{0C2F5C12-CFB2-485A-900E-14547F93CE9E} = {5C718DA9-A4F2-4F73-B095-B2E180033C15}
		{846689C9-C6E5-4576-BC63-F4A8762C0322} = {5C718DA9-A4F2-4F73-B095-B2E180033C15}
		{20C549CD-6524-4FB5-AD58-AAA939C75CEF} = {5C718DA9-A4F2-4F73-B095-B2E180033C15}
		{4C272996-FE22-4700-BA18-0A2F482FB857} = {5C718DA9-A4F2-4F73-B095-B2E180033C15}
	EndGlobalSection
	GlobalSection(TestCaseManagementSettings) = postSolution
		CategoryFile = CodeContracts10.vsmdi
	EndGlobalSection
EndGlobal
