
Microsoft Visual Studio Solution File, Format Version 10.00
# Visual Studio 2008
Project("{2150E333-8FDC-42A3-9474-1A3956D46DE8}") = "Solution Items", "Solution Items", "{A9A6651F-E91A-47A0-8E18-383673FD08E4}"
	ProjectSection(SolutionItems) = preProject
		Foxtrot15.vsmdi = Foxtrot15.vsmdi
		LocalTestRun.testrunconfig = LocalTestRun.testrunconfig
	EndProjectSection
EndProject
Project("{FAE04EC0-301F-11D3-BF4B-00C04F79EFBC}") = "System.Compiler9", "..\System.Compiler\System.Compiler9.csproj", "{D7E16B38-3893-4EEF-847F-A3BE807E9546}"
EndProject
Project("{FAE04EC0-301F-11D3-BF4B-00C04F79EFBC}") = "System.Compiler.Runtime9", "..\System.Compiler.Runtime\System.Compiler.Runtime9.csproj", "{5BEE6906-9652-47B4-B617-368E9598B449}"
EndProject
Project("{FAE04EC0-301F-11D3-BF4B-00C04F79EFBC}") = "Microsoft.Contracts9", "Contracts\Microsoft.Contracts9.csproj", "{29E1DFE9-D0A9-4AAB-B876-10BBF747C293}"
EndProject
Project("{FAE04EC0-301F-11D3-BF4B-00C04F79EFBC}") = "Decompiler9", "..\Decompiler\Decompiler\Decompiler9.csproj", "{8703B44E-9B61-475E-8E2A-FC384FBB6410}"
EndProject
Project("{FAE04EC0-301F-11D3-BF4B-00C04F79EFBC}") = "Foxtrot.Extractor9", "Foxtrot\Foxtrot.Extractor9.csproj", "{F7364559-90F5-480B-B975-C95A04E0DAF6}"
EndProject
Project("{FAE04EC0-301F-11D3-BF4B-00C04F79EFBC}") = "Foxtrot9", "Driver\Foxtrot9.csproj", "{24B45DC0-77D2-4CFC-AB64-8FB9FB93EEE1}"
EndProject
Project("{FAE04EC0-301F-11D3-BF4B-00C04F79EFBC}") = "FoxtrotTests", "Tests\FoxtrotTests.csproj", "{F16856FE-6E04-4C9D-8604-190BFE5EEC76}"
EndProject
Project("{2150E333-8FDC-42A3-9474-1A3956D46DE8}") = "TestProjects", "TestProjects", "{D0E4B79E-AFEC-4C2D-B49F-DF52BAE7C1A5}"
EndProject
Project("{FAE04EC0-301F-11D3-BF4B-00C04F79EFBC}") = "OutOfBand", "Tests\OutOfBand\OutOfBand.csproj", "{C8A5E7D0-7E49-4C07-A097-EE58F6333C25}"
EndProject
Project("{FAE04EC0-301F-11D3-BF4B-00C04F79EFBC}") = "OutOfBand.Contracts", "Tests\OutOfBand.Contracts\OutOfBand.Contracts.csproj", "{7B3C8F83-4FEC-4299-AF67-BF0B3DBDF179}"
EndProject
Project("{FAE04EC0-301F-11D3-BF4B-00C04F79EFBC}") = "RewriterMethods", "Tests\RewriterMethods\RewriterMethods.csproj", "{0332D4D9-7C63-4241-BAF1-3965BD009F38}"
EndProject
Project("{FAE04EC0-301F-11D3-BF4B-00C04F79EFBC}") = "RewriteExistingBinaries", "Tests\RewriteExistingBinaries\RewriteExistingBinaries.csproj", "{FBD8AE6B-134C-4910-9916-7627BDC5E6E9}"
EndProject
Project("{FAE04EC0-301F-11D3-BF4B-00C04F79EFBC}") = "BaseClassWithContracts", "Tests\BaseClassWithContracts\BaseClassWithContracts.csproj", "{1571BBAE-7BC2-4C6D-A9E8-C67521AD4A9C}"
EndProject
Project("{FAE04EC0-301F-11D3-BF4B-00C04F79EFBC}") = "SubtypeWithoutContracts", "Tests\SubtypeWithoutContracts\SubtypeWithoutContracts.csproj", "{5CC1B855-D736-46DC-A9F1-41E743122E4D}"
EndProject
Global
	GlobalSection(TestCaseManagementSettings) = postSolution
		CategoryFile = Foxtrot15.vsmdi
	EndGlobalSection
	GlobalSection(SolutionConfigurationPlatforms) = preSolution
		ClousotDebug|Any CPU = ClousotDebug|Any CPU
		ClousotDebug|x86 = ClousotDebug|x86
		Debug|Any CPU = Debug|Any CPU
		Debug|x86 = Debug|x86
		DebugCommandLine|Any CPU = DebugCommandLine|Any CPU
		DebugCommandLine|x86 = DebugCommandLine|x86
		DebugNoData|Any CPU = DebugNoData|Any CPU
		DebugNoData|x86 = DebugNoData|x86
		FullDebug|Any CPU = FullDebug|Any CPU
		FullDebug|x86 = FullDebug|x86
		NoExtendedRuntime|Any CPU = NoExtendedRuntime|Any CPU
		NoExtendedRuntime|x86 = NoExtendedRuntime|x86
		Release|Any CPU = Release|Any CPU
		Release|x86 = Release|x86
	EndGlobalSection
	GlobalSection(ProjectConfigurationPlatforms) = postSolution
		{D7E16B38-3893-4EEF-847F-A3BE807E9546}.ClousotDebug|Any CPU.ActiveCfg = ClousotDebug|Any CPU
		{D7E16B38-3893-4EEF-847F-A3BE807E9546}.ClousotDebug|Any CPU.Build.0 = ClousotDebug|Any CPU
		{D7E16B38-3893-4EEF-847F-A3BE807E9546}.ClousotDebug|x86.ActiveCfg = ClousotDebug|Any CPU
		{D7E16B38-3893-4EEF-847F-A3BE807E9546}.Debug|Any CPU.ActiveCfg = ClousotDebug|Any CPU
		{D7E16B38-3893-4EEF-847F-A3BE807E9546}.Debug|Any CPU.Build.0 = ClousotDebug|Any CPU
		{D7E16B38-3893-4EEF-847F-A3BE807E9546}.Debug|x86.ActiveCfg = Debug|Any CPU
		{D7E16B38-3893-4EEF-847F-A3BE807E9546}.DebugCommandLine|Any CPU.ActiveCfg = DebugCommandLine|Any CPU
		{D7E16B38-3893-4EEF-847F-A3BE807E9546}.DebugCommandLine|Any CPU.Build.0 = DebugCommandLine|Any CPU
		{D7E16B38-3893-4EEF-847F-A3BE807E9546}.DebugCommandLine|x86.ActiveCfg = DebugCommandLine|Any CPU
		{D7E16B38-3893-4EEF-847F-A3BE807E9546}.DebugNoData|Any CPU.ActiveCfg = DebugNoData|Any CPU
		{D7E16B38-3893-4EEF-847F-A3BE807E9546}.DebugNoData|Any CPU.Build.0 = DebugNoData|Any CPU
		{D7E16B38-3893-4EEF-847F-A3BE807E9546}.DebugNoData|x86.ActiveCfg = DebugNoData|Any CPU
		{D7E16B38-3893-4EEF-847F-A3BE807E9546}.FullDebug|Any CPU.ActiveCfg = Debug|Any CPU
		{D7E16B38-3893-4EEF-847F-A3BE807E9546}.FullDebug|Any CPU.Build.0 = Debug|Any CPU
		{D7E16B38-3893-4EEF-847F-A3BE807E9546}.FullDebug|x86.ActiveCfg = Debug|Any CPU
		{D7E16B38-3893-4EEF-847F-A3BE807E9546}.NoExtendedRuntime|Any CPU.ActiveCfg = NoExtendedRuntime|Any CPU
		{D7E16B38-3893-4EEF-847F-A3BE807E9546}.NoExtendedRuntime|Any CPU.Build.0 = NoExtendedRuntime|Any CPU
		{D7E16B38-3893-4EEF-847F-A3BE807E9546}.NoExtendedRuntime|x86.ActiveCfg = NoExtendedRuntime|Any CPU
		{D7E16B38-3893-4EEF-847F-A3BE807E9546}.Release|Any CPU.ActiveCfg = Release|Any CPU
		{D7E16B38-3893-4EEF-847F-A3BE807E9546}.Release|Any CPU.Build.0 = Release|Any CPU
		{D7E16B38-3893-4EEF-847F-A3BE807E9546}.Release|x86.ActiveCfg = Release|Any CPU
		{5BEE6906-9652-47B4-B617-368E9598B449}.ClousotDebug|Any CPU.ActiveCfg = Debug|Any CPU
		{5BEE6906-9652-47B4-B617-368E9598B449}.ClousotDebug|Any CPU.Build.0 = Debug|Any CPU
		{5BEE6906-9652-47B4-B617-368E9598B449}.ClousotDebug|x86.ActiveCfg = Debug|Any CPU
		{5BEE6906-9652-47B4-B617-368E9598B449}.Debug|Any CPU.ActiveCfg = Debug|Any CPU
		{5BEE6906-9652-47B4-B617-368E9598B449}.Debug|Any CPU.Build.0 = Debug|Any CPU
		{5BEE6906-9652-47B4-B617-368E9598B449}.Debug|x86.ActiveCfg = Debug|Any CPU
		{5BEE6906-9652-47B4-B617-368E9598B449}.DebugCommandLine|Any CPU.ActiveCfg = DebugCommandLine|Any CPU
		{5BEE6906-9652-47B4-B617-368E9598B449}.DebugCommandLine|Any CPU.Build.0 = DebugCommandLine|Any CPU
		{5BEE6906-9652-47B4-B617-368E9598B449}.DebugCommandLine|x86.ActiveCfg = DebugCommandLine|Any CPU
		{5BEE6906-9652-47B4-B617-368E9598B449}.DebugNoData|Any CPU.ActiveCfg = DebugNoData|Any CPU
		{5BEE6906-9652-47B4-B617-368E9598B449}.DebugNoData|Any CPU.Build.0 = DebugNoData|Any CPU
		{5BEE6906-9652-47B4-B617-368E9598B449}.DebugNoData|x86.ActiveCfg = DebugNoData|Any CPU
		{5BEE6906-9652-47B4-B617-368E9598B449}.FullDebug|Any CPU.ActiveCfg = Debug|Any CPU
		{5BEE6906-9652-47B4-B617-368E9598B449}.FullDebug|Any CPU.Build.0 = Debug|Any CPU
		{5BEE6906-9652-47B4-B617-368E9598B449}.FullDebug|x86.ActiveCfg = Debug|Any CPU
		{5BEE6906-9652-47B4-B617-368E9598B449}.NoExtendedRuntime|Any CPU.ActiveCfg = DebugNoData|Any CPU
		{5BEE6906-9652-47B4-B617-368E9598B449}.NoExtendedRuntime|Any CPU.Build.0 = DebugNoData|Any CPU
		{5BEE6906-9652-47B4-B617-368E9598B449}.NoExtendedRuntime|x86.ActiveCfg = DebugNoData|Any CPU
		{5BEE6906-9652-47B4-B617-368E9598B449}.Release|Any CPU.ActiveCfg = Release|Any CPU
		{5BEE6906-9652-47B4-B617-368E9598B449}.Release|Any CPU.Build.0 = Release|Any CPU
		{5BEE6906-9652-47B4-B617-368E9598B449}.Release|x86.ActiveCfg = Release|Any CPU
		{29E1DFE9-D0A9-4AAB-B876-10BBF747C293}.ClousotDebug|Any CPU.ActiveCfg = Debug|Any CPU
		{29E1DFE9-D0A9-4AAB-B876-10BBF747C293}.ClousotDebug|Any CPU.Build.0 = Debug|Any CPU
		{29E1DFE9-D0A9-4AAB-B876-10BBF747C293}.ClousotDebug|x86.ActiveCfg = Debug|Any CPU
		{29E1DFE9-D0A9-4AAB-B876-10BBF747C293}.Debug|Any CPU.ActiveCfg = Debug|Any CPU
		{29E1DFE9-D0A9-4AAB-B876-10BBF747C293}.Debug|Any CPU.Build.0 = Debug|Any CPU
		{29E1DFE9-D0A9-4AAB-B876-10BBF747C293}.Debug|x86.ActiveCfg = Debug|Any CPU
		{29E1DFE9-D0A9-4AAB-B876-10BBF747C293}.DebugCommandLine|Any CPU.ActiveCfg = Debug|Any CPU
		{29E1DFE9-D0A9-4AAB-B876-10BBF747C293}.DebugCommandLine|Any CPU.Build.0 = Debug|Any CPU
		{29E1DFE9-D0A9-4AAB-B876-10BBF747C293}.DebugCommandLine|x86.ActiveCfg = Debug|Any CPU
		{29E1DFE9-D0A9-4AAB-B876-10BBF747C293}.DebugNoData|Any CPU.ActiveCfg = Debug|Any CPU
		{29E1DFE9-D0A9-4AAB-B876-10BBF747C293}.DebugNoData|Any CPU.Build.0 = Debug|Any CPU
		{29E1DFE9-D0A9-4AAB-B876-10BBF747C293}.DebugNoData|x86.ActiveCfg = Debug|Any CPU
		{29E1DFE9-D0A9-4AAB-B876-10BBF747C293}.FullDebug|Any CPU.ActiveCfg = FullDebug|Any CPU
		{29E1DFE9-D0A9-4AAB-B876-10BBF747C293}.FullDebug|Any CPU.Build.0 = FullDebug|Any CPU
		{29E1DFE9-D0A9-4AAB-B876-10BBF747C293}.FullDebug|x86.ActiveCfg = FullDebug|Any CPU
		{29E1DFE9-D0A9-4AAB-B876-10BBF747C293}.NoExtendedRuntime|Any CPU.ActiveCfg = FullDebug|Any CPU
		{29E1DFE9-D0A9-4AAB-B876-10BBF747C293}.NoExtendedRuntime|Any CPU.Build.0 = FullDebug|Any CPU
		{29E1DFE9-D0A9-4AAB-B876-10BBF747C293}.NoExtendedRuntime|x86.ActiveCfg = FullDebug|Any CPU
		{29E1DFE9-D0A9-4AAB-B876-10BBF747C293}.Release|Any CPU.ActiveCfg = Release|Any CPU
		{29E1DFE9-D0A9-4AAB-B876-10BBF747C293}.Release|Any CPU.Build.0 = Release|Any CPU
		{29E1DFE9-D0A9-4AAB-B876-10BBF747C293}.Release|x86.ActiveCfg = Release|Any CPU
		{8703B44E-9B61-475E-8E2A-FC384FBB6410}.ClousotDebug|Any CPU.ActiveCfg = Debug|Any CPU
		{8703B44E-9B61-475E-8E2A-FC384FBB6410}.ClousotDebug|Any CPU.Build.0 = Debug|Any CPU
		{8703B44E-9B61-475E-8E2A-FC384FBB6410}.ClousotDebug|x86.ActiveCfg = Debug|x86
		{8703B44E-9B61-475E-8E2A-FC384FBB6410}.ClousotDebug|x86.Build.0 = Debug|x86
		{8703B44E-9B61-475E-8E2A-FC384FBB6410}.Debug|Any CPU.ActiveCfg = Debug|Any CPU
		{8703B44E-9B61-475E-8E2A-FC384FBB6410}.Debug|Any CPU.Build.0 = Debug|Any CPU
		{8703B44E-9B61-475E-8E2A-FC384FBB6410}.Debug|x86.ActiveCfg = Debug|x86
		{8703B44E-9B61-475E-8E2A-FC384FBB6410}.Debug|x86.Build.0 = Debug|x86
		{8703B44E-9B61-475E-8E2A-FC384FBB6410}.DebugCommandLine|Any CPU.ActiveCfg = Debug|Any CPU
		{8703B44E-9B61-475E-8E2A-FC384FBB6410}.DebugCommandLine|Any CPU.Build.0 = Debug|Any CPU
		{8703B44E-9B61-475E-8E2A-FC384FBB6410}.DebugCommandLine|x86.ActiveCfg = Debug|Any CPU
		{8703B44E-9B61-475E-8E2A-FC384FBB6410}.DebugNoData|Any CPU.ActiveCfg = Debug|Any CPU
		{8703B44E-9B61-475E-8E2A-FC384FBB6410}.DebugNoData|Any CPU.Build.0 = Debug|Any CPU
		{8703B44E-9B61-475E-8E2A-FC384FBB6410}.DebugNoData|x86.ActiveCfg = Debug|Any CPU
		{8703B44E-9B61-475E-8E2A-FC384FBB6410}.FullDebug|Any CPU.ActiveCfg = Debug|Any CPU
		{8703B44E-9B61-475E-8E2A-FC384FBB6410}.FullDebug|Any CPU.Build.0 = Debug|Any CPU
		{8703B44E-9B61-475E-8E2A-FC384FBB6410}.FullDebug|x86.ActiveCfg = Debug|x86
		{8703B44E-9B61-475E-8E2A-FC384FBB6410}.FullDebug|x86.Build.0 = Debug|x86
		{8703B44E-9B61-475E-8E2A-FC384FBB6410}.NoExtendedRuntime|Any CPU.ActiveCfg = Debug|Any CPU
		{8703B44E-9B61-475E-8E2A-FC384FBB6410}.NoExtendedRuntime|Any CPU.Build.0 = Debug|Any CPU
		{8703B44E-9B61-475E-8E2A-FC384FBB6410}.NoExtendedRuntime|x86.ActiveCfg = Debug|Any CPU
		{8703B44E-9B61-475E-8E2A-FC384FBB6410}.Release|Any CPU.ActiveCfg = Release|Any CPU
		{8703B44E-9B61-475E-8E2A-FC384FBB6410}.Release|Any CPU.Build.0 = Release|Any CPU
		{8703B44E-9B61-475E-8E2A-FC384FBB6410}.Release|x86.ActiveCfg = Release|x86
		{8703B44E-9B61-475E-8E2A-FC384FBB6410}.Release|x86.Build.0 = Release|x86
		{F7364559-90F5-480B-B975-C95A04E0DAF6}.ClousotDebug|Any CPU.ActiveCfg = Debug|Any CPU
		{F7364559-90F5-480B-B975-C95A04E0DAF6}.ClousotDebug|Any CPU.Build.0 = Debug|Any CPU
		{F7364559-90F5-480B-B975-C95A04E0DAF6}.ClousotDebug|x86.ActiveCfg = Debug|Any CPU
		{F7364559-90F5-480B-B975-C95A04E0DAF6}.Debug|Any CPU.ActiveCfg = Debug|Any CPU
		{F7364559-90F5-480B-B975-C95A04E0DAF6}.Debug|Any CPU.Build.0 = Debug|Any CPU
		{F7364559-90F5-480B-B975-C95A04E0DAF6}.Debug|x86.ActiveCfg = Debug|Any CPU
		{F7364559-90F5-480B-B975-C95A04E0DAF6}.DebugCommandLine|Any CPU.ActiveCfg = Debug|Any CPU
		{F7364559-90F5-480B-B975-C95A04E0DAF6}.DebugCommandLine|Any CPU.Build.0 = Debug|Any CPU
		{F7364559-90F5-480B-B975-C95A04E0DAF6}.DebugCommandLine|x86.ActiveCfg = Debug|Any CPU
		{F7364559-90F5-480B-B975-C95A04E0DAF6}.DebugNoData|Any CPU.ActiveCfg = Debug|Any CPU
		{F7364559-90F5-480B-B975-C95A04E0DAF6}.DebugNoData|Any CPU.Build.0 = Debug|Any CPU
		{F7364559-90F5-480B-B975-C95A04E0DAF6}.DebugNoData|x86.ActiveCfg = Debug|Any CPU
		{F7364559-90F5-480B-B975-C95A04E0DAF6}.FullDebug|Any CPU.ActiveCfg = FullDebug|Any CPU
		{F7364559-90F5-480B-B975-C95A04E0DAF6}.FullDebug|Any CPU.Build.0 = FullDebug|Any CPU
		{F7364559-90F5-480B-B975-C95A04E0DAF6}.FullDebug|x86.ActiveCfg = FullDebug|Any CPU
		{F7364559-90F5-480B-B975-C95A04E0DAF6}.NoExtendedRuntime|Any CPU.ActiveCfg = FullDebug|Any CPU
		{F7364559-90F5-480B-B975-C95A04E0DAF6}.NoExtendedRuntime|Any CPU.Build.0 = FullDebug|Any CPU
		{F7364559-90F5-480B-B975-C95A04E0DAF6}.NoExtendedRuntime|x86.ActiveCfg = FullDebug|Any CPU
		{F7364559-90F5-480B-B975-C95A04E0DAF6}.Release|Any CPU.ActiveCfg = Release|Any CPU
		{F7364559-90F5-480B-B975-C95A04E0DAF6}.Release|Any CPU.Build.0 = Release|Any CPU
		{F7364559-90F5-480B-B975-C95A04E0DAF6}.Release|x86.ActiveCfg = Release|Any CPU
		{24B45DC0-77D2-4CFC-AB64-8FB9FB93EEE1}.ClousotDebug|Any CPU.ActiveCfg = Debug|Any CPU
		{24B45DC0-77D2-4CFC-AB64-8FB9FB93EEE1}.ClousotDebug|Any CPU.Build.0 = Debug|Any CPU
		{24B45DC0-77D2-4CFC-AB64-8FB9FB93EEE1}.ClousotDebug|x86.ActiveCfg = Debug|Any CPU
		{24B45DC0-77D2-4CFC-AB64-8FB9FB93EEE1}.Debug|Any CPU.ActiveCfg = Debug|Any CPU
		{24B45DC0-77D2-4CFC-AB64-8FB9FB93EEE1}.Debug|Any CPU.Build.0 = Debug|Any CPU
		{24B45DC0-77D2-4CFC-AB64-8FB9FB93EEE1}.Debug|x86.ActiveCfg = Debug|Any CPU
		{24B45DC0-77D2-4CFC-AB64-8FB9FB93EEE1}.DebugCommandLine|Any CPU.ActiveCfg = Debug|Any CPU
		{24B45DC0-77D2-4CFC-AB64-8FB9FB93EEE1}.DebugCommandLine|Any CPU.Build.0 = Debug|Any CPU
		{24B45DC0-77D2-4CFC-AB64-8FB9FB93EEE1}.DebugCommandLine|x86.ActiveCfg = Debug|Any CPU
		{24B45DC0-77D2-4CFC-AB64-8FB9FB93EEE1}.DebugNoData|Any CPU.ActiveCfg = Debug|Any CPU
		{24B45DC0-77D2-4CFC-AB64-8FB9FB93EEE1}.DebugNoData|Any CPU.Build.0 = Debug|Any CPU
		{24B45DC0-77D2-4CFC-AB64-8FB9FB93EEE1}.DebugNoData|x86.ActiveCfg = Debug|Any CPU
		{24B45DC0-77D2-4CFC-AB64-8FB9FB93EEE1}.FullDebug|Any CPU.ActiveCfg = Debug|Any CPU
		{24B45DC0-77D2-4CFC-AB64-8FB9FB93EEE1}.FullDebug|Any CPU.Build.0 = Debug|Any CPU
		{24B45DC0-77D2-4CFC-AB64-8FB9FB93EEE1}.FullDebug|x86.ActiveCfg = Debug|Any CPU
		{24B45DC0-77D2-4CFC-AB64-8FB9FB93EEE1}.NoExtendedRuntime|Any CPU.ActiveCfg = Release|Any CPU
		{24B45DC0-77D2-4CFC-AB64-8FB9FB93EEE1}.NoExtendedRuntime|Any CPU.Build.0 = Release|Any CPU
		{24B45DC0-77D2-4CFC-AB64-8FB9FB93EEE1}.NoExtendedRuntime|x86.ActiveCfg = Release|Any CPU
		{24B45DC0-77D2-4CFC-AB64-8FB9FB93EEE1}.Release|Any CPU.ActiveCfg = Release|Any CPU
		{24B45DC0-77D2-4CFC-AB64-8FB9FB93EEE1}.Release|Any CPU.Build.0 = Release|Any CPU
		{24B45DC0-77D2-4CFC-AB64-8FB9FB93EEE1}.Release|x86.ActiveCfg = Release|Any CPU
		{F16856FE-6E04-4C9D-8604-190BFE5EEC76}.ClousotDebug|Any CPU.ActiveCfg = Debug|Any CPU
		{F16856FE-6E04-4C9D-8604-190BFE5EEC76}.ClousotDebug|x86.ActiveCfg = Debug|Any CPU
		{F16856FE-6E04-4C9D-8604-190BFE5EEC76}.Debug|Any CPU.ActiveCfg = Debug|Any CPU
		{F16856FE-6E04-4C9D-8604-190BFE5EEC76}.Debug|Any CPU.Build.0 = Debug|Any CPU
		{F16856FE-6E04-4C9D-8604-190BFE5EEC76}.Debug|x86.ActiveCfg = Debug|Any CPU
		{F16856FE-6E04-4C9D-8604-190BFE5EEC76}.DebugCommandLine|Any CPU.ActiveCfg = Debug|Any CPU
		{F16856FE-6E04-4C9D-8604-190BFE5EEC76}.DebugCommandLine|x86.ActiveCfg = Debug|Any CPU
		{F16856FE-6E04-4C9D-8604-190BFE5EEC76}.DebugNoData|Any CPU.ActiveCfg = Debug|Any CPU
		{F16856FE-6E04-4C9D-8604-190BFE5EEC76}.DebugNoData|x86.ActiveCfg = Debug|Any CPU
		{F16856FE-6E04-4C9D-8604-190BFE5EEC76}.FullDebug|Any CPU.ActiveCfg = Debug|Any CPU
		{F16856FE-6E04-4C9D-8604-190BFE5EEC76}.FullDebug|x86.ActiveCfg = Debug|Any CPU
		{F16856FE-6E04-4C9D-8604-190BFE5EEC76}.NoExtendedRuntime|Any CPU.ActiveCfg = Release|Any CPU
		{F16856FE-6E04-4C9D-8604-190BFE5EEC76}.NoExtendedRuntime|x86.ActiveCfg = Release|Any CPU
		{F16856FE-6E04-4C9D-8604-190BFE5EEC76}.Release|Any CPU.ActiveCfg = Release|Any CPU
		{F16856FE-6E04-4C9D-8604-190BFE5EEC76}.Release|x86.ActiveCfg = Release|Any CPU
		{C8A5E7D0-7E49-4C07-A097-EE58F6333C25}.ClousotDebug|Any CPU.ActiveCfg = Debug|Any CPU
		{C8A5E7D0-7E49-4C07-A097-EE58F6333C25}.ClousotDebug|Any CPU.Build.0 = Debug|Any CPU
		{C8A5E7D0-7E49-4C07-A097-EE58F6333C25}.ClousotDebug|x86.ActiveCfg = Debug|Any CPU
		{C8A5E7D0-7E49-4C07-A097-EE58F6333C25}.Debug|Any CPU.ActiveCfg = Debug|Any CPU
		{C8A5E7D0-7E49-4C07-A097-EE58F6333C25}.Debug|Any CPU.Build.0 = Debug|Any CPU
		{C8A5E7D0-7E49-4C07-A097-EE58F6333C25}.Debug|x86.ActiveCfg = Debug|Any CPU
		{C8A5E7D0-7E49-4C07-A097-EE58F6333C25}.DebugCommandLine|Any CPU.ActiveCfg = Debug|Any CPU
		{C8A5E7D0-7E49-4C07-A097-EE58F6333C25}.DebugCommandLine|Any CPU.Build.0 = Debug|Any CPU
		{C8A5E7D0-7E49-4C07-A097-EE58F6333C25}.DebugCommandLine|x86.ActiveCfg = Debug|Any CPU
		{C8A5E7D0-7E49-4C07-A097-EE58F6333C25}.DebugNoData|Any CPU.ActiveCfg = Debug|Any CPU
		{C8A5E7D0-7E49-4C07-A097-EE58F6333C25}.DebugNoData|Any CPU.Build.0 = Debug|Any CPU
		{C8A5E7D0-7E49-4C07-A097-EE58F6333C25}.DebugNoData|x86.ActiveCfg = Debug|Any CPU
		{C8A5E7D0-7E49-4C07-A097-EE58F6333C25}.FullDebug|Any CPU.ActiveCfg = Debug|Any CPU
		{C8A5E7D0-7E49-4C07-A097-EE58F6333C25}.FullDebug|x86.ActiveCfg = Debug|Any CPU
		{C8A5E7D0-7E49-4C07-A097-EE58F6333C25}.NoExtendedRuntime|Any CPU.ActiveCfg = Release|Any CPU
		{C8A5E7D0-7E49-4C07-A097-EE58F6333C25}.NoExtendedRuntime|Any CPU.Build.0 = Release|Any CPU
		{C8A5E7D0-7E49-4C07-A097-EE58F6333C25}.NoExtendedRuntime|x86.ActiveCfg = Release|Any CPU
		{C8A5E7D0-7E49-4C07-A097-EE58F6333C25}.Release|Any CPU.ActiveCfg = Release|Any CPU
		{C8A5E7D0-7E49-4C07-A097-EE58F6333C25}.Release|Any CPU.Build.0 = Release|Any CPU
		{C8A5E7D0-7E49-4C07-A097-EE58F6333C25}.Release|x86.ActiveCfg = Release|Any CPU
		{7B3C8F83-4FEC-4299-AF67-BF0B3DBDF179}.ClousotDebug|Any CPU.ActiveCfg = Debug|Any CPU
		{7B3C8F83-4FEC-4299-AF67-BF0B3DBDF179}.ClousotDebug|Any CPU.Build.0 = Debug|Any CPU
		{7B3C8F83-4FEC-4299-AF67-BF0B3DBDF179}.ClousotDebug|x86.ActiveCfg = Debug|Any CPU
		{7B3C8F83-4FEC-4299-AF67-BF0B3DBDF179}.Debug|Any CPU.ActiveCfg = Debug|Any CPU
		{7B3C8F83-4FEC-4299-AF67-BF0B3DBDF179}.Debug|Any CPU.Build.0 = Debug|Any CPU
		{7B3C8F83-4FEC-4299-AF67-BF0B3DBDF179}.Debug|x86.ActiveCfg = Debug|Any CPU
		{7B3C8F83-4FEC-4299-AF67-BF0B3DBDF179}.DebugCommandLine|Any CPU.ActiveCfg = Debug|Any CPU
		{7B3C8F83-4FEC-4299-AF67-BF0B3DBDF179}.DebugCommandLine|Any CPU.Build.0 = Debug|Any CPU
		{7B3C8F83-4FEC-4299-AF67-BF0B3DBDF179}.DebugCommandLine|x86.ActiveCfg = Debug|Any CPU
		{7B3C8F83-4FEC-4299-AF67-BF0B3DBDF179}.DebugNoData|Any CPU.ActiveCfg = Debug|Any CPU
		{7B3C8F83-4FEC-4299-AF67-BF0B3DBDF179}.DebugNoData|Any CPU.Build.0 = Debug|Any CPU
		{7B3C8F83-4FEC-4299-AF67-BF0B3DBDF179}.DebugNoData|x86.ActiveCfg = Debug|Any CPU
		{7B3C8F83-4FEC-4299-AF67-BF0B3DBDF179}.FullDebug|Any CPU.ActiveCfg = Debug|Any CPU
		{7B3C8F83-4FEC-4299-AF67-BF0B3DBDF179}.FullDebug|x86.ActiveCfg = Debug|Any CPU
		{7B3C8F83-4FEC-4299-AF67-BF0B3DBDF179}.NoExtendedRuntime|Any CPU.ActiveCfg = Release|Any CPU
		{7B3C8F83-4FEC-4299-AF67-BF0B3DBDF179}.NoExtendedRuntime|Any CPU.Build.0 = Release|Any CPU
		{7B3C8F83-4FEC-4299-AF67-BF0B3DBDF179}.NoExtendedRuntime|x86.ActiveCfg = Release|Any CPU
		{7B3C8F83-4FEC-4299-AF67-BF0B3DBDF179}.Release|Any CPU.ActiveCfg = Release|Any CPU
		{7B3C8F83-4FEC-4299-AF67-BF0B3DBDF179}.Release|Any CPU.Build.0 = Release|Any CPU
		{7B3C8F83-4FEC-4299-AF67-BF0B3DBDF179}.Release|x86.ActiveCfg = Release|Any CPU
		{0332D4D9-7C63-4241-BAF1-3965BD009F38}.ClousotDebug|Any CPU.ActiveCfg = Debug|Any CPU
		{0332D4D9-7C63-4241-BAF1-3965BD009F38}.ClousotDebug|Any CPU.Build.0 = Debug|Any CPU
		{0332D4D9-7C63-4241-BAF1-3965BD009F38}.ClousotDebug|x86.ActiveCfg = Debug|Any CPU
		{0332D4D9-7C63-4241-BAF1-3965BD009F38}.Debug|Any CPU.ActiveCfg = Debug|Any CPU
		{0332D4D9-7C63-4241-BAF1-3965BD009F38}.Debug|Any CPU.Build.0 = Debug|Any CPU
		{0332D4D9-7C63-4241-BAF1-3965BD009F38}.Debug|x86.ActiveCfg = Debug|Any CPU
		{0332D4D9-7C63-4241-BAF1-3965BD009F38}.DebugCommandLine|Any CPU.ActiveCfg = Debug|Any CPU
		{0332D4D9-7C63-4241-BAF1-3965BD009F38}.DebugCommandLine|Any CPU.Build.0 = Debug|Any CPU
		{0332D4D9-7C63-4241-BAF1-3965BD009F38}.DebugCommandLine|x86.ActiveCfg = Debug|Any CPU
		{0332D4D9-7C63-4241-BAF1-3965BD009F38}.DebugNoData|Any CPU.ActiveCfg = Debug|Any CPU
		{0332D4D9-7C63-4241-BAF1-3965BD009F38}.DebugNoData|Any CPU.Build.0 = Debug|Any CPU
		{0332D4D9-7C63-4241-BAF1-3965BD009F38}.DebugNoData|x86.ActiveCfg = Debug|Any CPU
		{0332D4D9-7C63-4241-BAF1-3965BD009F38}.FullDebug|Any CPU.ActiveCfg = Debug|Any CPU
		{0332D4D9-7C63-4241-BAF1-3965BD009F38}.FullDebug|Any CPU.Build.0 = Debug|Any CPU
		{0332D4D9-7C63-4241-BAF1-3965BD009F38}.FullDebug|x86.ActiveCfg = Debug|Any CPU
		{0332D4D9-7C63-4241-BAF1-3965BD009F38}.NoExtendedRuntime|Any CPU.ActiveCfg = Release|Any CPU
		{0332D4D9-7C63-4241-BAF1-3965BD009F38}.NoExtendedRuntime|Any CPU.Build.0 = Release|Any CPU
		{0332D4D9-7C63-4241-BAF1-3965BD009F38}.NoExtendedRuntime|x86.ActiveCfg = Release|Any CPU
		{0332D4D9-7C63-4241-BAF1-3965BD009F38}.Release|Any CPU.ActiveCfg = Release|Any CPU
		{0332D4D9-7C63-4241-BAF1-3965BD009F38}.Release|Any CPU.Build.0 = Release|Any CPU
		{0332D4D9-7C63-4241-BAF1-3965BD009F38}.Release|x86.ActiveCfg = Release|Any CPU
		{FBD8AE6B-134C-4910-9916-7627BDC5E6E9}.ClousotDebug|Any CPU.ActiveCfg = Debug|Any CPU
		{FBD8AE6B-134C-4910-9916-7627BDC5E6E9}.ClousotDebug|Any CPU.Build.0 = Debug|Any CPU
		{FBD8AE6B-134C-4910-9916-7627BDC5E6E9}.ClousotDebug|x86.ActiveCfg = Debug|Any CPU
		{FBD8AE6B-134C-4910-9916-7627BDC5E6E9}.Debug|Any CPU.ActiveCfg = Debug|Any CPU
		{FBD8AE6B-134C-4910-9916-7627BDC5E6E9}.Debug|Any CPU.Build.0 = Debug|Any CPU
		{FBD8AE6B-134C-4910-9916-7627BDC5E6E9}.Debug|x86.ActiveCfg = Debug|Any CPU
		{FBD8AE6B-134C-4910-9916-7627BDC5E6E9}.DebugCommandLine|Any CPU.ActiveCfg = Debug|Any CPU
		{FBD8AE6B-134C-4910-9916-7627BDC5E6E9}.DebugCommandLine|Any CPU.Build.0 = Debug|Any CPU
		{FBD8AE6B-134C-4910-9916-7627BDC5E6E9}.DebugCommandLine|x86.ActiveCfg = Debug|Any CPU
		{FBD8AE6B-134C-4910-9916-7627BDC5E6E9}.DebugNoData|Any CPU.ActiveCfg = Debug|Any CPU
		{FBD8AE6B-134C-4910-9916-7627BDC5E6E9}.DebugNoData|Any CPU.Build.0 = Debug|Any CPU
		{FBD8AE6B-134C-4910-9916-7627BDC5E6E9}.DebugNoData|x86.ActiveCfg = Debug|Any CPU
		{FBD8AE6B-134C-4910-9916-7627BDC5E6E9}.FullDebug|Any CPU.ActiveCfg = Debug|Any CPU
		{FBD8AE6B-134C-4910-9916-7627BDC5E6E9}.FullDebug|Any CPU.Build.0 = Debug|Any CPU
		{FBD8AE6B-134C-4910-9916-7627BDC5E6E9}.FullDebug|x86.ActiveCfg = Debug|Any CPU
		{FBD8AE6B-134C-4910-9916-7627BDC5E6E9}.NoExtendedRuntime|Any CPU.ActiveCfg = Release|Any CPU
		{FBD8AE6B-134C-4910-9916-7627BDC5E6E9}.NoExtendedRuntime|Any CPU.Build.0 = Release|Any CPU
		{FBD8AE6B-134C-4910-9916-7627BDC5E6E9}.NoExtendedRuntime|x86.ActiveCfg = Release|Any CPU
		{FBD8AE6B-134C-4910-9916-7627BDC5E6E9}.Release|Any CPU.ActiveCfg = Release|Any CPU
		{FBD8AE6B-134C-4910-9916-7627BDC5E6E9}.Release|Any CPU.Build.0 = Release|Any CPU
		{FBD8AE6B-134C-4910-9916-7627BDC5E6E9}.Release|x86.ActiveCfg = Release|Any CPU
		{1571BBAE-7BC2-4C6D-A9E8-C67521AD4A9C}.ClousotDebug|Any CPU.ActiveCfg = Debug|Any CPU
		{1571BBAE-7BC2-4C6D-A9E8-C67521AD4A9C}.ClousotDebug|Any CPU.Build.0 = Debug|Any CPU
		{1571BBAE-7BC2-4C6D-A9E8-C67521AD4A9C}.ClousotDebug|x86.ActiveCfg = Debug|Any CPU
		{1571BBAE-7BC2-4C6D-A9E8-C67521AD4A9C}.Debug|Any CPU.ActiveCfg = Debug|Any CPU
		{1571BBAE-7BC2-4C6D-A9E8-C67521AD4A9C}.Debug|Any CPU.Build.0 = Debug|Any CPU
		{1571BBAE-7BC2-4C6D-A9E8-C67521AD4A9C}.Debug|x86.ActiveCfg = Debug|Any CPU
		{1571BBAE-7BC2-4C6D-A9E8-C67521AD4A9C}.DebugCommandLine|Any CPU.ActiveCfg = Debug|Any CPU
		{1571BBAE-7BC2-4C6D-A9E8-C67521AD4A9C}.DebugCommandLine|Any CPU.Build.0 = Debug|Any CPU
		{1571BBAE-7BC2-4C6D-A9E8-C67521AD4A9C}.DebugCommandLine|x86.ActiveCfg = Debug|Any CPU
		{1571BBAE-7BC2-4C6D-A9E8-C67521AD4A9C}.DebugNoData|Any CPU.ActiveCfg = Debug|Any CPU
		{1571BBAE-7BC2-4C6D-A9E8-C67521AD4A9C}.DebugNoData|Any CPU.Build.0 = Debug|Any CPU
		{1571BBAE-7BC2-4C6D-A9E8-C67521AD4A9C}.DebugNoData|x86.ActiveCfg = Debug|Any CPU
		{1571BBAE-7BC2-4C6D-A9E8-C67521AD4A9C}.FullDebug|Any CPU.ActiveCfg = Debug|Any CPU
		{1571BBAE-7BC2-4C6D-A9E8-C67521AD4A9C}.FullDebug|Any CPU.Build.0 = Debug|Any CPU
		{1571BBAE-7BC2-4C6D-A9E8-C67521AD4A9C}.FullDebug|x86.ActiveCfg = Debug|Any CPU
		{1571BBAE-7BC2-4C6D-A9E8-C67521AD4A9C}.NoExtendedRuntime|Any CPU.ActiveCfg = Release|Any CPU
		{1571BBAE-7BC2-4C6D-A9E8-C67521AD4A9C}.NoExtendedRuntime|Any CPU.Build.0 = Release|Any CPU
		{1571BBAE-7BC2-4C6D-A9E8-C67521AD4A9C}.NoExtendedRuntime|x86.ActiveCfg = Release|Any CPU
		{1571BBAE-7BC2-4C6D-A9E8-C67521AD4A9C}.Release|Any CPU.ActiveCfg = Release|Any CPU
		{1571BBAE-7BC2-4C6D-A9E8-C67521AD4A9C}.Release|Any CPU.Build.0 = Release|Any CPU
		{1571BBAE-7BC2-4C6D-A9E8-C67521AD4A9C}.Release|x86.ActiveCfg = Release|Any CPU
		{5CC1B855-D736-46DC-A9F1-41E743122E4D}.ClousotDebug|Any CPU.ActiveCfg = Debug|Any CPU
		{5CC1B855-D736-46DC-A9F1-41E743122E4D}.ClousotDebug|Any CPU.Build.0 = Debug|Any CPU
		{5CC1B855-D736-46DC-A9F1-41E743122E4D}.ClousotDebug|x86.ActiveCfg = Debug|Any CPU
		{5CC1B855-D736-46DC-A9F1-41E743122E4D}.Debug|Any CPU.ActiveCfg = Debug|Any CPU
		{5CC1B855-D736-46DC-A9F1-41E743122E4D}.Debug|Any CPU.Build.0 = Debug|Any CPU
		{5CC1B855-D736-46DC-A9F1-41E743122E4D}.Debug|x86.ActiveCfg = Debug|Any CPU
		{5CC1B855-D736-46DC-A9F1-41E743122E4D}.DebugCommandLine|Any CPU.ActiveCfg = Debug|Any CPU
		{5CC1B855-D736-46DC-A9F1-41E743122E4D}.DebugCommandLine|Any CPU.Build.0 = Debug|Any CPU
		{5CC1B855-D736-46DC-A9F1-41E743122E4D}.DebugCommandLine|x86.ActiveCfg = Debug|Any CPU
		{5CC1B855-D736-46DC-A9F1-41E743122E4D}.DebugNoData|Any CPU.ActiveCfg = Debug|Any CPU
		{5CC1B855-D736-46DC-A9F1-41E743122E4D}.DebugNoData|Any CPU.Build.0 = Debug|Any CPU
		{5CC1B855-D736-46DC-A9F1-41E743122E4D}.DebugNoData|x86.ActiveCfg = Debug|Any CPU
		{5CC1B855-D736-46DC-A9F1-41E743122E4D}.FullDebug|Any CPU.ActiveCfg = Debug|Any CPU
		{5CC1B855-D736-46DC-A9F1-41E743122E4D}.FullDebug|Any CPU.Build.0 = Debug|Any CPU
		{5CC1B855-D736-46DC-A9F1-41E743122E4D}.FullDebug|x86.ActiveCfg = Debug|Any CPU
		{5CC1B855-D736-46DC-A9F1-41E743122E4D}.NoExtendedRuntime|Any CPU.ActiveCfg = Release|Any CPU
		{5CC1B855-D736-46DC-A9F1-41E743122E4D}.NoExtendedRuntime|Any CPU.Build.0 = Release|Any CPU
		{5CC1B855-D736-46DC-A9F1-41E743122E4D}.NoExtendedRuntime|x86.ActiveCfg = Release|Any CPU
		{5CC1B855-D736-46DC-A9F1-41E743122E4D}.Release|Any CPU.ActiveCfg = Release|Any CPU
		{5CC1B855-D736-46DC-A9F1-41E743122E4D}.Release|Any CPU.Build.0 = Release|Any CPU
		{5CC1B855-D736-46DC-A9F1-41E743122E4D}.Release|x86.ActiveCfg = Release|Any CPU
	EndGlobalSection
	GlobalSection(SolutionProperties) = preSolution
		HideSolutionNode = FALSE
	EndGlobalSection
	GlobalSection(NestedProjects) = preSolution
		{F16856FE-6E04-4C9D-8604-190BFE5EEC76} = {D0E4B79E-AFEC-4C2D-B49F-DF52BAE7C1A5}
		{C8A5E7D0-7E49-4C07-A097-EE58F6333C25} = {D0E4B79E-AFEC-4C2D-B49F-DF52BAE7C1A5}
		{7B3C8F83-4FEC-4299-AF67-BF0B3DBDF179} = {D0E4B79E-AFEC-4C2D-B49F-DF52BAE7C1A5}
		{0332D4D9-7C63-4241-BAF1-3965BD009F38} = {D0E4B79E-AFEC-4C2D-B49F-DF52BAE7C1A5}
		{FBD8AE6B-134C-4910-9916-7627BDC5E6E9} = {D0E4B79E-AFEC-4C2D-B49F-DF52BAE7C1A5}
		{1571BBAE-7BC2-4C6D-A9E8-C67521AD4A9C} = {D0E4B79E-AFEC-4C2D-B49F-DF52BAE7C1A5}
		{5CC1B855-D736-46DC-A9F1-41E743122E4D} = {D0E4B79E-AFEC-4C2D-B49F-DF52BAE7C1A5}
	EndGlobalSection
EndGlobal
