
Microsoft Visual Studio Solution File, Format Version 11.00
# Visual Studio 2010
Project("{2150E333-8FDC-42A3-9474-1A3956D46DE8}") = "Documentation", "Documentation", "{10AF3E52-C29F-4E16-A826-501D0B8D0C35}"
	ProjectSection(SolutionItems) = preProject
		Rational.pdf = Rational.pdf
	EndProjectSection
EndProject
Project("{FAE04EC0-301F-11D3-BF4B-00C04F79EFBC}") = "Rational", "Rational.csproj", "{D4249EA9-0D8C-4F9E-B92B-96F7D3B43370}"
EndProject
Global
	GlobalSection(SolutionConfigurationPlatforms) = preSolution
		Debug|Any CPU = Debug|Any CPU
		Release|Any CPU = Release|Any CPU
	EndGlobalSection
	GlobalSection(ProjectConfigurationPlatforms) = postSolution
		{D4249EA9-0D8C-4F9E-B92B-96F7D3B43370}.Debug|Any CPU.ActiveCfg = Debug|Any CPU
		{D4249EA9-0D8C-4F9E-B92B-96F7D3B43370}.Debug|Any CPU.Build.0 = Debug|Any CPU
		{D4249EA9-0D8C-4F9E-B92B-96F7D3B43370}.Release|Any CPU.ActiveCfg = Release|Any CPU
		{D4249EA9-0D8C-4F9E-B92B-96F7D3B43370}.Release|Any CPU.Build.0 = Release|Any CPU
	EndGlobalSection
	GlobalSection(SolutionProperties) = preSolution
		HideSolutionNode = FALSE
	EndGlobalSection
EndGlobal
