
Microsoft Visual Studio Solution File, Format Version 11.00
# Visual Studio 2010
Project("{FAE04EC0-301F-11D3-BF4B-00C04F79EFBC}") = "Example", "Example.csproj", "{8A06C785-2C1D-4A4E-A111-2DA4FD635D73}"
EndProject
Global
	GlobalSection(SolutionConfigurationPlatforms) = preSolution
		Debug|Any CPU = Debug|Any CPU
		Release|Any CPU = Release|Any CPU
	EndGlobalSection
	GlobalSection(ProjectConfigurationPlatforms) = postSolution
		{8A06C785-2C1D-4A4E-A111-2DA4FD635D73}.Debug|Any CPU.ActiveCfg = Debug|Any CPU
		{8A06C785-2C1D-4A4E-A111-2DA4FD635D73}.Debug|Any CPU.Build.0 = Debug|Any CPU
		{8A06C785-2C1D-4A4E-A111-2DA4FD635D73}.Release|Any CPU.ActiveCfg = Release|Any CPU
		{8A06C785-2C1D-4A4E-A111-2DA4FD635D73}.Release|Any CPU.Build.0 = Release|Any CPU
	EndGlobalSection
	GlobalSection(SolutionProperties) = preSolution
		HideSolutionNode = FALSE
	EndGlobalSection
EndGlobal
