
Microsoft Visual Studio Solution File, Format Version 10.00
# Visual Studio 2008
Project("{FAE04EC0-301F-11D3-BF4B-00C04F79EFBC}") = "Tools", "Tools\Tools.csproj", "{F3259C18-92B3-4C24-ABFD-1B57BAFFDA95}"
EndProject
Project("{FAE04EC0-301F-11D3-BF4B-00C04F79EFBC}") = "MsCorlib.Contracts", "MsCorlib\MsCorlib.Contracts.csproj", "{D45E4F81-3252-4000-9818-F8D018895B5B}"
EndProject
Project("{FAE04EC0-301F-11D3-BF4B-00C04F79EFBC}") = "System.Contracts", "System\System.Contracts.csproj", "{2C10FDB2-966D-4A14-B18D-385FDFA1746A}"
EndProject
Project("{FAE04EC0-301F-11D3-BF4B-00C04F79EFBC}") = "SpecSharpContracts", "SpecSharpContracts\SpecSharpContracts.csproj", "{3D9ABC36-8428-43AA-9296-C917119B890B}"
EndProject
Project("{FAE04EC0-301F-11D3-BF4B-00C04F79EFBC}") = "Microsoft.Contracts9", "..\..\Foxtrot\Contracts\Microsoft.Contracts9.csproj", "{29E1DFE9-D0A9-4AAB-B876-10BBF747C293}"
EndProject
Project("{FAE04EC0-301F-11D3-BF4B-00C04F79EFBC}") = "FleshOutFromMetadata", "FleshOutFromMetadata\FleshOutFromMetadata.csproj", "{B34A266E-C299-45E6-99A7-A885096A29B6}"
EndProject
Global
	GlobalSection(SourceCodeControl) = preSolution
		SccNumberOfProjects = 1
		SccProjectUniqueName0 = ..\\..\\Foxtrot\\Contracts\\Microsoft.Contracts9.csproj
		SccProjectName0 = //depot/xsharp/cci/Foxtrot/Contracts
		SccLocalPath0 = ..\\..\\Foxtrot\\Contracts
		SccProvider0 = MSSCCI:Source\u0020Depot
	EndGlobalSection
	GlobalSection(SolutionConfigurationPlatforms) = preSolution
		Debug|Any CPU = Debug|Any CPU
		FullDebug|Any CPU = FullDebug|Any CPU
		Release|Any CPU = Release|Any CPU
	EndGlobalSection
	GlobalSection(ProjectConfigurationPlatforms) = postSolution
		{F3259C18-92B3-4C24-ABFD-1B57BAFFDA95}.Debug|Any CPU.ActiveCfg = Debug|Any CPU
		{F3259C18-92B3-4C24-ABFD-1B57BAFFDA95}.Debug|Any CPU.Build.0 = Debug|Any CPU
		{F3259C18-92B3-4C24-ABFD-1B57BAFFDA95}.FullDebug|Any CPU.ActiveCfg = Debug|Any CPU
		{F3259C18-92B3-4C24-ABFD-1B57BAFFDA95}.FullDebug|Any CPU.Build.0 = Debug|Any CPU
		{F3259C18-92B3-4C24-ABFD-1B57BAFFDA95}.Release|Any CPU.ActiveCfg = Release|Any CPU
		{F3259C18-92B3-4C24-ABFD-1B57BAFFDA95}.Release|Any CPU.Build.0 = Release|Any CPU
		{D45E4F81-3252-4000-9818-F8D018895B5B}.Debug|Any CPU.ActiveCfg = Debug|Any CPU
		{D45E4F81-3252-4000-9818-F8D018895B5B}.Debug|Any CPU.Build.0 = Debug|Any CPU
		{D45E4F81-3252-4000-9818-F8D018895B5B}.FullDebug|Any CPU.ActiveCfg = Debug|Any CPU
		{D45E4F81-3252-4000-9818-F8D018895B5B}.FullDebug|Any CPU.Build.0 = Debug|Any CPU
		{D45E4F81-3252-4000-9818-F8D018895B5B}.Release|Any CPU.ActiveCfg = Release|Any CPU
		{D45E4F81-3252-4000-9818-F8D018895B5B}.Release|Any CPU.Build.0 = Release|Any CPU
		{2C10FDB2-966D-4A14-B18D-385FDFA1746A}.Debug|Any CPU.ActiveCfg = Debug|Any CPU
		{2C10FDB2-966D-4A14-B18D-385FDFA1746A}.FullDebug|Any CPU.ActiveCfg = Debug|Any CPU
		{2C10FDB2-966D-4A14-B18D-385FDFA1746A}.FullDebug|Any CPU.Build.0 = Debug|Any CPU
		{2C10FDB2-966D-4A14-B18D-385FDFA1746A}.Release|Any CPU.ActiveCfg = Release|Any CPU
		{2C10FDB2-966D-4A14-B18D-385FDFA1746A}.Release|Any CPU.Build.0 = Release|Any CPU
		{3D9ABC36-8428-43AA-9296-C917119B890B}.Debug|Any CPU.ActiveCfg = Debug|Any CPU
		{3D9ABC36-8428-43AA-9296-C917119B890B}.FullDebug|Any CPU.ActiveCfg = Debug|Any CPU
		{3D9ABC36-8428-43AA-9296-C917119B890B}.FullDebug|Any CPU.Build.0 = Debug|Any CPU
		{3D9ABC36-8428-43AA-9296-C917119B890B}.Release|Any CPU.ActiveCfg = Release|Any CPU
		{3D9ABC36-8428-43AA-9296-C917119B890B}.Release|Any CPU.Build.0 = Release|Any CPU
		{29E1DFE9-D0A9-4AAB-B876-10BBF747C293}.Debug|Any CPU.ActiveCfg = Debug|Any CPU
		{29E1DFE9-D0A9-4AAB-B876-10BBF747C293}.Debug|Any CPU.Build.0 = Debug|Any CPU
		{29E1DFE9-D0A9-4AAB-B876-10BBF747C293}.FullDebug|Any CPU.ActiveCfg = FullDebug|Any CPU
		{29E1DFE9-D0A9-4AAB-B876-10BBF747C293}.FullDebug|Any CPU.Build.0 = FullDebug|Any CPU
		{29E1DFE9-D0A9-4AAB-B876-10BBF747C293}.Release|Any CPU.ActiveCfg = Release|Any CPU
		{29E1DFE9-D0A9-4AAB-B876-10BBF747C293}.Release|Any CPU.Build.0 = Release|Any CPU
		{B34A266E-C299-45E6-99A7-A885096A29B6}.Debug|Any CPU.ActiveCfg = Debug|Any CPU
		{B34A266E-C299-45E6-99A7-A885096A29B6}.Debug|Any CPU.Build.0 = Debug|Any CPU
		{B34A266E-C299-45E6-99A7-A885096A29B6}.FullDebug|Any CPU.ActiveCfg = Debug|Any CPU
		{B34A266E-C299-45E6-99A7-A885096A29B6}.FullDebug|Any CPU.Build.0 = Debug|Any CPU
		{B34A266E-C299-45E6-99A7-A885096A29B6}.Release|Any CPU.ActiveCfg = Release|Any CPU
		{B34A266E-C299-45E6-99A7-A885096A29B6}.Release|Any CPU.Build.0 = Release|Any CPU
	EndGlobalSection
	GlobalSection(SolutionProperties) = preSolution
		HideSolutionNode = FALSE
	EndGlobalSection
EndGlobal
