
Microsoft Visual Studio Solution File, Format Version 11.00
# Visual Studio 2010
Project("{FAE04EC0-301F-11D3-BF4B-00C04F79EFBC}") = "MetadataContracts", "MetadataContracts.csproj", "{9A081773-8436-4CB5-8371-90056197975A}"
EndProject
Project("{FAE04EC0-301F-11D3-BF4B-00C04F79EFBC}") = "Adornments", "..\VSAdornments\Adornments.csproj", "{784AA6A9-013E-4D8E-82D6-934571CF1357}"
EndProject
Global
	GlobalSection(SolutionConfigurationPlatforms) = preSolution
		Debug|Any CPU = Debug|Any CPU
		Release|Any CPU = Release|Any CPU
	EndGlobalSection
	GlobalSection(ProjectConfigurationPlatforms) = postSolution
		{9A081773-8436-4CB5-8371-90056197975A}.Debug|Any CPU.ActiveCfg = Debug|Any CPU
		{9A081773-8436-4CB5-8371-90056197975A}.Debug|Any CPU.Build.0 = Debug|Any CPU
		{9A081773-8436-4CB5-8371-90056197975A}.Release|Any CPU.ActiveCfg = Release|Any CPU
		{9A081773-8436-4CB5-8371-90056197975A}.Release|Any CPU.Build.0 = Release|Any CPU
		{784AA6A9-013E-4D8E-82D6-934571CF1357}.Debug|Any CPU.ActiveCfg = Debug|Any CPU
		{784AA6A9-013E-4D8E-82D6-934571CF1357}.Debug|Any CPU.Build.0 = Debug|Any CPU
		{784AA6A9-013E-4D8E-82D6-934571CF1357}.Release|Any CPU.ActiveCfg = Release|Any CPU
		{784AA6A9-013E-4D8E-82D6-934571CF1357}.Release|Any CPU.Build.0 = Release|Any CPU
	EndGlobalSection
	GlobalSection(SolutionProperties) = preSolution
		HideSolutionNode = FALSE
	EndGlobalSection
EndGlobal
