
Microsoft Visual Studio Solution File, Format Version 11.00
# Visual Studio 2010
Project("{FAE04EC0-301F-11D3-BF4B-00C04F79EFBC}") = "NonNullStack", "Stack\NonNullStack.csproj", "{EFA7EE69-DD85-4D66-8754-36B5B0930FEA}"
EndProject
Project("{F184B08F-C81C-45F6-A57F-5ABD9991F28F}") = "PrintStack", "ClassLibrary1\PrintStack.vbproj", "{FA0B531F-614F-4A8E-BD3F-46CB3A372F04}"
EndProject
Global
	GlobalSection(SolutionConfigurationPlatforms) = preSolution
		Debug|Any CPU = Debug|Any CPU
		Debug|Mixed Platforms = Debug|Mixed Platforms
		Debug|x86 = Debug|x86
		Release|Any CPU = Release|Any CPU
		Release|Mixed Platforms = Release|Mixed Platforms
		Release|x86 = Release|x86
	EndGlobalSection
	GlobalSection(ProjectConfigurationPlatforms) = postSolution
		{EFA7EE69-DD85-4D66-8754-36B5B0930FEA}.Debug|Any CPU.ActiveCfg = Debug|Any CPU
		{EFA7EE69-DD85-4D66-8754-36B5B0930FEA}.Debug|Any CPU.Build.0 = Debug|Any CPU
		{EFA7EE69-DD85-4D66-8754-36B5B0930FEA}.Debug|Mixed Platforms.ActiveCfg = Debug|Any CPU
		{EFA7EE69-DD85-4D66-8754-36B5B0930FEA}.Debug|Mixed Platforms.Build.0 = Debug|Any CPU
		{EFA7EE69-DD85-4D66-8754-36B5B0930FEA}.Debug|x86.ActiveCfg = Debug|Any CPU
		{EFA7EE69-DD85-4D66-8754-36B5B0930FEA}.Release|Any CPU.ActiveCfg = Release|Any CPU
		{EFA7EE69-DD85-4D66-8754-36B5B0930FEA}.Release|Any CPU.Build.0 = Release|Any CPU
		{EFA7EE69-DD85-4D66-8754-36B5B0930FEA}.Release|Mixed Platforms.ActiveCfg = Release|Any CPU
		{EFA7EE69-DD85-4D66-8754-36B5B0930FEA}.Release|Mixed Platforms.Build.0 = Release|Any CPU
		{EFA7EE69-DD85-4D66-8754-36B5B0930FEA}.Release|x86.ActiveCfg = Release|Any CPU
		{FA0B531F-614F-4A8E-BD3F-46CB3A372F04}.Debug|Any CPU.ActiveCfg = Debug|Any CPU
		{FA0B531F-614F-4A8E-BD3F-46CB3A372F04}.Debug|Any CPU.Build.0 = Debug|Any CPU
		{FA0B531F-614F-4A8E-BD3F-46CB3A372F04}.Debug|Mixed Platforms.ActiveCfg = Debug|Any CPU
		{FA0B531F-614F-4A8E-BD3F-46CB3A372F04}.Debug|Mixed Platforms.Build.0 = Debug|Any CPU
		{FA0B531F-614F-4A8E-BD3F-46CB3A372F04}.Debug|x86.ActiveCfg = Debug|Any CPU
		{FA0B531F-614F-4A8E-BD3F-46CB3A372F04}.Release|Any CPU.ActiveCfg = Release|Any CPU
		{FA0B531F-614F-4A8E-BD3F-46CB3A372F04}.Release|Any CPU.Build.0 = Release|Any CPU
		{FA0B531F-614F-4A8E-BD3F-46CB3A372F04}.Release|Mixed Platforms.ActiveCfg = Release|Any CPU
		{FA0B531F-614F-4A8E-BD3F-46CB3A372F04}.Release|Mixed Platforms.Build.0 = Release|Any CPU
		{FA0B531F-614F-4A8E-BD3F-46CB3A372F04}.Release|x86.ActiveCfg = Release|Any CPU
	EndGlobalSection
	GlobalSection(SolutionProperties) = preSolution
		HideSolutionNode = FALSE
	EndGlobalSection
EndGlobal
